Microsoft Visual Studio Solution File, Format Version 12.00
# Visual Studio Version 17
VisualStudioVersion = 17.3.32825.248
MinimumVisualStudioVersion = 10.0.40219.1
Project("{2150E333-8FDC-42A3-9474-1A3956D46DE8}") = "Project", "Project", "{BF60BC93-E09B-4E5F-9D85-95A519479D54}"
EndProject
Project("{2150E333-8FDC-42A3-9474-1A3956D46DE8}") = "git", "git", "{078A9C52-DDC1-46F4-9235-9E6C89C87AFD}"
	ProjectSection(SolutionItems) = preProject
		.gitattributes = .gitattributes
		.gitignore = .gitignore
	EndProjectSection
EndProject
Project("{2150E333-8FDC-42A3-9474-1A3956D46DE8}") = "Docs", "Docs", "{3A857CD2-8DF3-4BF3-B7C8-1266B43BA603}"
	ProjectSection(SolutionItems) = preProject
		src\Doc\Hierachies.pptx = src\Doc\Hierachies.pptx
		README.md = README.md
		RELEASE_NOTES.md = RELEASE_NOTES.md
		src\Doc\TagName.txt = src\Doc\TagName.txt
		src\Doc\ToDo.txt = src\Doc\ToDo.txt
	EndProjectSection
EndProject
Project("{2150E333-8FDC-42A3-9474-1A3956D46DE8}") = "UnitTest", "UnitTest", "{BCF8AC63-491C-4D8E-81EC-88032ED4CF05}"
EndProject
Project("{6EC3EE1D-3C4E-46DD-8F32-0CC8E7565705}") = "Engine.Core", "src\Engine\Engine.Core\Engine.Core.fsproj", "{40D8F531-BF68-4FAB-A5DC-57277C3DE2C8}"
EndProject
Project("{9A19103F-16F7-4668-BE54-9A1E7A4F7556}") = "Engine.Parser", "src\Engine\Engine.Parser\Engine.Parser.csproj", "{D405C9DC-6818-40A6-9397-CD1574F60044}"
EndProject
Project("{9A19103F-16F7-4668-BE54-9A1E7A4F7556}") = "Engine.Sample", "src\Engine\Engine.Test\Engine.Sample.csproj", "{85E7EDC6-4744-49F1-9A8B-974E0AC537C4}"
EndProject
Project("{6EC3EE1D-3C4E-46DD-8F32-0CC8E7565705}") = "UnitTest.Engine", "src\UnitTest\UnitTest.Engine\UnitTest.Engine.fsproj", "{23ADF96D-182D-49A8-B3E2-1FD211BF9745}"
EndProject
Project("{6EC3EE1D-3C4E-46DD-8F32-0CC8E7565705}") = "Engine.Parser.FS", "src\Engine\Engine.Parser.FS\Engine.Parser.FS.fsproj", "{600345EE-37DE-405A-8EF0-EB0F92310F6A}"
EndProject
Project("{6EC3EE1D-3C4E-46DD-8F32-0CC8E7565705}") = "Engine.Cpu", "src\Engine\Engine.Cpu\Engine.Cpu.fsproj", "{8CF6C4F7-5A55-43BD-AAD6-788E75FCA0B8}"
EndProject
Project("{6EC3EE1D-3C4E-46DD-8F32-0CC8E7565705}") = "Engine.CodeGenCPU", "src\Engine\Engine.CodeGenCPU\Engine.CodeGenCPU.fsproj", "{CDB56C55-5A93-4CDE-A8D4-E2E5454DAB86}"
EndProject
Project("{6EC3EE1D-3C4E-46DD-8F32-0CC8E7565705}") = "Engine.CodeGenHMI", "src\Engine\Engine.CodeGenHMI\Engine.CodeGenHMI.fsproj", "{C4A7F50F-D23E-4239-B1C4-1C68C0BBBADA}"
EndProject
Project("{2150E333-8FDC-42A3-9474-1A3956D46DE8}") = "PLC", "PLC", "{77586D4A-C976-4543-803E-1D4AB0E684DB}"
EndProject
Project("{6EC3EE1D-3C4E-46DD-8F32-0CC8E7565705}") = "PLC.CodeGen.LS", "src\PLC\PLC.CodeGen.LS\PLC.CodeGen.LS.fsproj", "{EB20DA07-E41E-4B98-A482-515B57FDC2ED}"
EndProject
Project("{6EC3EE1D-3C4E-46DD-8F32-0CC8E7565705}") = "PLC.CodeGen.Common", "src\PLC\PLC.CodeGen.Common\PLC.CodeGen.Common.fsproj", "{8731EC01-57F7-4D93-B6C2-077B7C046E40}"
EndProject
Project("{6EC3EE1D-3C4E-46DD-8F32-0CC8E7565705}") = "UnitTest.Common", "src\UnitTest\UnitTest.Common\UnitTest.Common.fsproj", "{4EE98793-1437-4327-BF3D-ECCE93DD7FB6}"
EndProject
Project("{6EC3EE1D-3C4E-46DD-8F32-0CC8E7565705}") = "UnitTest.Expression", "src\UnitTest\UnitTest.Expression\UnitTest.Expression.fsproj", "{AF8CEE2A-5EBB-4B0F-931C-68E2D4B38DF9}"
EndProject
Project("{6EC3EE1D-3C4E-46DD-8F32-0CC8E7565705}") = "UnitTest.PLC.Xgx", "src\UnitTest\UnitTest.PLC.Xgx\UnitTest.PLC.Xgx.fsproj", "{E2B0F4A5-3270-457E-9BDE-C0131370CF77}"
EndProject
Project("{2150E333-8FDC-42A3-9474-1A3956D46DE8}") = "Documents", "Documents", "{56DE9AF3-F21C-4709-8328-7CE174EBA969}"
	ProjectSection(SolutionItems) = preProject
		Readme.txt = Readme.txt
	EndProjectSection
EndProject
Project("{6EC3EE1D-3C4E-46DD-8F32-0CC8E7565705}") = "Engine.Import.Office", "src\Engine\Engine.Import.Office\Engine.Import.Office.fsproj", "{F51C980F-5A93-437F-8D94-C7E20C6C900D}"
EndProject
Project("{2150E333-8FDC-42A3-9474-1A3956D46DE8}") = "Diagram", "Diagram", "{B1EBDDCB-4F33-49E3-A890-CD5497B1BE7E}"
EndProject
Project("{2150E333-8FDC-42A3-9474-1A3956D46DE8}") = "OfficeAddIn", "OfficeAddIn", "{08D4417E-7482-4FDB-88F0-73A36732375C}"
EndProject
Project("{2150E333-8FDC-42A3-9474-1A3956D46DE8}") = "App", "App", "{A0DABA06-FC1F-4129-B89E-1EAA3E01A6A9}"
EndProject
Project("{6EC3EE1D-3C4E-46DD-8F32-0CC8E7565705}") = "Engine.CodeGenPLC", "src\Engine\Engine.CodeGenPLC\Engine.CodeGenPLC.fsproj", "{F0DF21CF-601E-4BFE-A310-3D8ED1AC326A}"
EndProject
Project("{9A19103F-16F7-4668-BE54-9A1E7A4F7556}") = "Diagram.View.MSAGL", "src\Diagram\Diagram.View.MSAGL.csproj", "{A730A9E1-38FC-4199-A698-1F35CB693858}"
EndProject
Project("{2150E333-8FDC-42A3-9474-1A3956D46DE8}") = "IOHub", "IOHub", "{47F783C7-DCB1-4773-872D-38E041A182D9}"
EndProject
Project("{6EC3EE1D-3C4E-46DD-8F32-0CC8E7565705}") = "IO.Core", "src\IOHub\IO.Core\IO.Core.fsproj", "{D704ABA3-0599-4C83-8835-5056D273C9F7}"
EndProject
Project("{9A19103F-16F7-4668-BE54-9A1E7A4F7556}") = "IO.Spec", "src\IOHub\IO.Spec\IO.Spec.csproj", "{41771F9C-EC51-4807-863C-F701775D0C9F}"
EndProject
Project("{6EC3EE1D-3C4E-46DD-8F32-0CC8E7565705}") = "Engine.Custom", "src\Engine\Engine.Custom\Engine.Custom.fsproj", "{514AE1E0-512F-49A7-83DA-3E047FF21890}"
EndProject
Project("{9A19103F-16F7-4668-BE54-9A1E7A4F7556}") = "Engine.Custom.Sample", "src\UnitTest\Engine.Custom.Sample\Engine.Custom.Sample.csproj", "{A34C6E20-8C66-4565-9C58-66C69BC08679}"
EndProject
Project("{6EC3EE1D-3C4E-46DD-8F32-0CC8E7565705}") = "Engine.Runtime", "src\Engine\Engine.Runtime\Engine.Runtime.fsproj", "{A11A128D-2368-4935-974E-68C999D61BCB}"
	ProjectSection(ProjectDependencies) = postProject
		{40D8F531-BF68-4FAB-A5DC-57277C3DE2C8} = {40D8F531-BF68-4FAB-A5DC-57277C3DE2C8}
		{CDB56C55-5A93-4CDE-A8D4-E2E5454DAB86} = {CDB56C55-5A93-4CDE-A8D4-E2E5454DAB86}
		{D74C1913-0B2C-4910-AA4A-A4C316CE5C42} = {D74C1913-0B2C-4910-AA4A-A4C316CE5C42}
		{F51C980F-5A93-437F-8D94-C7E20C6C900D} = {F51C980F-5A93-437F-8D94-C7E20C6C900D}
	EndProjectSection
EndProject
Project("{6EC3EE1D-3C4E-46DD-8F32-0CC8E7565705}") = "Engine.Info", "src\Engine\Engine.Info\Engine.Info.fsproj", "{D74C1913-0B2C-4910-AA4A-A4C316CE5C42}"
EndProject
Project("{6EC3EE1D-3C4E-46DD-8F32-0CC8E7565705}") = "UnitTest.PowerPointAddIn", "src\UnitTest\UnitTest.PowerPointAddIn\UnitTest.PowerPointAddIn.fsproj", "{089CE4EE-6E45-4151-9244-3897B6477889}"
EndProject
Project("{54435603-DBB4-11D2-8724-00A0C9A8B90C}") = "PowerPointAddIn For Dualsoft Setup", "Apps\OfficeAddIn\PowerPointAddIn For Dualsoft Setup\PowerPointAddInSetup.vdproj", "{2FD15DA8-B6DD-4E01-BA0A-568F08F1945F}"
EndProject
Project("{FAE04EC0-301F-11D3-BF4B-00C04F79EFBC}") = "PowerPointAddInForDualsoft", "Apps\OfficeAddIn\PowerPointAddInForDualsoft\PowerPointAddInForDualsoft.csproj", "{F64CA27D-5085-4C78-B580-9FA32A32CC31}"
EndProject
Project("{9A19103F-16F7-4668-BE54-9A1E7A4F7556}") = "PowerPointAddInHelper", "Apps\OfficeAddIn\PowerPointAddInHelper\PowerPointAddInHelper.csproj", "{E27B02A8-57F3-4C23-A59F-E1F838C1F821}"
EndProject
Project("{6EC3EE1D-3C4E-46DD-8F32-0CC8E7565705}") = "PowerPointAddInShared", "Apps\OfficeAddIn\PowerPointAddInShared\PowerPointAddInShared.fsproj", "{CBDC87D3-C9CB-4C63-997C-EB8D91AB0BB0}"
EndProject
Project("{FAE04EC0-301F-11D3-BF4B-00C04F79EFBC}") = "PowerPointAddInSetupUtil", "Apps\OfficeAddIn\PowerPointAddIn For Dualsoft Setup\PowerPointAddInSetupUtil\PowerPointAddInSetupUtil.csproj", "{AB1B66BC-924C-4DAC-B903-35CA798D51D7}"
EndProject
Project("{6EC3EE1D-3C4E-46DD-8F32-0CC8E7565705}") = "UnitTest.HMI", "src\UnitTest\UnitTest.HMI\UnitTest.HMI.fsproj", "{8BC62A5E-49F6-4136-A06A-E032A8238B2E}"
EndProject
Project("{6EC3EE1D-3C4E-46DD-8F32-0CC8E7565705}") = "UnitTest.Core", "src\UnitTest\UnitTest.Core\UnitTest.Core.fsproj", "{BD7E7A86-E70C-4D80-A721-D0873A418F4F}"
EndProject
Project("{6EC3EE1D-3C4E-46DD-8F32-0CC8E7565705}") = "UnitTest.Runtime", "src\UnitTest\UnitTest.Runtime\UnitTest.Runtime.fsproj", "{479DA175-4675-49A7-B13E-BF8445BAC503}"
EndProject
Project("{9A19103F-16F7-4668-BE54-9A1E7A4F7556}") = "Engine.TestSimulator", "src\UnitTest\Engine.TestSimulator\Engine.TestSimulator.csproj", "{7F025987-B3B7-4FAA-A74D-1B2991FC1155}"
EndProject
Project("{6EC3EE1D-3C4E-46DD-8F32-0CC8E7565705}") = "IO.Dualsoft", "src\IOHub\IO.Dualsoft\IO.Dualsoft.fsproj", "{3ECDC739-0481-4AB8-A877-2C915E9F4371}"
EndProject
Project("{2150E333-8FDC-42A3-9474-1A3956D46DE8}") = "RedisDS", "RedisDS", "{F9634660-09E7-4F84-B63C-FA0D735389C7}"
EndProject
Project("{9A19103F-16F7-4668-BE54-9A1E7A4F7556}") = "RedisDSPLCServer.UI", "Apps\RedisDS\RedisDSPLCServer\RedisDSPLCServer.UI.csproj", "{E42C511A-6043-43CB-94E1-7AC090A8B084}"
EndProject
Project("{2150E333-8FDC-42A3-9474-1A3956D46DE8}") = "Common", "Common", "{E6C42E55-8BA2-46A1-BAFA-A345A019C387}"
EndProject
Project("{9A19103F-16F7-4668-BE54-9A1E7A4F7556}") = "RedisDSPLCServer.TestConsole", "Apps\RedisDS\RedisDSPLCServerTestConsole\RedisDSPLCServer.TestConsole.csproj", "{77048D08-9FF3-4509-BB2A-06BAD080B1CA}"
EndProject
Project("{6EC3EE1D-3C4E-46DD-8F32-0CC8E7565705}") = "RedisDSPLCServer.Core", "Apps\RedisDS\RedisDSPLCServer.FS\RedisDSPLCServer.Core.fsproj", "{F1483CEA-C33F-4D32-9F4E-FDE206B80226}"
EndProject
Project("{6EC3EE1D-3C4E-46DD-8F32-0CC8E7565705}") = "Engine.Common", "src\Engine\Engine.Common\Engine.Common.fsproj", "{9266E3AE-CC41-40F5-B9DB-1ED293F76C41}"
EndProject
Project("{9A19103F-16F7-4668-BE54-9A1E7A4F7556}") = "Engine.Properties.UI", "src\UnitTest\Engine.Properties\Engine.Properties.UI\Engine.Properties.UI.csproj", "{464ADD47-6D77-4A5D-9F2F-C7CCACA26389}"
EndProject
Project("{2150E333-8FDC-42A3-9474-1A3956D46DE8}") = "OPC", "OPC", "{1ED69403-C97D-4879-AC2B-8923EE7130DC}"
EndProject
Project("{6EC3EE1D-3C4E-46DD-8F32-0CC8E7565705}") = "OPC.DSServer", "src\OPC\OPC.DSServer\OPC.DSServer.fsproj", "{6B04345A-627C-4374-A9F8-DF85CD563770}"
EndProject
Project("{9A19103F-16F7-4668-BE54-9A1E7A4F7556}") = "OPC.DSClient.Demo", "src\OPC\OPC.DSClient.Sample\OPC.DSClient.Demo.csproj", "{3C3B331E-DCF7-4F66-9364-111A1D1763FD}"
EndProject
Project("{FAE04EC0-301F-11D3-BF4B-00C04F79EFBC}") = "UA Client Controls", "src\OPC\UA Client Controls\UA Client Controls.csproj", "{A247D2EE-14FC-463D-A9BA-6CFF1EF22B7A}"
EndProject
Project("{6EC3EE1D-3C4E-46DD-8F32-0CC8E7565705}") = "DSPilot.OpcClient", "Apps\DSPilot\DSPilot.OpcClient\DSPilot.OpcClient.fsproj", "{BFB8EF8A-97E9-4675-B191-8BAC893432B4}"
EndProject
Project("{9A19103F-16F7-4668-BE54-9A1E7A4F7556}") = "DSPilot.Winform", "Apps\DSPilot\DSPilot.Winform\DSPilot.Winform.csproj", "{15CFA8E3-177B-4320-B896-0D281DB470D5}"
EndProject
Project("{F2A71F9B-5D33-465A-A702-920D77279786}") = "DSPilot.CCTVRecord", "Apps\DSPilot\DSPilot.CCTVRecord\DSPilot.CCTVRecord.fsproj", "{93DB6DE3-83B1-4EF0-B55C-2B2453CB9432}"
EndProject
Project("{F2A71F9B-5D33-465A-A702-920D77279786}") = "PLC.HW", "src\PLC\PLC.HW\PLC.HW.fsproj", "{2D669F74-1856-4965-B358-E1DCFC435D56}"
EndProject
Project("{2150E333-8FDC-42A3-9474-1A3956D46DE8}") = "DSPilot", "DSPilot", "{099E2D5E-C7D9-4FC5-926E-55384C1207B0}"
EndProject
Project("{54435603-DBB4-11D2-8724-00A0C9A8B90C}") = "DSPilot.Setup", "Apps\DSPilot\DSPilot.Setup\DSPilotSetup.vdproj", "{BE9666A8-C405-4C02-A68B-1A9EDD386070}"
EndProject
Project("{2150E333-8FDC-42A3-9474-1A3956D46DE8}") = "DSRuntime", "DSRuntime", "{4CFBA6B3-76ED-4337-9C8C-6E40CA16C1FF}"
EndProject
Project("{FAE04EC0-301F-11D3-BF4B-00C04F79EFBC}") = "DSRuntime.Winform", "Apps\DSRuntime\DSRuntime.Winform\DSRuntime.Winform.csproj", "{245CB253-5281-46D9-866E-11FF44868BA3}"
EndProject
Project("{F2A71F9B-5D33-465A-A702-920D77279786}") = "DSRuntime.Common", "Apps\DSRuntime\DSRuntime.Common\DSRuntime.Common.fsproj", "{27CE5CF1-B012-4EF6-9EB8-32867F40C873}"
EndProject
Project("{FAE04EC0-301F-11D3-BF4B-00C04F79EFBC}") = "Dual.Common.AppSettings", "nuget\Common\Dual.Common.AppSettings\Dual.Common.AppSettings.csproj", "{8DD4E277-DF80-498B-B0B1-31136BA5B596}"
EndProject
Project("{FAE04EC0-301F-11D3-BF4B-00C04F79EFBC}") = "Dual.Common.Base.CS", "nuget\Common\Dual.Common.Base.CS\Dual.Common.Base.CS.csproj", "{96E435A7-ED2B-4880-9FA9-E5F89D96F0B1}"
EndProject
Project("{F2A71F9B-5D33-465A-A702-920D77279786}") = "Dual.Common.Base.FS", "nuget\Common\Dual.Common.Base.FS\Dual.Common.Base.FS.fsproj", "{97B41A9A-9781-4423-8FA1-C81F2E324DFA}"
EndProject
Project("{FAE04EC0-301F-11D3-BF4B-00C04F79EFBC}") = "Dual.Common.Core", "nuget\Common\Dual.Common.Core\Dual.Common.Core.csproj", "{B6B5E47C-6DCF-440E-9863-404F7DBE5851}"
EndProject
Project("{F2A71F9B-5D33-465A-A702-920D77279786}") = "Dual.Common.Core.FS", "nuget\Common\Dual.Common.Core.FS\Dual.Common.Core.FS.fsproj", "{5CF781FC-B9EA-4A5A-A621-C34E3E1D7E70}"
EndProject
Project("{FAE04EC0-301F-11D3-BF4B-00C04F79EFBC}") = "Dual.Common.Db", "nuget\Common\Dual.Common.Db\Dual.Common.Db.csproj", "{21B4492C-ECF4-49A3-95AB-0BF74DD55FBC}"
EndProject
Project("{F2A71F9B-5D33-465A-A702-920D77279786}") = "Dual.Common.UnitTest.FS", "nuget\Common\Dual.Common.UnitTest.FS\Dual.Common.UnitTest.FS.fsproj", "{02BFC189-B705-4889-A4BF-11ADBBAC919B}"
EndProject
Project("{FAE04EC0-301F-11D3-BF4B-00C04F79EFBC}") = "Dual.Common.Utils", "nuget\Common\Dual.Common.Utils\Dual.Common.Utils.csproj", "{4701A48C-0B43-4E73-89A7-31AD46648043}"
EndProject
Project("{FAE04EC0-301F-11D3-BF4B-00C04F79EFBC}") = "Dual.Common.Winform", "nuget\Windows\Dual.Common.Winform\Dual.Common.Winform.csproj", "{AF2F6D14-986F-488B-BA58-D1A5A099625C}"
EndProject
Project("{FAE04EC0-301F-11D3-BF4B-00C04F79EFBC}") = "Dual.Common.Windows", "nuget\Windows\Dual.Common.Windows\Dual.Common.Windows.csproj", "{96769EE6-E0C5-40AD-BEE7-0BA66A597409}"
EndProject
Project("{F2A71F9B-5D33-465A-A702-920D77279786}") = "Dual.PLC.LS.FS", "nuget\PLC\Dual.PLC.LS.FS\Dual.PLC.LS.FS.fsproj", "{6A5EC044-61BF-41DD-85B6-7C0D29B08234}"
EndProject
Project("{F2A71F9B-5D33-465A-A702-920D77279786}") = "Dual.PLC.LS.XgCOM.FS", "nuget\PLC\Dual.PLC.LS.XgCOM.FS\Dual.PLC.LS.XgCOM.FS.fsproj", "{6F4C005A-20D4-49FF-9569-B479470FBBE5}"
EndProject
Project("{F2A71F9B-5D33-465A-A702-920D77279786}") = "Dual.PLC.TagParser.FS", "nuget\PLC\Dual.PLC.TagParser.FS\Dual.PLC.TagParser.FS.fsproj", "{BA3A2E8D-5002-4BCE-B61C-F8690DCE29E2}"
EndProject
Project("{FAE04EC0-301F-11D3-BF4B-00C04F79EFBC}") = "Dual.PLC.Common", "nuget\PLC\Dual.PLC.Common\Dual.PLC.Common.csproj", "{34D48BD5-94AA-46A8-ACAE-2ECE2A3CB53F}"
EndProject
Project("{FAE04EC0-301F-11D3-BF4B-00C04F79EFBC}") = "Dual.PLC.LS.XgCOM.CS.TEST", "nuget\PLC\Dual.PLC.LS.XgCOM.CS.TEST\Dual.PLC.LS.XgCOM.CS.TEST.csproj", "{6B6373A2-4964-4685-AB0A-06F9A7F51766}"
EndProject
Global
	GlobalSection(SolutionConfigurationPlatforms) = preSolution
		Debug|Any CPU = Debug|Any CPU
		Debug|x86 = Debug|x86
		Release|Any CPU = Release|Any CPU
		Release|x86 = Release|x86
	EndGlobalSection
	GlobalSection(ProjectConfigurationPlatforms) = postSolution
		{40D8F531-BF68-4FAB-A5DC-57277C3DE2C8}.Debug|Any CPU.ActiveCfg = Debug|Any CPU
		{40D8F531-BF68-4FAB-A5DC-57277C3DE2C8}.Debug|Any CPU.Build.0 = Debug|Any CPU
		{40D8F531-BF68-4FAB-A5DC-57277C3DE2C8}.Debug|x86.ActiveCfg = Debug|Any CPU
		{40D8F531-BF68-4FAB-A5DC-57277C3DE2C8}.Debug|x86.Build.0 = Debug|Any CPU
		{40D8F531-BF68-4FAB-A5DC-57277C3DE2C8}.Release|Any CPU.ActiveCfg = Release|Any CPU
		{40D8F531-BF68-4FAB-A5DC-57277C3DE2C8}.Release|Any CPU.Build.0 = Release|Any CPU
		{40D8F531-BF68-4FAB-A5DC-57277C3DE2C8}.Release|x86.ActiveCfg = Release|Any CPU
		{40D8F531-BF68-4FAB-A5DC-57277C3DE2C8}.Release|x86.Build.0 = Release|Any CPU
		{D405C9DC-6818-40A6-9397-CD1574F60044}.Debug|Any CPU.ActiveCfg = Debug|Any CPU
		{D405C9DC-6818-40A6-9397-CD1574F60044}.Debug|Any CPU.Build.0 = Debug|Any CPU
		{D405C9DC-6818-40A6-9397-CD1574F60044}.Debug|x86.ActiveCfg = Debug|Any CPU
		{D405C9DC-6818-40A6-9397-CD1574F60044}.Debug|x86.Build.0 = Debug|Any CPU
		{D405C9DC-6818-40A6-9397-CD1574F60044}.Release|Any CPU.ActiveCfg = Release|Any CPU
		{D405C9DC-6818-40A6-9397-CD1574F60044}.Release|Any CPU.Build.0 = Release|Any CPU
		{D405C9DC-6818-40A6-9397-CD1574F60044}.Release|x86.ActiveCfg = Release|Any CPU
		{D405C9DC-6818-40A6-9397-CD1574F60044}.Release|x86.Build.0 = Release|Any CPU
		{85E7EDC6-4744-49F1-9A8B-974E0AC537C4}.Debug|Any CPU.ActiveCfg = Debug|Any CPU
		{85E7EDC6-4744-49F1-9A8B-974E0AC537C4}.Debug|Any CPU.Build.0 = Debug|Any CPU
		{85E7EDC6-4744-49F1-9A8B-974E0AC537C4}.Debug|x86.ActiveCfg = Debug|Any CPU
		{85E7EDC6-4744-49F1-9A8B-974E0AC537C4}.Debug|x86.Build.0 = Debug|Any CPU
		{85E7EDC6-4744-49F1-9A8B-974E0AC537C4}.Release|Any CPU.ActiveCfg = Release|Any CPU
		{85E7EDC6-4744-49F1-9A8B-974E0AC537C4}.Release|Any CPU.Build.0 = Release|Any CPU
		{85E7EDC6-4744-49F1-9A8B-974E0AC537C4}.Release|x86.ActiveCfg = Release|Any CPU
		{85E7EDC6-4744-49F1-9A8B-974E0AC537C4}.Release|x86.Build.0 = Release|Any CPU
		{23ADF96D-182D-49A8-B3E2-1FD211BF9745}.Debug|Any CPU.ActiveCfg = Debug|Any CPU
		{23ADF96D-182D-49A8-B3E2-1FD211BF9745}.Debug|Any CPU.Build.0 = Debug|Any CPU
		{23ADF96D-182D-49A8-B3E2-1FD211BF9745}.Debug|x86.ActiveCfg = Debug|Any CPU
		{23ADF96D-182D-49A8-B3E2-1FD211BF9745}.Debug|x86.Build.0 = Debug|Any CPU
		{23ADF96D-182D-49A8-B3E2-1FD211BF9745}.Release|Any CPU.ActiveCfg = Release|Any CPU
		{23ADF96D-182D-49A8-B3E2-1FD211BF9745}.Release|Any CPU.Build.0 = Release|Any CPU
		{23ADF96D-182D-49A8-B3E2-1FD211BF9745}.Release|x86.ActiveCfg = Release|Any CPU
		{23ADF96D-182D-49A8-B3E2-1FD211BF9745}.Release|x86.Build.0 = Release|Any CPU
		{600345EE-37DE-405A-8EF0-EB0F92310F6A}.Debug|Any CPU.ActiveCfg = Debug|Any CPU
		{600345EE-37DE-405A-8EF0-EB0F92310F6A}.Debug|Any CPU.Build.0 = Debug|Any CPU
		{600345EE-37DE-405A-8EF0-EB0F92310F6A}.Debug|x86.ActiveCfg = Debug|Any CPU
		{600345EE-37DE-405A-8EF0-EB0F92310F6A}.Debug|x86.Build.0 = Debug|Any CPU
		{600345EE-37DE-405A-8EF0-EB0F92310F6A}.Release|Any CPU.ActiveCfg = Release|Any CPU
		{600345EE-37DE-405A-8EF0-EB0F92310F6A}.Release|Any CPU.Build.0 = Release|Any CPU
		{600345EE-37DE-405A-8EF0-EB0F92310F6A}.Release|x86.ActiveCfg = Release|Any CPU
		{600345EE-37DE-405A-8EF0-EB0F92310F6A}.Release|x86.Build.0 = Release|Any CPU
		{8CF6C4F7-5A55-43BD-AAD6-788E75FCA0B8}.Debug|Any CPU.ActiveCfg = Debug|Any CPU
		{8CF6C4F7-5A55-43BD-AAD6-788E75FCA0B8}.Debug|Any CPU.Build.0 = Debug|Any CPU
		{8CF6C4F7-5A55-43BD-AAD6-788E75FCA0B8}.Debug|x86.ActiveCfg = Debug|Any CPU
		{8CF6C4F7-5A55-43BD-AAD6-788E75FCA0B8}.Debug|x86.Build.0 = Debug|Any CPU
		{8CF6C4F7-5A55-43BD-AAD6-788E75FCA0B8}.Release|Any CPU.ActiveCfg = Release|Any CPU
		{8CF6C4F7-5A55-43BD-AAD6-788E75FCA0B8}.Release|Any CPU.Build.0 = Release|Any CPU
		{8CF6C4F7-5A55-43BD-AAD6-788E75FCA0B8}.Release|x86.ActiveCfg = Release|Any CPU
		{8CF6C4F7-5A55-43BD-AAD6-788E75FCA0B8}.Release|x86.Build.0 = Release|Any CPU
		{CDB56C55-5A93-4CDE-A8D4-E2E5454DAB86}.Debug|Any CPU.ActiveCfg = Debug|Any CPU
		{CDB56C55-5A93-4CDE-A8D4-E2E5454DAB86}.Debug|Any CPU.Build.0 = Debug|Any CPU
		{CDB56C55-5A93-4CDE-A8D4-E2E5454DAB86}.Debug|x86.ActiveCfg = Debug|Any CPU
		{CDB56C55-5A93-4CDE-A8D4-E2E5454DAB86}.Debug|x86.Build.0 = Debug|Any CPU
		{CDB56C55-5A93-4CDE-A8D4-E2E5454DAB86}.Release|Any CPU.ActiveCfg = Release|Any CPU
		{CDB56C55-5A93-4CDE-A8D4-E2E5454DAB86}.Release|Any CPU.Build.0 = Release|Any CPU
		{CDB56C55-5A93-4CDE-A8D4-E2E5454DAB86}.Release|x86.ActiveCfg = Release|Any CPU
		{CDB56C55-5A93-4CDE-A8D4-E2E5454DAB86}.Release|x86.Build.0 = Release|Any CPU
		{C4A7F50F-D23E-4239-B1C4-1C68C0BBBADA}.Debug|Any CPU.ActiveCfg = Debug|Any CPU
		{C4A7F50F-D23E-4239-B1C4-1C68C0BBBADA}.Debug|Any CPU.Build.0 = Debug|Any CPU
		{C4A7F50F-D23E-4239-B1C4-1C68C0BBBADA}.Debug|x86.ActiveCfg = Debug|Any CPU
		{C4A7F50F-D23E-4239-B1C4-1C68C0BBBADA}.Debug|x86.Build.0 = Debug|Any CPU
		{C4A7F50F-D23E-4239-B1C4-1C68C0BBBADA}.Release|Any CPU.ActiveCfg = Release|Any CPU
		{C4A7F50F-D23E-4239-B1C4-1C68C0BBBADA}.Release|Any CPU.Build.0 = Release|Any CPU
		{C4A7F50F-D23E-4239-B1C4-1C68C0BBBADA}.Release|x86.ActiveCfg = Release|Any CPU
		{C4A7F50F-D23E-4239-B1C4-1C68C0BBBADA}.Release|x86.Build.0 = Release|Any CPU
		{EB20DA07-E41E-4B98-A482-515B57FDC2ED}.Debug|Any CPU.ActiveCfg = Debug|Any CPU
		{EB20DA07-E41E-4B98-A482-515B57FDC2ED}.Debug|Any CPU.Build.0 = Debug|Any CPU
		{EB20DA07-E41E-4B98-A482-515B57FDC2ED}.Debug|x86.ActiveCfg = Debug|Any CPU
		{EB20DA07-E41E-4B98-A482-515B57FDC2ED}.Debug|x86.Build.0 = Debug|Any CPU
		{EB20DA07-E41E-4B98-A482-515B57FDC2ED}.Release|Any CPU.ActiveCfg = Release|Any CPU
		{EB20DA07-E41E-4B98-A482-515B57FDC2ED}.Release|Any CPU.Build.0 = Release|Any CPU
		{EB20DA07-E41E-4B98-A482-515B57FDC2ED}.Release|x86.ActiveCfg = Release|Any CPU
		{EB20DA07-E41E-4B98-A482-515B57FDC2ED}.Release|x86.Build.0 = Release|Any CPU
		{8731EC01-57F7-4D93-B6C2-077B7C046E40}.Debug|Any CPU.ActiveCfg = Debug|Any CPU
		{8731EC01-57F7-4D93-B6C2-077B7C046E40}.Debug|Any CPU.Build.0 = Debug|Any CPU
		{8731EC01-57F7-4D93-B6C2-077B7C046E40}.Debug|x86.ActiveCfg = Debug|Any CPU
		{8731EC01-57F7-4D93-B6C2-077B7C046E40}.Debug|x86.Build.0 = Debug|Any CPU
		{8731EC01-57F7-4D93-B6C2-077B7C046E40}.Release|Any CPU.ActiveCfg = Release|Any CPU
		{8731EC01-57F7-4D93-B6C2-077B7C046E40}.Release|Any CPU.Build.0 = Release|Any CPU
		{8731EC01-57F7-4D93-B6C2-077B7C046E40}.Release|x86.ActiveCfg = Release|Any CPU
		{8731EC01-57F7-4D93-B6C2-077B7C046E40}.Release|x86.Build.0 = Release|Any CPU
		{4EE98793-1437-4327-BF3D-ECCE93DD7FB6}.Debug|Any CPU.ActiveCfg = Debug|Any CPU
		{4EE98793-1437-4327-BF3D-ECCE93DD7FB6}.Debug|Any CPU.Build.0 = Debug|Any CPU
		{4EE98793-1437-4327-BF3D-ECCE93DD7FB6}.Debug|x86.ActiveCfg = Debug|Any CPU
		{4EE98793-1437-4327-BF3D-ECCE93DD7FB6}.Debug|x86.Build.0 = Debug|Any CPU
		{4EE98793-1437-4327-BF3D-ECCE93DD7FB6}.Release|Any CPU.ActiveCfg = Release|Any CPU
		{4EE98793-1437-4327-BF3D-ECCE93DD7FB6}.Release|Any CPU.Build.0 = Release|Any CPU
		{4EE98793-1437-4327-BF3D-ECCE93DD7FB6}.Release|x86.ActiveCfg = Release|Any CPU
		{4EE98793-1437-4327-BF3D-ECCE93DD7FB6}.Release|x86.Build.0 = Release|Any CPU
		{AF8CEE2A-5EBB-4B0F-931C-68E2D4B38DF9}.Debug|Any CPU.ActiveCfg = Debug|Any CPU
		{AF8CEE2A-5EBB-4B0F-931C-68E2D4B38DF9}.Debug|Any CPU.Build.0 = Debug|Any CPU
		{AF8CEE2A-5EBB-4B0F-931C-68E2D4B38DF9}.Debug|x86.ActiveCfg = Debug|Any CPU
		{AF8CEE2A-5EBB-4B0F-931C-68E2D4B38DF9}.Debug|x86.Build.0 = Debug|Any CPU
		{AF8CEE2A-5EBB-4B0F-931C-68E2D4B38DF9}.Release|Any CPU.ActiveCfg = Release|Any CPU
		{AF8CEE2A-5EBB-4B0F-931C-68E2D4B38DF9}.Release|Any CPU.Build.0 = Release|Any CPU
		{AF8CEE2A-5EBB-4B0F-931C-68E2D4B38DF9}.Release|x86.ActiveCfg = Release|Any CPU
		{AF8CEE2A-5EBB-4B0F-931C-68E2D4B38DF9}.Release|x86.Build.0 = Release|Any CPU
		{E2B0F4A5-3270-457E-9BDE-C0131370CF77}.Debug|Any CPU.ActiveCfg = Debug|Any CPU
		{E2B0F4A5-3270-457E-9BDE-C0131370CF77}.Debug|Any CPU.Build.0 = Debug|Any CPU
		{E2B0F4A5-3270-457E-9BDE-C0131370CF77}.Debug|x86.ActiveCfg = Debug|Any CPU
		{E2B0F4A5-3270-457E-9BDE-C0131370CF77}.Debug|x86.Build.0 = Debug|Any CPU
		{E2B0F4A5-3270-457E-9BDE-C0131370CF77}.Release|Any CPU.ActiveCfg = Release|Any CPU
		{E2B0F4A5-3270-457E-9BDE-C0131370CF77}.Release|Any CPU.Build.0 = Release|Any CPU
		{E2B0F4A5-3270-457E-9BDE-C0131370CF77}.Release|x86.ActiveCfg = Release|Any CPU
		{E2B0F4A5-3270-457E-9BDE-C0131370CF77}.Release|x86.Build.0 = Release|Any CPU
		{F51C980F-5A93-437F-8D94-C7E20C6C900D}.Debug|Any CPU.ActiveCfg = Debug|Any CPU
		{F51C980F-5A93-437F-8D94-C7E20C6C900D}.Debug|Any CPU.Build.0 = Debug|Any CPU
		{F51C980F-5A93-437F-8D94-C7E20C6C900D}.Debug|x86.ActiveCfg = Debug|Any CPU
		{F51C980F-5A93-437F-8D94-C7E20C6C900D}.Debug|x86.Build.0 = Debug|Any CPU
		{F51C980F-5A93-437F-8D94-C7E20C6C900D}.Release|Any CPU.ActiveCfg = Release|Any CPU
		{F51C980F-5A93-437F-8D94-C7E20C6C900D}.Release|Any CPU.Build.0 = Release|Any CPU
		{F51C980F-5A93-437F-8D94-C7E20C6C900D}.Release|x86.ActiveCfg = Release|Any CPU
		{F51C980F-5A93-437F-8D94-C7E20C6C900D}.Release|x86.Build.0 = Release|Any CPU
		{F0DF21CF-601E-4BFE-A310-3D8ED1AC326A}.Debug|Any CPU.ActiveCfg = Debug|Any CPU
		{F0DF21CF-601E-4BFE-A310-3D8ED1AC326A}.Debug|Any CPU.Build.0 = Debug|Any CPU
		{F0DF21CF-601E-4BFE-A310-3D8ED1AC326A}.Debug|x86.ActiveCfg = Debug|Any CPU
		{F0DF21CF-601E-4BFE-A310-3D8ED1AC326A}.Debug|x86.Build.0 = Debug|Any CPU
		{F0DF21CF-601E-4BFE-A310-3D8ED1AC326A}.Release|Any CPU.ActiveCfg = Release|Any CPU
		{F0DF21CF-601E-4BFE-A310-3D8ED1AC326A}.Release|Any CPU.Build.0 = Release|Any CPU
		{F0DF21CF-601E-4BFE-A310-3D8ED1AC326A}.Release|x86.ActiveCfg = Release|Any CPU
		{F0DF21CF-601E-4BFE-A310-3D8ED1AC326A}.Release|x86.Build.0 = Release|Any CPU
		{A730A9E1-38FC-4199-A698-1F35CB693858}.Debug|Any CPU.ActiveCfg = Debug|Any CPU
		{A730A9E1-38FC-4199-A698-1F35CB693858}.Debug|Any CPU.Build.0 = Debug|Any CPU
		{A730A9E1-38FC-4199-A698-1F35CB693858}.Debug|x86.ActiveCfg = Debug|Any CPU
		{A730A9E1-38FC-4199-A698-1F35CB693858}.Debug|x86.Build.0 = Debug|Any CPU
		{A730A9E1-38FC-4199-A698-1F35CB693858}.Release|Any CPU.ActiveCfg = Release|Any CPU
		{A730A9E1-38FC-4199-A698-1F35CB693858}.Release|Any CPU.Build.0 = Release|Any CPU
		{A730A9E1-38FC-4199-A698-1F35CB693858}.Release|x86.ActiveCfg = Release|Any CPU
		{A730A9E1-38FC-4199-A698-1F35CB693858}.Release|x86.Build.0 = Release|Any CPU
		{D704ABA3-0599-4C83-8835-5056D273C9F7}.Debug|Any CPU.ActiveCfg = Debug|Any CPU
		{D704ABA3-0599-4C83-8835-5056D273C9F7}.Debug|Any CPU.Build.0 = Debug|Any CPU
		{D704ABA3-0599-4C83-8835-5056D273C9F7}.Debug|x86.ActiveCfg = Debug|Any CPU
		{D704ABA3-0599-4C83-8835-5056D273C9F7}.Debug|x86.Build.0 = Debug|Any CPU
		{D704ABA3-0599-4C83-8835-5056D273C9F7}.Release|Any CPU.ActiveCfg = Release|Any CPU
		{D704ABA3-0599-4C83-8835-5056D273C9F7}.Release|Any CPU.Build.0 = Release|Any CPU
		{D704ABA3-0599-4C83-8835-5056D273C9F7}.Release|x86.ActiveCfg = Release|Any CPU
		{D704ABA3-0599-4C83-8835-5056D273C9F7}.Release|x86.Build.0 = Release|Any CPU
		{41771F9C-EC51-4807-863C-F701775D0C9F}.Debug|Any CPU.ActiveCfg = Debug|Any CPU
		{41771F9C-EC51-4807-863C-F701775D0C9F}.Debug|Any CPU.Build.0 = Debug|Any CPU
		{41771F9C-EC51-4807-863C-F701775D0C9F}.Debug|x86.ActiveCfg = Debug|Any CPU
		{41771F9C-EC51-4807-863C-F701775D0C9F}.Debug|x86.Build.0 = Debug|Any CPU
		{41771F9C-EC51-4807-863C-F701775D0C9F}.Release|Any CPU.ActiveCfg = Release|Any CPU
		{41771F9C-EC51-4807-863C-F701775D0C9F}.Release|Any CPU.Build.0 = Release|Any CPU
		{41771F9C-EC51-4807-863C-F701775D0C9F}.Release|x86.ActiveCfg = Release|Any CPU
		{41771F9C-EC51-4807-863C-F701775D0C9F}.Release|x86.Build.0 = Release|Any CPU
		{514AE1E0-512F-49A7-83DA-3E047FF21890}.Debug|Any CPU.ActiveCfg = Debug|Any CPU
		{514AE1E0-512F-49A7-83DA-3E047FF21890}.Debug|Any CPU.Build.0 = Debug|Any CPU
		{514AE1E0-512F-49A7-83DA-3E047FF21890}.Debug|x86.ActiveCfg = Debug|Any CPU
		{514AE1E0-512F-49A7-83DA-3E047FF21890}.Debug|x86.Build.0 = Debug|Any CPU
		{514AE1E0-512F-49A7-83DA-3E047FF21890}.Release|Any CPU.ActiveCfg = Release|Any CPU
		{514AE1E0-512F-49A7-83DA-3E047FF21890}.Release|Any CPU.Build.0 = Release|Any CPU
		{514AE1E0-512F-49A7-83DA-3E047FF21890}.Release|x86.ActiveCfg = Release|Any CPU
		{514AE1E0-512F-49A7-83DA-3E047FF21890}.Release|x86.Build.0 = Release|Any CPU
		{A34C6E20-8C66-4565-9C58-66C69BC08679}.Debug|Any CPU.ActiveCfg = Debug|Any CPU
		{A34C6E20-8C66-4565-9C58-66C69BC08679}.Debug|Any CPU.Build.0 = Debug|Any CPU
		{A34C6E20-8C66-4565-9C58-66C69BC08679}.Debug|x86.ActiveCfg = Debug|Any CPU
		{A34C6E20-8C66-4565-9C58-66C69BC08679}.Debug|x86.Build.0 = Debug|Any CPU
		{A34C6E20-8C66-4565-9C58-66C69BC08679}.Release|Any CPU.ActiveCfg = Release|Any CPU
		{A34C6E20-8C66-4565-9C58-66C69BC08679}.Release|Any CPU.Build.0 = Release|Any CPU
		{A34C6E20-8C66-4565-9C58-66C69BC08679}.Release|x86.ActiveCfg = Release|Any CPU
		{A34C6E20-8C66-4565-9C58-66C69BC08679}.Release|x86.Build.0 = Release|Any CPU
		{A11A128D-2368-4935-974E-68C999D61BCB}.Debug|Any CPU.ActiveCfg = Debug|Any CPU
		{A11A128D-2368-4935-974E-68C999D61BCB}.Debug|Any CPU.Build.0 = Debug|Any CPU
		{A11A128D-2368-4935-974E-68C999D61BCB}.Debug|x86.ActiveCfg = Debug|Any CPU
		{A11A128D-2368-4935-974E-68C999D61BCB}.Debug|x86.Build.0 = Debug|Any CPU
		{A11A128D-2368-4935-974E-68C999D61BCB}.Release|Any CPU.ActiveCfg = Release|Any CPU
		{A11A128D-2368-4935-974E-68C999D61BCB}.Release|Any CPU.Build.0 = Release|Any CPU
		{A11A128D-2368-4935-974E-68C999D61BCB}.Release|x86.ActiveCfg = Release|Any CPU
		{A11A128D-2368-4935-974E-68C999D61BCB}.Release|x86.Build.0 = Release|Any CPU
		{D74C1913-0B2C-4910-AA4A-A4C316CE5C42}.Debug|Any CPU.ActiveCfg = Debug|Any CPU
		{D74C1913-0B2C-4910-AA4A-A4C316CE5C42}.Debug|Any CPU.Build.0 = Debug|Any CPU
		{D74C1913-0B2C-4910-AA4A-A4C316CE5C42}.Debug|x86.ActiveCfg = Debug|Any CPU
		{D74C1913-0B2C-4910-AA4A-A4C316CE5C42}.Debug|x86.Build.0 = Debug|Any CPU
		{D74C1913-0B2C-4910-AA4A-A4C316CE5C42}.Release|Any CPU.ActiveCfg = Release|Any CPU
		{D74C1913-0B2C-4910-AA4A-A4C316CE5C42}.Release|Any CPU.Build.0 = Release|Any CPU
		{D74C1913-0B2C-4910-AA4A-A4C316CE5C42}.Release|x86.ActiveCfg = Release|Any CPU
		{D74C1913-0B2C-4910-AA4A-A4C316CE5C42}.Release|x86.Build.0 = Release|Any CPU
		{089CE4EE-6E45-4151-9244-3897B6477889}.Debug|Any CPU.ActiveCfg = Debug|Any CPU
		{089CE4EE-6E45-4151-9244-3897B6477889}.Debug|Any CPU.Build.0 = Debug|Any CPU
		{089CE4EE-6E45-4151-9244-3897B6477889}.Debug|x86.ActiveCfg = Debug|Any CPU
		{089CE4EE-6E45-4151-9244-3897B6477889}.Debug|x86.Build.0 = Debug|Any CPU
		{089CE4EE-6E45-4151-9244-3897B6477889}.Release|Any CPU.ActiveCfg = Release|Any CPU
		{089CE4EE-6E45-4151-9244-3897B6477889}.Release|Any CPU.Build.0 = Release|Any CPU
		{089CE4EE-6E45-4151-9244-3897B6477889}.Release|x86.ActiveCfg = Release|Any CPU
		{089CE4EE-6E45-4151-9244-3897B6477889}.Release|x86.Build.0 = Release|Any CPU
		{2FD15DA8-B6DD-4E01-BA0A-568F08F1945F}.Debug|Any CPU.ActiveCfg = Debug
		{2FD15DA8-B6DD-4E01-BA0A-568F08F1945F}.Debug|x86.ActiveCfg = Debug
		{2FD15DA8-B6DD-4E01-BA0A-568F08F1945F}.Debug|x86.Build.0 = Debug
		{2FD15DA8-B6DD-4E01-BA0A-568F08F1945F}.Release|Any CPU.ActiveCfg = Release
		{2FD15DA8-B6DD-4E01-BA0A-568F08F1945F}.Release|x86.ActiveCfg = Release
		{2FD15DA8-B6DD-4E01-BA0A-568F08F1945F}.Release|x86.Build.0 = Release
		{F64CA27D-5085-4C78-B580-9FA32A32CC31}.Debug|Any CPU.ActiveCfg = Debug|Any CPU
		{F64CA27D-5085-4C78-B580-9FA32A32CC31}.Debug|Any CPU.Build.0 = Debug|Any CPU
		{F64CA27D-5085-4C78-B580-9FA32A32CC31}.Debug|x86.ActiveCfg = Debug|Any CPU
		{F64CA27D-5085-4C78-B580-9FA32A32CC31}.Debug|x86.Build.0 = Debug|Any CPU
		{F64CA27D-5085-4C78-B580-9FA32A32CC31}.Release|Any CPU.ActiveCfg = Release|Any CPU
		{F64CA27D-5085-4C78-B580-9FA32A32CC31}.Release|Any CPU.Build.0 = Release|Any CPU
		{F64CA27D-5085-4C78-B580-9FA32A32CC31}.Release|x86.ActiveCfg = Release|Any CPU
		{F64CA27D-5085-4C78-B580-9FA32A32CC31}.Release|x86.Build.0 = Release|Any CPU
		{E27B02A8-57F3-4C23-A59F-E1F838C1F821}.Debug|Any CPU.ActiveCfg = Debug|Any CPU
		{E27B02A8-57F3-4C23-A59F-E1F838C1F821}.Debug|Any CPU.Build.0 = Debug|Any CPU
		{E27B02A8-57F3-4C23-A59F-E1F838C1F821}.Debug|x86.ActiveCfg = Debug|Any CPU
		{E27B02A8-57F3-4C23-A59F-E1F838C1F821}.Debug|x86.Build.0 = Debug|Any CPU
		{E27B02A8-57F3-4C23-A59F-E1F838C1F821}.Release|Any CPU.ActiveCfg = Release|Any CPU
		{E27B02A8-57F3-4C23-A59F-E1F838C1F821}.Release|Any CPU.Build.0 = Release|Any CPU
		{E27B02A8-57F3-4C23-A59F-E1F838C1F821}.Release|x86.ActiveCfg = Release|Any CPU
		{E27B02A8-57F3-4C23-A59F-E1F838C1F821}.Release|x86.Build.0 = Release|Any CPU
		{CBDC87D3-C9CB-4C63-997C-EB8D91AB0BB0}.Debug|Any CPU.ActiveCfg = Debug|Any CPU
		{CBDC87D3-C9CB-4C63-997C-EB8D91AB0BB0}.Debug|Any CPU.Build.0 = Debug|Any CPU
		{CBDC87D3-C9CB-4C63-997C-EB8D91AB0BB0}.Debug|x86.ActiveCfg = Debug|Any CPU
		{CBDC87D3-C9CB-4C63-997C-EB8D91AB0BB0}.Debug|x86.Build.0 = Debug|Any CPU
		{CBDC87D3-C9CB-4C63-997C-EB8D91AB0BB0}.Release|Any CPU.ActiveCfg = Release|Any CPU
		{CBDC87D3-C9CB-4C63-997C-EB8D91AB0BB0}.Release|Any CPU.Build.0 = Release|Any CPU
		{CBDC87D3-C9CB-4C63-997C-EB8D91AB0BB0}.Release|x86.ActiveCfg = Release|Any CPU
		{CBDC87D3-C9CB-4C63-997C-EB8D91AB0BB0}.Release|x86.Build.0 = Release|Any CPU
		{AB1B66BC-924C-4DAC-B903-35CA798D51D7}.Debug|Any CPU.ActiveCfg = Debug|Any CPU
		{AB1B66BC-924C-4DAC-B903-35CA798D51D7}.Debug|Any CPU.Build.0 = Debug|Any CPU
		{AB1B66BC-924C-4DAC-B903-35CA798D51D7}.Debug|x86.ActiveCfg = Debug|Any CPU
		{AB1B66BC-924C-4DAC-B903-35CA798D51D7}.Debug|x86.Build.0 = Debug|Any CPU
		{AB1B66BC-924C-4DAC-B903-35CA798D51D7}.Release|Any CPU.ActiveCfg = Release|Any CPU
		{AB1B66BC-924C-4DAC-B903-35CA798D51D7}.Release|Any CPU.Build.0 = Release|Any CPU
		{AB1B66BC-924C-4DAC-B903-35CA798D51D7}.Release|x86.ActiveCfg = Release|Any CPU
		{AB1B66BC-924C-4DAC-B903-35CA798D51D7}.Release|x86.Build.0 = Release|Any CPU
		{8BC62A5E-49F6-4136-A06A-E032A8238B2E}.Debug|Any CPU.ActiveCfg = Debug|Any CPU
		{8BC62A5E-49F6-4136-A06A-E032A8238B2E}.Debug|Any CPU.Build.0 = Debug|Any CPU
		{8BC62A5E-49F6-4136-A06A-E032A8238B2E}.Debug|x86.ActiveCfg = Debug|Any CPU
		{8BC62A5E-49F6-4136-A06A-E032A8238B2E}.Debug|x86.Build.0 = Debug|Any CPU
		{8BC62A5E-49F6-4136-A06A-E032A8238B2E}.Release|Any CPU.ActiveCfg = Release|Any CPU
		{8BC62A5E-49F6-4136-A06A-E032A8238B2E}.Release|Any CPU.Build.0 = Release|Any CPU
		{8BC62A5E-49F6-4136-A06A-E032A8238B2E}.Release|x86.ActiveCfg = Release|Any CPU
		{8BC62A5E-49F6-4136-A06A-E032A8238B2E}.Release|x86.Build.0 = Release|Any CPU
		{BD7E7A86-E70C-4D80-A721-D0873A418F4F}.Debug|Any CPU.ActiveCfg = Debug|Any CPU
		{BD7E7A86-E70C-4D80-A721-D0873A418F4F}.Debug|Any CPU.Build.0 = Debug|Any CPU
		{BD7E7A86-E70C-4D80-A721-D0873A418F4F}.Debug|x86.ActiveCfg = Debug|Any CPU
		{BD7E7A86-E70C-4D80-A721-D0873A418F4F}.Debug|x86.Build.0 = Debug|Any CPU
		{BD7E7A86-E70C-4D80-A721-D0873A418F4F}.Release|Any CPU.ActiveCfg = Release|Any CPU
		{BD7E7A86-E70C-4D80-A721-D0873A418F4F}.Release|Any CPU.Build.0 = Release|Any CPU
		{BD7E7A86-E70C-4D80-A721-D0873A418F4F}.Release|x86.ActiveCfg = Release|Any CPU
		{BD7E7A86-E70C-4D80-A721-D0873A418F4F}.Release|x86.Build.0 = Release|Any CPU
		{479DA175-4675-49A7-B13E-BF8445BAC503}.Debug|Any CPU.ActiveCfg = Debug|Any CPU
		{479DA175-4675-49A7-B13E-BF8445BAC503}.Debug|Any CPU.Build.0 = Debug|Any CPU
		{479DA175-4675-49A7-B13E-BF8445BAC503}.Debug|x86.ActiveCfg = Debug|Any CPU
		{479DA175-4675-49A7-B13E-BF8445BAC503}.Debug|x86.Build.0 = Debug|Any CPU
		{479DA175-4675-49A7-B13E-BF8445BAC503}.Release|Any CPU.ActiveCfg = Release|Any CPU
		{479DA175-4675-49A7-B13E-BF8445BAC503}.Release|Any CPU.Build.0 = Release|Any CPU
		{479DA175-4675-49A7-B13E-BF8445BAC503}.Release|x86.ActiveCfg = Release|Any CPU
		{479DA175-4675-49A7-B13E-BF8445BAC503}.Release|x86.Build.0 = Release|Any CPU
		{7F025987-B3B7-4FAA-A74D-1B2991FC1155}.Debug|Any CPU.ActiveCfg = Debug|Any CPU
		{7F025987-B3B7-4FAA-A74D-1B2991FC1155}.Debug|Any CPU.Build.0 = Debug|Any CPU
		{7F025987-B3B7-4FAA-A74D-1B2991FC1155}.Debug|x86.ActiveCfg = Debug|Any CPU
		{7F025987-B3B7-4FAA-A74D-1B2991FC1155}.Debug|x86.Build.0 = Debug|Any CPU
		{7F025987-B3B7-4FAA-A74D-1B2991FC1155}.Release|Any CPU.ActiveCfg = Release|Any CPU
		{7F025987-B3B7-4FAA-A74D-1B2991FC1155}.Release|Any CPU.Build.0 = Release|Any CPU
		{7F025987-B3B7-4FAA-A74D-1B2991FC1155}.Release|x86.ActiveCfg = Release|Any CPU
		{7F025987-B3B7-4FAA-A74D-1B2991FC1155}.Release|x86.Build.0 = Release|Any CPU
		{3ECDC739-0481-4AB8-A877-2C915E9F4371}.Debug|Any CPU.ActiveCfg = Debug|Any CPU
		{3ECDC739-0481-4AB8-A877-2C915E9F4371}.Debug|Any CPU.Build.0 = Debug|Any CPU
		{3ECDC739-0481-4AB8-A877-2C915E9F4371}.Debug|x86.ActiveCfg = Debug|Any CPU
		{3ECDC739-0481-4AB8-A877-2C915E9F4371}.Debug|x86.Build.0 = Debug|Any CPU
		{3ECDC739-0481-4AB8-A877-2C915E9F4371}.Release|Any CPU.ActiveCfg = Release|Any CPU
		{3ECDC739-0481-4AB8-A877-2C915E9F4371}.Release|Any CPU.Build.0 = Release|Any CPU
		{3ECDC739-0481-4AB8-A877-2C915E9F4371}.Release|x86.ActiveCfg = Release|Any CPU
		{3ECDC739-0481-4AB8-A877-2C915E9F4371}.Release|x86.Build.0 = Release|Any CPU
		{E42C511A-6043-43CB-94E1-7AC090A8B084}.Debug|Any CPU.ActiveCfg = Debug|Any CPU
		{E42C511A-6043-43CB-94E1-7AC090A8B084}.Debug|Any CPU.Build.0 = Debug|Any CPU
		{E42C511A-6043-43CB-94E1-7AC090A8B084}.Debug|x86.ActiveCfg = Debug|Any CPU
		{E42C511A-6043-43CB-94E1-7AC090A8B084}.Debug|x86.Build.0 = Debug|Any CPU
		{E42C511A-6043-43CB-94E1-7AC090A8B084}.Release|Any CPU.ActiveCfg = Release|Any CPU
		{E42C511A-6043-43CB-94E1-7AC090A8B084}.Release|Any CPU.Build.0 = Release|Any CPU
		{E42C511A-6043-43CB-94E1-7AC090A8B084}.Release|x86.ActiveCfg = Release|Any CPU
		{E42C511A-6043-43CB-94E1-7AC090A8B084}.Release|x86.Build.0 = Release|Any CPU
		{77048D08-9FF3-4509-BB2A-06BAD080B1CA}.Debug|Any CPU.ActiveCfg = Debug|Any CPU
		{77048D08-9FF3-4509-BB2A-06BAD080B1CA}.Debug|Any CPU.Build.0 = Debug|Any CPU
		{77048D08-9FF3-4509-BB2A-06BAD080B1CA}.Debug|x86.ActiveCfg = Debug|Any CPU
		{77048D08-9FF3-4509-BB2A-06BAD080B1CA}.Debug|x86.Build.0 = Debug|Any CPU
		{77048D08-9FF3-4509-BB2A-06BAD080B1CA}.Release|Any CPU.ActiveCfg = Release|Any CPU
		{77048D08-9FF3-4509-BB2A-06BAD080B1CA}.Release|Any CPU.Build.0 = Release|Any CPU
		{77048D08-9FF3-4509-BB2A-06BAD080B1CA}.Release|x86.ActiveCfg = Release|Any CPU
		{77048D08-9FF3-4509-BB2A-06BAD080B1CA}.Release|x86.Build.0 = Release|Any CPU
		{F1483CEA-C33F-4D32-9F4E-FDE206B80226}.Debug|Any CPU.ActiveCfg = Debug|Any CPU
		{F1483CEA-C33F-4D32-9F4E-FDE206B80226}.Debug|Any CPU.Build.0 = Debug|Any CPU
		{F1483CEA-C33F-4D32-9F4E-FDE206B80226}.Debug|x86.ActiveCfg = Debug|Any CPU
		{F1483CEA-C33F-4D32-9F4E-FDE206B80226}.Debug|x86.Build.0 = Debug|Any CPU
		{F1483CEA-C33F-4D32-9F4E-FDE206B80226}.Release|Any CPU.ActiveCfg = Release|Any CPU
		{F1483CEA-C33F-4D32-9F4E-FDE206B80226}.Release|Any CPU.Build.0 = Release|Any CPU
		{F1483CEA-C33F-4D32-9F4E-FDE206B80226}.Release|x86.ActiveCfg = Release|Any CPU
		{F1483CEA-C33F-4D32-9F4E-FDE206B80226}.Release|x86.Build.0 = Release|Any CPU
		{9266E3AE-CC41-40F5-B9DB-1ED293F76C41}.Debug|Any CPU.ActiveCfg = Debug|Any CPU
		{9266E3AE-CC41-40F5-B9DB-1ED293F76C41}.Debug|Any CPU.Build.0 = Debug|Any CPU
		{9266E3AE-CC41-40F5-B9DB-1ED293F76C41}.Debug|x86.ActiveCfg = Debug|Any CPU
		{9266E3AE-CC41-40F5-B9DB-1ED293F76C41}.Debug|x86.Build.0 = Debug|Any CPU
		{9266E3AE-CC41-40F5-B9DB-1ED293F76C41}.Release|Any CPU.ActiveCfg = Release|Any CPU
		{9266E3AE-CC41-40F5-B9DB-1ED293F76C41}.Release|Any CPU.Build.0 = Release|Any CPU
		{9266E3AE-CC41-40F5-B9DB-1ED293F76C41}.Release|x86.ActiveCfg = Release|Any CPU
		{9266E3AE-CC41-40F5-B9DB-1ED293F76C41}.Release|x86.Build.0 = Release|Any CPU
		{464ADD47-6D77-4A5D-9F2F-C7CCACA26389}.Debug|Any CPU.ActiveCfg = Debug|Any CPU
		{464ADD47-6D77-4A5D-9F2F-C7CCACA26389}.Debug|Any CPU.Build.0 = Debug|Any CPU
		{464ADD47-6D77-4A5D-9F2F-C7CCACA26389}.Debug|x86.ActiveCfg = Debug|Any CPU
		{464ADD47-6D77-4A5D-9F2F-C7CCACA26389}.Debug|x86.Build.0 = Debug|Any CPU
		{464ADD47-6D77-4A5D-9F2F-C7CCACA26389}.Release|Any CPU.ActiveCfg = Release|Any CPU
		{464ADD47-6D77-4A5D-9F2F-C7CCACA26389}.Release|Any CPU.Build.0 = Release|Any CPU
		{464ADD47-6D77-4A5D-9F2F-C7CCACA26389}.Release|x86.ActiveCfg = Release|Any CPU
		{464ADD47-6D77-4A5D-9F2F-C7CCACA26389}.Release|x86.Build.0 = Release|Any CPU
		{6B04345A-627C-4374-A9F8-DF85CD563770}.Debug|Any CPU.ActiveCfg = Debug|Any CPU
		{6B04345A-627C-4374-A9F8-DF85CD563770}.Debug|Any CPU.Build.0 = Debug|Any CPU
		{6B04345A-627C-4374-A9F8-DF85CD563770}.Debug|x86.ActiveCfg = Debug|Any CPU
		{6B04345A-627C-4374-A9F8-DF85CD563770}.Debug|x86.Build.0 = Debug|Any CPU
		{6B04345A-627C-4374-A9F8-DF85CD563770}.Release|Any CPU.ActiveCfg = Release|Any CPU
		{6B04345A-627C-4374-A9F8-DF85CD563770}.Release|Any CPU.Build.0 = Release|Any CPU
		{6B04345A-627C-4374-A9F8-DF85CD563770}.Release|x86.ActiveCfg = Release|Any CPU
		{6B04345A-627C-4374-A9F8-DF85CD563770}.Release|x86.Build.0 = Release|Any CPU
		{3C3B331E-DCF7-4F66-9364-111A1D1763FD}.Debug|Any CPU.ActiveCfg = Debug|Any CPU
		{3C3B331E-DCF7-4F66-9364-111A1D1763FD}.Debug|Any CPU.Build.0 = Debug|Any CPU
		{3C3B331E-DCF7-4F66-9364-111A1D1763FD}.Debug|x86.ActiveCfg = Debug|Any CPU
		{3C3B331E-DCF7-4F66-9364-111A1D1763FD}.Debug|x86.Build.0 = Debug|Any CPU
		{3C3B331E-DCF7-4F66-9364-111A1D1763FD}.Release|Any CPU.ActiveCfg = Release|Any CPU
		{3C3B331E-DCF7-4F66-9364-111A1D1763FD}.Release|Any CPU.Build.0 = Release|Any CPU
		{3C3B331E-DCF7-4F66-9364-111A1D1763FD}.Release|x86.ActiveCfg = Release|Any CPU
		{3C3B331E-DCF7-4F66-9364-111A1D1763FD}.Release|x86.Build.0 = Release|Any CPU
		{A247D2EE-14FC-463D-A9BA-6CFF1EF22B7A}.Debug|Any CPU.ActiveCfg = Debug|Any CPU
		{A247D2EE-14FC-463D-A9BA-6CFF1EF22B7A}.Debug|Any CPU.Build.0 = Debug|Any CPU
		{A247D2EE-14FC-463D-A9BA-6CFF1EF22B7A}.Debug|x86.ActiveCfg = Debug|Any CPU
		{A247D2EE-14FC-463D-A9BA-6CFF1EF22B7A}.Debug|x86.Build.0 = Debug|Any CPU
		{A247D2EE-14FC-463D-A9BA-6CFF1EF22B7A}.Release|Any CPU.ActiveCfg = Release|Any CPU
		{A247D2EE-14FC-463D-A9BA-6CFF1EF22B7A}.Release|Any CPU.Build.0 = Release|Any CPU
		{A247D2EE-14FC-463D-A9BA-6CFF1EF22B7A}.Release|x86.ActiveCfg = Release|Any CPU
		{A247D2EE-14FC-463D-A9BA-6CFF1EF22B7A}.Release|x86.Build.0 = Release|Any CPU
		{BFB8EF8A-97E9-4675-B191-8BAC893432B4}.Debug|Any CPU.ActiveCfg = Debug|Any CPU
		{BFB8EF8A-97E9-4675-B191-8BAC893432B4}.Debug|Any CPU.Build.0 = Debug|Any CPU
		{BFB8EF8A-97E9-4675-B191-8BAC893432B4}.Debug|x86.ActiveCfg = Debug|Any CPU
		{BFB8EF8A-97E9-4675-B191-8BAC893432B4}.Debug|x86.Build.0 = Debug|Any CPU
		{BFB8EF8A-97E9-4675-B191-8BAC893432B4}.Release|Any CPU.ActiveCfg = Release|Any CPU
		{BFB8EF8A-97E9-4675-B191-8BAC893432B4}.Release|Any CPU.Build.0 = Release|Any CPU
		{BFB8EF8A-97E9-4675-B191-8BAC893432B4}.Release|x86.ActiveCfg = Release|Any CPU
		{BFB8EF8A-97E9-4675-B191-8BAC893432B4}.Release|x86.Build.0 = Release|Any CPU
		{15CFA8E3-177B-4320-B896-0D281DB470D5}.Debug|Any CPU.ActiveCfg = Debug|Any CPU
		{15CFA8E3-177B-4320-B896-0D281DB470D5}.Debug|Any CPU.Build.0 = Debug|Any CPU
		{15CFA8E3-177B-4320-B896-0D281DB470D5}.Debug|x86.ActiveCfg = Debug|Any CPU
		{15CFA8E3-177B-4320-B896-0D281DB470D5}.Debug|x86.Build.0 = Debug|Any CPU
		{15CFA8E3-177B-4320-B896-0D281DB470D5}.Release|Any CPU.ActiveCfg = Release|Any CPU
		{15CFA8E3-177B-4320-B896-0D281DB470D5}.Release|Any CPU.Build.0 = Release|Any CPU
		{15CFA8E3-177B-4320-B896-0D281DB470D5}.Release|x86.ActiveCfg = Release|Any CPU
		{15CFA8E3-177B-4320-B896-0D281DB470D5}.Release|x86.Build.0 = Release|Any CPU
		{93DB6DE3-83B1-4EF0-B55C-2B2453CB9432}.Debug|Any CPU.ActiveCfg = Debug|Any CPU
		{93DB6DE3-83B1-4EF0-B55C-2B2453CB9432}.Debug|Any CPU.Build.0 = Debug|Any CPU
		{93DB6DE3-83B1-4EF0-B55C-2B2453CB9432}.Debug|x86.ActiveCfg = Debug|Any CPU
		{93DB6DE3-83B1-4EF0-B55C-2B2453CB9432}.Debug|x86.Build.0 = Debug|Any CPU
		{93DB6DE3-83B1-4EF0-B55C-2B2453CB9432}.Release|Any CPU.ActiveCfg = Release|Any CPU
		{93DB6DE3-83B1-4EF0-B55C-2B2453CB9432}.Release|Any CPU.Build.0 = Release|Any CPU
		{93DB6DE3-83B1-4EF0-B55C-2B2453CB9432}.Release|x86.ActiveCfg = Release|Any CPU
		{93DB6DE3-83B1-4EF0-B55C-2B2453CB9432}.Release|x86.Build.0 = Release|Any CPU
		{2D669F74-1856-4965-B358-E1DCFC435D56}.Debug|Any CPU.ActiveCfg = Debug|Any CPU
		{2D669F74-1856-4965-B358-E1DCFC435D56}.Debug|Any CPU.Build.0 = Debug|Any CPU
		{2D669F74-1856-4965-B358-E1DCFC435D56}.Debug|x86.ActiveCfg = Debug|Any CPU
		{2D669F74-1856-4965-B358-E1DCFC435D56}.Debug|x86.Build.0 = Debug|Any CPU
		{2D669F74-1856-4965-B358-E1DCFC435D56}.Release|Any CPU.ActiveCfg = Release|Any CPU
		{2D669F74-1856-4965-B358-E1DCFC435D56}.Release|Any CPU.Build.0 = Release|Any CPU
		{2D669F74-1856-4965-B358-E1DCFC435D56}.Release|x86.ActiveCfg = Release|Any CPU
		{2D669F74-1856-4965-B358-E1DCFC435D56}.Release|x86.Build.0 = Release|Any CPU
		{BE9666A8-C405-4C02-A68B-1A9EDD386070}.Debug|Any CPU.ActiveCfg = Debug
		{BE9666A8-C405-4C02-A68B-1A9EDD386070}.Debug|x86.ActiveCfg = Debug
		{BE9666A8-C405-4C02-A68B-1A9EDD386070}.Debug|x86.Build.0 = Debug
		{BE9666A8-C405-4C02-A68B-1A9EDD386070}.Release|Any CPU.ActiveCfg = Release
		{BE9666A8-C405-4C02-A68B-1A9EDD386070}.Release|x86.ActiveCfg = Release
		{BE9666A8-C405-4C02-A68B-1A9EDD386070}.Release|x86.Build.0 = Release
		{245CB253-5281-46D9-866E-11FF44868BA3}.Debug|Any CPU.ActiveCfg = Debug|Any CPU
		{245CB253-5281-46D9-866E-11FF44868BA3}.Debug|Any CPU.Build.0 = Debug|Any CPU
		{245CB253-5281-46D9-866E-11FF44868BA3}.Debug|x86.ActiveCfg = Debug|Any CPU
		{245CB253-5281-46D9-866E-11FF44868BA3}.Debug|x86.Build.0 = Debug|Any CPU
		{245CB253-5281-46D9-866E-11FF44868BA3}.Release|Any CPU.ActiveCfg = Release|Any CPU
		{245CB253-5281-46D9-866E-11FF44868BA3}.Release|Any CPU.Build.0 = Release|Any CPU
		{245CB253-5281-46D9-866E-11FF44868BA3}.Release|x86.ActiveCfg = Release|Any CPU
		{245CB253-5281-46D9-866E-11FF44868BA3}.Release|x86.Build.0 = Release|Any CPU
		{27CE5CF1-B012-4EF6-9EB8-32867F40C873}.Debug|Any CPU.ActiveCfg = Debug|Any CPU
		{27CE5CF1-B012-4EF6-9EB8-32867F40C873}.Debug|Any CPU.Build.0 = Debug|Any CPU
		{27CE5CF1-B012-4EF6-9EB8-32867F40C873}.Debug|x86.ActiveCfg = Debug|Any CPU
		{27CE5CF1-B012-4EF6-9EB8-32867F40C873}.Debug|x86.Build.0 = Debug|Any CPU
		{27CE5CF1-B012-4EF6-9EB8-32867F40C873}.Release|Any CPU.ActiveCfg = Release|Any CPU
		{27CE5CF1-B012-4EF6-9EB8-32867F40C873}.Release|Any CPU.Build.0 = Release|Any CPU
		{27CE5CF1-B012-4EF6-9EB8-32867F40C873}.Release|x86.ActiveCfg = Release|Any CPU
		{27CE5CF1-B012-4EF6-9EB8-32867F40C873}.Release|x86.Build.0 = Release|Any CPU
		{8DD4E277-DF80-498B-B0B1-31136BA5B596}.Debug|Any CPU.ActiveCfg = Debug|Any CPU
		{8DD4E277-DF80-498B-B0B1-31136BA5B596}.Debug|Any CPU.Build.0 = Debug|Any CPU
		{8DD4E277-DF80-498B-B0B1-31136BA5B596}.Debug|x86.ActiveCfg = Debug|Any CPU
		{8DD4E277-DF80-498B-B0B1-31136BA5B596}.Debug|x86.Build.0 = Debug|Any CPU
		{8DD4E277-DF80-498B-B0B1-31136BA5B596}.Release|Any CPU.ActiveCfg = Release|Any CPU
		{8DD4E277-DF80-498B-B0B1-31136BA5B596}.Release|Any CPU.Build.0 = Release|Any CPU
		{8DD4E277-DF80-498B-B0B1-31136BA5B596}.Release|x86.ActiveCfg = Release|Any CPU
		{8DD4E277-DF80-498B-B0B1-31136BA5B596}.Release|x86.Build.0 = Release|Any CPU
		{96E435A7-ED2B-4880-9FA9-E5F89D96F0B1}.Debug|Any CPU.ActiveCfg = Debug|Any CPU
		{96E435A7-ED2B-4880-9FA9-E5F89D96F0B1}.Debug|Any CPU.Build.0 = Debug|Any CPU
		{96E435A7-ED2B-4880-9FA9-E5F89D96F0B1}.Debug|x86.ActiveCfg = Debug|Any CPU
		{96E435A7-ED2B-4880-9FA9-E5F89D96F0B1}.Debug|x86.Build.0 = Debug|Any CPU
		{96E435A7-ED2B-4880-9FA9-E5F89D96F0B1}.Release|Any CPU.ActiveCfg = Release|Any CPU
		{96E435A7-ED2B-4880-9FA9-E5F89D96F0B1}.Release|Any CPU.Build.0 = Release|Any CPU
		{96E435A7-ED2B-4880-9FA9-E5F89D96F0B1}.Release|x86.ActiveCfg = Release|Any CPU
		{96E435A7-ED2B-4880-9FA9-E5F89D96F0B1}.Release|x86.Build.0 = Release|Any CPU
		{97B41A9A-9781-4423-8FA1-C81F2E324DFA}.Debug|Any CPU.ActiveCfg = Debug|Any CPU
		{97B41A9A-9781-4423-8FA1-C81F2E324DFA}.Debug|Any CPU.Build.0 = Debug|Any CPU
		{97B41A9A-9781-4423-8FA1-C81F2E324DFA}.Debug|x86.ActiveCfg = Debug|Any CPU
		{97B41A9A-9781-4423-8FA1-C81F2E324DFA}.Debug|x86.Build.0 = Debug|Any CPU
		{97B41A9A-9781-4423-8FA1-C81F2E324DFA}.Release|Any CPU.ActiveCfg = Release|Any CPU
		{97B41A9A-9781-4423-8FA1-C81F2E324DFA}.Release|Any CPU.Build.0 = Release|Any CPU
		{97B41A9A-9781-4423-8FA1-C81F2E324DFA}.Release|x86.ActiveCfg = Release|Any CPU
		{97B41A9A-9781-4423-8FA1-C81F2E324DFA}.Release|x86.Build.0 = Release|Any CPU
		{B6B5E47C-6DCF-440E-9863-404F7DBE5851}.Debug|Any CPU.ActiveCfg = Debug|Any CPU
		{B6B5E47C-6DCF-440E-9863-404F7DBE5851}.Debug|Any CPU.Build.0 = Debug|Any CPU
		{B6B5E47C-6DCF-440E-9863-404F7DBE5851}.Debug|x86.ActiveCfg = Debug|Any CPU
		{B6B5E47C-6DCF-440E-9863-404F7DBE5851}.Debug|x86.Build.0 = Debug|Any CPU
		{B6B5E47C-6DCF-440E-9863-404F7DBE5851}.Release|Any CPU.ActiveCfg = Release|Any CPU
		{B6B5E47C-6DCF-440E-9863-404F7DBE5851}.Release|Any CPU.Build.0 = Release|Any CPU
		{B6B5E47C-6DCF-440E-9863-404F7DBE5851}.Release|x86.ActiveCfg = Release|Any CPU
		{B6B5E47C-6DCF-440E-9863-404F7DBE5851}.Release|x86.Build.0 = Release|Any CPU
		{5CF781FC-B9EA-4A5A-A621-C34E3E1D7E70}.Debug|Any CPU.ActiveCfg = Debug|Any CPU
		{5CF781FC-B9EA-4A5A-A621-C34E3E1D7E70}.Debug|Any CPU.Build.0 = Debug|Any CPU
		{5CF781FC-B9EA-4A5A-A621-C34E3E1D7E70}.Debug|x86.ActiveCfg = Debug|Any CPU
		{5CF781FC-B9EA-4A5A-A621-C34E3E1D7E70}.Debug|x86.Build.0 = Debug|Any CPU
		{5CF781FC-B9EA-4A5A-A621-C34E3E1D7E70}.Release|Any CPU.ActiveCfg = Release|Any CPU
		{5CF781FC-B9EA-4A5A-A621-C34E3E1D7E70}.Release|Any CPU.Build.0 = Release|Any CPU
		{5CF781FC-B9EA-4A5A-A621-C34E3E1D7E70}.Release|x86.ActiveCfg = Release|Any CPU
		{5CF781FC-B9EA-4A5A-A621-C34E3E1D7E70}.Release|x86.Build.0 = Release|Any CPU
		{21B4492C-ECF4-49A3-95AB-0BF74DD55FBC}.Debug|Any CPU.ActiveCfg = Debug|Any CPU
		{21B4492C-ECF4-49A3-95AB-0BF74DD55FBC}.Debug|Any CPU.Build.0 = Debug|Any CPU
		{21B4492C-ECF4-49A3-95AB-0BF74DD55FBC}.Debug|x86.ActiveCfg = Debug|x86
		{21B4492C-ECF4-49A3-95AB-0BF74DD55FBC}.Debug|x86.Build.0 = Debug|x86
		{21B4492C-ECF4-49A3-95AB-0BF74DD55FBC}.Release|Any CPU.ActiveCfg = Release|Any CPU
		{21B4492C-ECF4-49A3-95AB-0BF74DD55FBC}.Release|Any CPU.Build.0 = Release|Any CPU
		{21B4492C-ECF4-49A3-95AB-0BF74DD55FBC}.Release|x86.ActiveCfg = Release|x86
		{21B4492C-ECF4-49A3-95AB-0BF74DD55FBC}.Release|x86.Build.0 = Release|x86
		{02BFC189-B705-4889-A4BF-11ADBBAC919B}.Debug|Any CPU.ActiveCfg = Debug|Any CPU
		{02BFC189-B705-4889-A4BF-11ADBBAC919B}.Debug|Any CPU.Build.0 = Debug|Any CPU
		{02BFC189-B705-4889-A4BF-11ADBBAC919B}.Debug|x86.ActiveCfg = Debug|Any CPU
		{02BFC189-B705-4889-A4BF-11ADBBAC919B}.Debug|x86.Build.0 = Debug|Any CPU
		{02BFC189-B705-4889-A4BF-11ADBBAC919B}.Release|Any CPU.ActiveCfg = Release|Any CPU
		{02BFC189-B705-4889-A4BF-11ADBBAC919B}.Release|Any CPU.Build.0 = Release|Any CPU
		{02BFC189-B705-4889-A4BF-11ADBBAC919B}.Release|x86.ActiveCfg = Release|Any CPU
		{02BFC189-B705-4889-A4BF-11ADBBAC919B}.Release|x86.Build.0 = Release|Any CPU
		{4701A48C-0B43-4E73-89A7-31AD46648043}.Debug|Any CPU.ActiveCfg = Debug|Any CPU
		{4701A48C-0B43-4E73-89A7-31AD46648043}.Debug|Any CPU.Build.0 = Debug|Any CPU
		{4701A48C-0B43-4E73-89A7-31AD46648043}.Debug|x86.ActiveCfg = Debug|Any CPU
		{4701A48C-0B43-4E73-89A7-31AD46648043}.Debug|x86.Build.0 = Debug|Any CPU
		{4701A48C-0B43-4E73-89A7-31AD46648043}.Release|Any CPU.ActiveCfg = Release|Any CPU
		{4701A48C-0B43-4E73-89A7-31AD46648043}.Release|Any CPU.Build.0 = Release|Any CPU
		{4701A48C-0B43-4E73-89A7-31AD46648043}.Release|x86.ActiveCfg = Release|Any CPU
		{4701A48C-0B43-4E73-89A7-31AD46648043}.Release|x86.Build.0 = Release|Any CPU
		{AF2F6D14-986F-488B-BA58-D1A5A099625C}.Debug|Any CPU.ActiveCfg = Debug|Any CPU
		{AF2F6D14-986F-488B-BA58-D1A5A099625C}.Debug|Any CPU.Build.0 = Debug|Any CPU
		{AF2F6D14-986F-488B-BA58-D1A5A099625C}.Debug|x86.ActiveCfg = Debug|Any CPU
		{AF2F6D14-986F-488B-BA58-D1A5A099625C}.Debug|x86.Build.0 = Debug|Any CPU
		{AF2F6D14-986F-488B-BA58-D1A5A099625C}.Release|Any CPU.ActiveCfg = Release|Any CPU
		{AF2F6D14-986F-488B-BA58-D1A5A099625C}.Release|Any CPU.Build.0 = Release|Any CPU
		{AF2F6D14-986F-488B-BA58-D1A5A099625C}.Release|x86.ActiveCfg = Release|Any CPU
		{AF2F6D14-986F-488B-BA58-D1A5A099625C}.Release|x86.Build.0 = Release|Any CPU
		{96769EE6-E0C5-40AD-BEE7-0BA66A597409}.Debug|Any CPU.ActiveCfg = Debug|Any CPU
		{96769EE6-E0C5-40AD-BEE7-0BA66A597409}.Debug|Any CPU.Build.0 = Debug|Any CPU
		{96769EE6-E0C5-40AD-BEE7-0BA66A597409}.Debug|x86.ActiveCfg = Debug|Any CPU
		{96769EE6-E0C5-40AD-BEE7-0BA66A597409}.Debug|x86.Build.0 = Debug|Any CPU
		{96769EE6-E0C5-40AD-BEE7-0BA66A597409}.Release|Any CPU.ActiveCfg = Release|Any CPU
		{96769EE6-E0C5-40AD-BEE7-0BA66A597409}.Release|Any CPU.Build.0 = Release|Any CPU
		{96769EE6-E0C5-40AD-BEE7-0BA66A597409}.Release|x86.ActiveCfg = Release|Any CPU
		{96769EE6-E0C5-40AD-BEE7-0BA66A597409}.Release|x86.Build.0 = Release|Any CPU
		{6A5EC044-61BF-41DD-85B6-7C0D29B08234}.Debug|Any CPU.ActiveCfg = Debug|Any CPU
		{6A5EC044-61BF-41DD-85B6-7C0D29B08234}.Debug|Any CPU.Build.0 = Debug|Any CPU
		{6A5EC044-61BF-41DD-85B6-7C0D29B08234}.Debug|x86.ActiveCfg = Debug|Any CPU
		{6A5EC044-61BF-41DD-85B6-7C0D29B08234}.Debug|x86.Build.0 = Debug|Any CPU
		{6A5EC044-61BF-41DD-85B6-7C0D29B08234}.Release|Any CPU.ActiveCfg = Release|Any CPU
		{6A5EC044-61BF-41DD-85B6-7C0D29B08234}.Release|Any CPU.Build.0 = Release|Any CPU
		{6A5EC044-61BF-41DD-85B6-7C0D29B08234}.Release|x86.ActiveCfg = Release|Any CPU
		{6A5EC044-61BF-41DD-85B6-7C0D29B08234}.Release|x86.Build.0 = Release|Any CPU
		{6F4C005A-20D4-49FF-9569-B479470FBBE5}.Debug|Any CPU.ActiveCfg = Debug|Any CPU
		{6F4C005A-20D4-49FF-9569-B479470FBBE5}.Debug|Any CPU.Build.0 = Debug|Any CPU
		{6F4C005A-20D4-49FF-9569-B479470FBBE5}.Debug|x86.ActiveCfg = Debug|Any CPU
		{6F4C005A-20D4-49FF-9569-B479470FBBE5}.Debug|x86.Build.0 = Debug|Any CPU
		{6F4C005A-20D4-49FF-9569-B479470FBBE5}.Release|Any CPU.ActiveCfg = Release|Any CPU
		{6F4C005A-20D4-49FF-9569-B479470FBBE5}.Release|Any CPU.Build.0 = Release|Any CPU
		{6F4C005A-20D4-49FF-9569-B479470FBBE5}.Release|x86.ActiveCfg = Release|Any CPU
		{6F4C005A-20D4-49FF-9569-B479470FBBE5}.Release|x86.Build.0 = Release|Any CPU
		{BA3A2E8D-5002-4BCE-B61C-F8690DCE29E2}.Debug|Any CPU.ActiveCfg = Debug|Any CPU
		{BA3A2E8D-5002-4BCE-B61C-F8690DCE29E2}.Debug|Any CPU.Build.0 = Debug|Any CPU
		{BA3A2E8D-5002-4BCE-B61C-F8690DCE29E2}.Debug|x86.ActiveCfg = Debug|Any CPU
		{BA3A2E8D-5002-4BCE-B61C-F8690DCE29E2}.Debug|x86.Build.0 = Debug|Any CPU
		{BA3A2E8D-5002-4BCE-B61C-F8690DCE29E2}.Release|Any CPU.ActiveCfg = Release|Any CPU
		{BA3A2E8D-5002-4BCE-B61C-F8690DCE29E2}.Release|Any CPU.Build.0 = Release|Any CPU
		{BA3A2E8D-5002-4BCE-B61C-F8690DCE29E2}.Release|x86.ActiveCfg = Release|Any CPU
		{BA3A2E8D-5002-4BCE-B61C-F8690DCE29E2}.Release|x86.Build.0 = Release|Any CPU
		{34D48BD5-94AA-46A8-ACAE-2ECE2A3CB53F}.Debug|Any CPU.ActiveCfg = Debug|Any CPU
		{34D48BD5-94AA-46A8-ACAE-2ECE2A3CB53F}.Debug|Any CPU.Build.0 = Debug|Any CPU
		{34D48BD5-94AA-46A8-ACAE-2ECE2A3CB53F}.Debug|x86.ActiveCfg = Debug|Any CPU
		{34D48BD5-94AA-46A8-ACAE-2ECE2A3CB53F}.Debug|x86.Build.0 = Debug|Any CPU
		{34D48BD5-94AA-46A8-ACAE-2ECE2A3CB53F}.Release|Any CPU.ActiveCfg = Release|Any CPU
		{34D48BD5-94AA-46A8-ACAE-2ECE2A3CB53F}.Release|Any CPU.Build.0 = Release|Any CPU
		{34D48BD5-94AA-46A8-ACAE-2ECE2A3CB53F}.Release|x86.ActiveCfg = Release|Any CPU
		{34D48BD5-94AA-46A8-ACAE-2ECE2A3CB53F}.Release|x86.Build.0 = Release|Any CPU
		{6B6373A2-4964-4685-AB0A-06F9A7F51766}.Debug|Any CPU.ActiveCfg = Debug|Any CPU
		{6B6373A2-4964-4685-AB0A-06F9A7F51766}.Debug|Any CPU.Build.0 = Debug|Any CPU
		{6B6373A2-4964-4685-AB0A-06F9A7F51766}.Debug|x86.ActiveCfg = Debug|Any CPU
		{6B6373A2-4964-4685-AB0A-06F9A7F51766}.Debug|x86.Build.0 = Debug|Any CPU
		{6B6373A2-4964-4685-AB0A-06F9A7F51766}.Release|Any CPU.ActiveCfg = Release|Any CPU
		{6B6373A2-4964-4685-AB0A-06F9A7F51766}.Release|Any CPU.Build.0 = Release|Any CPU
		{6B6373A2-4964-4685-AB0A-06F9A7F51766}.Release|x86.ActiveCfg = Release|Any CPU
		{6B6373A2-4964-4685-AB0A-06F9A7F51766}.Release|x86.Build.0 = Release|Any CPU
	EndGlobalSection
	GlobalSection(SolutionProperties) = preSolution
		HideSolutionNode = FALSE
	EndGlobalSection
	GlobalSection(NestedProjects) = preSolution
		{078A9C52-DDC1-46F4-9235-9E6C89C87AFD} = {3A857CD2-8DF3-4BF3-B7C8-1266B43BA603}
		{40D8F531-BF68-4FAB-A5DC-57277C3DE2C8} = {BF60BC93-E09B-4E5F-9D85-95A519479D54}
		{D405C9DC-6818-40A6-9397-CD1574F60044} = {BF60BC93-E09B-4E5F-9D85-95A519479D54}
		{85E7EDC6-4744-49F1-9A8B-974E0AC537C4} = {BCF8AC63-491C-4D8E-81EC-88032ED4CF05}
		{23ADF96D-182D-49A8-B3E2-1FD211BF9745} = {BCF8AC63-491C-4D8E-81EC-88032ED4CF05}
		{600345EE-37DE-405A-8EF0-EB0F92310F6A} = {BF60BC93-E09B-4E5F-9D85-95A519479D54}
		{8CF6C4F7-5A55-43BD-AAD6-788E75FCA0B8} = {BF60BC93-E09B-4E5F-9D85-95A519479D54}
		{CDB56C55-5A93-4CDE-A8D4-E2E5454DAB86} = {BF60BC93-E09B-4E5F-9D85-95A519479D54}
		{C4A7F50F-D23E-4239-B1C4-1C68C0BBBADA} = {BF60BC93-E09B-4E5F-9D85-95A519479D54}
		{77586D4A-C976-4543-803E-1D4AB0E684DB} = {BF60BC93-E09B-4E5F-9D85-95A519479D54}
		{EB20DA07-E41E-4B98-A482-515B57FDC2ED} = {77586D4A-C976-4543-803E-1D4AB0E684DB}
		{8731EC01-57F7-4D93-B6C2-077B7C046E40} = {77586D4A-C976-4543-803E-1D4AB0E684DB}
		{4EE98793-1437-4327-BF3D-ECCE93DD7FB6} = {BCF8AC63-491C-4D8E-81EC-88032ED4CF05}
		{AF8CEE2A-5EBB-4B0F-931C-68E2D4B38DF9} = {BCF8AC63-491C-4D8E-81EC-88032ED4CF05}
		{E2B0F4A5-3270-457E-9BDE-C0131370CF77} = {BCF8AC63-491C-4D8E-81EC-88032ED4CF05}
		{56DE9AF3-F21C-4709-8328-7CE174EBA969} = {77586D4A-C976-4543-803E-1D4AB0E684DB}
		{F51C980F-5A93-437F-8D94-C7E20C6C900D} = {BF60BC93-E09B-4E5F-9D85-95A519479D54}
		{B1EBDDCB-4F33-49E3-A890-CD5497B1BE7E} = {BF60BC93-E09B-4E5F-9D85-95A519479D54}
		{08D4417E-7482-4FDB-88F0-73A36732375C} = {A0DABA06-FC1F-4129-B89E-1EAA3E01A6A9}
		{F0DF21CF-601E-4BFE-A310-3D8ED1AC326A} = {BF60BC93-E09B-4E5F-9D85-95A519479D54}
		{A730A9E1-38FC-4199-A698-1F35CB693858} = {B1EBDDCB-4F33-49E3-A890-CD5497B1BE7E}
		{47F783C7-DCB1-4773-872D-38E041A182D9} = {BF60BC93-E09B-4E5F-9D85-95A519479D54}
		{D704ABA3-0599-4C83-8835-5056D273C9F7} = {47F783C7-DCB1-4773-872D-38E041A182D9}
		{41771F9C-EC51-4807-863C-F701775D0C9F} = {47F783C7-DCB1-4773-872D-38E041A182D9}
		{514AE1E0-512F-49A7-83DA-3E047FF21890} = {BF60BC93-E09B-4E5F-9D85-95A519479D54}
		{A34C6E20-8C66-4565-9C58-66C69BC08679} = {BCF8AC63-491C-4D8E-81EC-88032ED4CF05}
		{A11A128D-2368-4935-974E-68C999D61BCB} = {BF60BC93-E09B-4E5F-9D85-95A519479D54}
		{D74C1913-0B2C-4910-AA4A-A4C316CE5C42} = {BF60BC93-E09B-4E5F-9D85-95A519479D54}
		{089CE4EE-6E45-4151-9244-3897B6477889} = {BCF8AC63-491C-4D8E-81EC-88032ED4CF05}
		{2FD15DA8-B6DD-4E01-BA0A-568F08F1945F} = {08D4417E-7482-4FDB-88F0-73A36732375C}
		{F64CA27D-5085-4C78-B580-9FA32A32CC31} = {08D4417E-7482-4FDB-88F0-73A36732375C}
		{E27B02A8-57F3-4C23-A59F-E1F838C1F821} = {08D4417E-7482-4FDB-88F0-73A36732375C}
		{CBDC87D3-C9CB-4C63-997C-EB8D91AB0BB0} = {08D4417E-7482-4FDB-88F0-73A36732375C}
		{AB1B66BC-924C-4DAC-B903-35CA798D51D7} = {08D4417E-7482-4FDB-88F0-73A36732375C}
		{8BC62A5E-49F6-4136-A06A-E032A8238B2E} = {BCF8AC63-491C-4D8E-81EC-88032ED4CF05}
		{BD7E7A86-E70C-4D80-A721-D0873A418F4F} = {BCF8AC63-491C-4D8E-81EC-88032ED4CF05}
		{479DA175-4675-49A7-B13E-BF8445BAC503} = {BCF8AC63-491C-4D8E-81EC-88032ED4CF05}
		{7F025987-B3B7-4FAA-A74D-1B2991FC1155} = {BCF8AC63-491C-4D8E-81EC-88032ED4CF05}
		{3ECDC739-0481-4AB8-A877-2C915E9F4371} = {47F783C7-DCB1-4773-872D-38E041A182D9}
		{F9634660-09E7-4F84-B63C-FA0D735389C7} = {BF60BC93-E09B-4E5F-9D85-95A519479D54}
		{E42C511A-6043-43CB-94E1-7AC090A8B084} = {F9634660-09E7-4F84-B63C-FA0D735389C7}
		{77048D08-9FF3-4509-BB2A-06BAD080B1CA} = {F9634660-09E7-4F84-B63C-FA0D735389C7}
		{F1483CEA-C33F-4D32-9F4E-FDE206B80226} = {F9634660-09E7-4F84-B63C-FA0D735389C7}
		{9266E3AE-CC41-40F5-B9DB-1ED293F76C41} = {BF60BC93-E09B-4E5F-9D85-95A519479D54}
		{464ADD47-6D77-4A5D-9F2F-C7CCACA26389} = {BCF8AC63-491C-4D8E-81EC-88032ED4CF05}
		{1ED69403-C97D-4879-AC2B-8923EE7130DC} = {BF60BC93-E09B-4E5F-9D85-95A519479D54}
		{6B04345A-627C-4374-A9F8-DF85CD563770} = {1ED69403-C97D-4879-AC2B-8923EE7130DC}
		{3C3B331E-DCF7-4F66-9364-111A1D1763FD} = {1ED69403-C97D-4879-AC2B-8923EE7130DC}
		{A247D2EE-14FC-463D-A9BA-6CFF1EF22B7A} = {1ED69403-C97D-4879-AC2B-8923EE7130DC}
		{BFB8EF8A-97E9-4675-B191-8BAC893432B4} = {099E2D5E-C7D9-4FC5-926E-55384C1207B0}
		{15CFA8E3-177B-4320-B896-0D281DB470D5} = {099E2D5E-C7D9-4FC5-926E-55384C1207B0}
		{93DB6DE3-83B1-4EF0-B55C-2B2453CB9432} = {099E2D5E-C7D9-4FC5-926E-55384C1207B0}
		{2D669F74-1856-4965-B358-E1DCFC435D56} = {77586D4A-C976-4543-803E-1D4AB0E684DB}
		{099E2D5E-C7D9-4FC5-926E-55384C1207B0} = {A0DABA06-FC1F-4129-B89E-1EAA3E01A6A9}
		{BE9666A8-C405-4C02-A68B-1A9EDD386070} = {099E2D5E-C7D9-4FC5-926E-55384C1207B0}
		{4CFBA6B3-76ED-4337-9C8C-6E40CA16C1FF} = {A0DABA06-FC1F-4129-B89E-1EAA3E01A6A9}
		{245CB253-5281-46D9-866E-11FF44868BA3} = {4CFBA6B3-76ED-4337-9C8C-6E40CA16C1FF}
		{27CE5CF1-B012-4EF6-9EB8-32867F40C873} = {4CFBA6B3-76ED-4337-9C8C-6E40CA16C1FF}
		{8DD4E277-DF80-498B-B0B1-31136BA5B596} = {E6C42E55-8BA2-46A1-BAFA-A345A019C387}
		{96E435A7-ED2B-4880-9FA9-E5F89D96F0B1} = {E6C42E55-8BA2-46A1-BAFA-A345A019C387}
		{97B41A9A-9781-4423-8FA1-C81F2E324DFA} = {E6C42E55-8BA2-46A1-BAFA-A345A019C387}
		{B6B5E47C-6DCF-440E-9863-404F7DBE5851} = {E6C42E55-8BA2-46A1-BAFA-A345A019C387}
		{5CF781FC-B9EA-4A5A-A621-C34E3E1D7E70} = {E6C42E55-8BA2-46A1-BAFA-A345A019C387}
		{21B4492C-ECF4-49A3-95AB-0BF74DD55FBC} = {E6C42E55-8BA2-46A1-BAFA-A345A019C387}
		{02BFC189-B705-4889-A4BF-11ADBBAC919B} = {E6C42E55-8BA2-46A1-BAFA-A345A019C387}
		{4701A48C-0B43-4E73-89A7-31AD46648043} = {E6C42E55-8BA2-46A1-BAFA-A345A019C387}
		{AF2F6D14-986F-488B-BA58-D1A5A099625C} = {E6C42E55-8BA2-46A1-BAFA-A345A019C387}
		{96769EE6-E0C5-40AD-BEE7-0BA66A597409} = {E6C42E55-8BA2-46A1-BAFA-A345A019C387}
		{6A5EC044-61BF-41DD-85B6-7C0D29B08234} = {77586D4A-C976-4543-803E-1D4AB0E684DB}
		{6F4C005A-20D4-49FF-9569-B479470FBBE5} = {77586D4A-C976-4543-803E-1D4AB0E684DB}
		{BA3A2E8D-5002-4BCE-B61C-F8690DCE29E2} = {77586D4A-C976-4543-803E-1D4AB0E684DB}
		{34D48BD5-94AA-46A8-ACAE-2ECE2A3CB53F} = {77586D4A-C976-4543-803E-1D4AB0E684DB}
		{6B6373A2-4964-4685-AB0A-06F9A7F51766} = {77586D4A-C976-4543-803E-1D4AB0E684DB}
	EndGlobalSection
	GlobalSection(ExtensibilityGlobals) = postSolution
		SolutionGuid = {8B36D7B1-CD69-44C5-8E57-DE46AC18C1F7}
	EndGlobalSection
EndGlobal
