Microsoft Visual Studio Solution File, Format Version 12.00
# Visual Studio Version 17
VisualStudioVersion = 17.3.32825.248
MinimumVisualStudioVersion = 10.0.40219.1
Project("{2150E333-8FDC-42A3-9474-1A3956D46DE8}") = "project", "project", "{BF60BC93-E09B-4E5F-9D85-95A519479D54}"
EndProject
Project("{2150E333-8FDC-42A3-9474-1A3956D46DE8}") = "git", "git", "{078A9C52-DDC1-46F4-9235-9E6C89C87AFD}"
	ProjectSection(SolutionItems) = preProject
		.gitattributes = .gitattributes
		.gitignore = .gitignore
	EndProjectSection
EndProject
Project("{2150E333-8FDC-42A3-9474-1A3956D46DE8}") = "Docs", "Docs", "{3A857CD2-8DF3-4BF3-B7C8-1266B43BA603}"
	ProjectSection(SolutionItems) = preProject
		src\Doc\Hierachies.pptx = src\Doc\Hierachies.pptx
		README.md = README.md
		RELEASE_NOTES.md = RELEASE_NOTES.md
		src\Doc\TagName.txt = src\Doc\TagName.txt
		src\Doc\ToDo.txt = src\Doc\ToDo.txt
	EndProjectSection
EndProject
Project("{2150E333-8FDC-42A3-9474-1A3956D46DE8}") = "UnitTest", "UnitTest", "{BCF8AC63-491C-4D8E-81EC-88032ED4CF05}"
EndProject
Project("{6EC3EE1D-3C4E-46DD-8F32-0CC8E7565705}") = "Engine.Core", "src\Engine\Engine.Core\Engine.Core.fsproj", "{40D8F531-BF68-4FAB-A5DC-57277C3DE2C8}"
EndProject
Project("{9A19103F-16F7-4668-BE54-9A1E7A4F7556}") = "Engine.Parser", "src\Engine\Engine.Parser\Engine.Parser.csproj", "{D405C9DC-6818-40A6-9397-CD1574F60044}"
EndProject
Project("{9A19103F-16F7-4668-BE54-9A1E7A4F7556}") = "Engine.Sample", "src\Engine\Engine.Test\Engine.Sample.csproj", "{85E7EDC6-4744-49F1-9A8B-974E0AC537C4}"
EndProject
Project("{6EC3EE1D-3C4E-46DD-8F32-0CC8E7565705}") = "UnitTest.Engine", "src\UnitTest\UnitTest.Engine\UnitTest.Engine.fsproj", "{23ADF96D-182D-49A8-B3E2-1FD211BF9745}"
EndProject
Project("{6EC3EE1D-3C4E-46DD-8F32-0CC8E7565705}") = "Engine.Parser.FS", "src\Engine\Engine.Parser.FS\Engine.Parser.FS.fsproj", "{600345EE-37DE-405A-8EF0-EB0F92310F6A}"
EndProject
Project("{6EC3EE1D-3C4E-46DD-8F32-0CC8E7565705}") = "Engine.Cpu", "src\Engine\Engine.Cpu\Engine.Cpu.fsproj", "{8CF6C4F7-5A55-43BD-AAD6-788E75FCA0B8}"
EndProject
Project("{6EC3EE1D-3C4E-46DD-8F32-0CC8E7565705}") = "Engine.CodeGenCPU", "src\Engine\Engine.CodeGenCPU\Engine.CodeGenCPU.fsproj", "{CDB56C55-5A93-4CDE-A8D4-E2E5454DAB86}"
EndProject
Project("{6EC3EE1D-3C4E-46DD-8F32-0CC8E7565705}") = "Engine.CodeGenHMI", "src\Engine\Engine.CodeGenHMI\Engine.CodeGenHMI.fsproj", "{C4A7F50F-D23E-4239-B1C4-1C68C0BBBADA}"
EndProject
Project("{2150E333-8FDC-42A3-9474-1A3956D46DE8}") = "PLC", "PLC", "{77586D4A-C976-4543-803E-1D4AB0E684DB}"
EndProject
Project("{6EC3EE1D-3C4E-46DD-8F32-0CC8E7565705}") = "PLC.CodeGen.LS", "src\PLC\PLC.CodeGen.LS\PLC.CodeGen.LS.fsproj", "{EB20DA07-E41E-4B98-A482-515B57FDC2ED}"
EndProject
Project("{6EC3EE1D-3C4E-46DD-8F32-0CC8E7565705}") = "PLC.CodeGen.Common", "src\PLC\PLC.CodeGen.Common\PLC.CodeGen.Common.fsproj", "{8731EC01-57F7-4D93-B6C2-077B7C046E40}"
EndProject
Project("{6EC3EE1D-3C4E-46DD-8F32-0CC8E7565705}") = "UnitTest.Common", "src\UnitTest\UnitTest.Common\UnitTest.Common.fsproj", "{4EE98793-1437-4327-BF3D-ECCE93DD7FB6}"
EndProject
Project("{6EC3EE1D-3C4E-46DD-8F32-0CC8E7565705}") = "UnitTest.Expression", "src\UnitTest\UnitTest.Expression\UnitTest.Expression.fsproj", "{AF8CEE2A-5EBB-4B0F-931C-68E2D4B38DF9}"
EndProject
Project("{6EC3EE1D-3C4E-46DD-8F32-0CC8E7565705}") = "UnitTest.PLC.Xgx", "src\UnitTest\UnitTest.PLC.Xgx\UnitTest.PLC.Xgx.fsproj", "{E2B0F4A5-3270-457E-9BDE-C0131370CF77}"
EndProject
Project("{2150E333-8FDC-42A3-9474-1A3956D46DE8}") = "Documents", "Documents", "{56DE9AF3-F21C-4709-8328-7CE174EBA969}"
	ProjectSection(SolutionItems) = preProject
		Readme.txt = Readme.txt
	EndProjectSection
EndProject
Project("{6EC3EE1D-3C4E-46DD-8F32-0CC8E7565705}") = "TestProfiler", "src\UnitTest\TestProfiler\TestProfiler.fsproj", "{63A67C9F-16AE-423F-B35D-4DE26C9CC50B}"
EndProject
Project("{6EC3EE1D-3C4E-46DD-8F32-0CC8E7565705}") = "Engine.Import.Office", "src\Engine\Engine.Import.Office\Engine.Import.Office.fsproj", "{F51C980F-5A93-437F-8D94-C7E20C6C900D}"
EndProject
Project("{2150E333-8FDC-42A3-9474-1A3956D46DE8}") = "Diagram", "Diagram", "{B1EBDDCB-4F33-49E3-A890-CD5497B1BE7E}"
EndProject
Project("{2150E333-8FDC-42A3-9474-1A3956D46DE8}") = "OfficeAddIn", "OfficeAddIn", "{08D4417E-7482-4FDB-88F0-73A36732375C}"
EndProject
Project("{9A19103F-16F7-4668-BE54-9A1E7A4F7556}") = "DSModeler", "Apps\DSModeler\DSModeler.csproj", "{662DAE98-BD0D-41A1-99E3-2A12CA5701AA}"
EndProject
Project("{2150E333-8FDC-42A3-9474-1A3956D46DE8}") = "App", "App", "{A0DABA06-FC1F-4129-B89E-1EAA3E01A6A9}"
EndProject
Project("{6EC3EE1D-3C4E-46DD-8F32-0CC8E7565705}") = "Engine.CodeGenPLC", "src\Engine\Engine.CodeGenPLC\Engine.CodeGenPLC.fsproj", "{F0DF21CF-601E-4BFE-A310-3D8ED1AC326A}"
EndProject
Project("{9A19103F-16F7-4668-BE54-9A1E7A4F7556}") = "Diagram.View.MSAGL", "src\Diagram\Diagram.View.MSAGL.csproj", "{A730A9E1-38FC-4199-A698-1F35CB693858}"
EndProject
Project("{2150E333-8FDC-42A3-9474-1A3956D46DE8}") = "IOHub", "IOHub", "{47F783C7-DCB1-4773-872D-38E041A182D9}"
EndProject
Project("{6EC3EE1D-3C4E-46DD-8F32-0CC8E7565705}") = "IO.Core", "src\IOHub\IO.Core\IO.Core.fsproj", "{D704ABA3-0599-4C83-8835-5056D273C9F7}"
EndProject
Project("{2150E333-8FDC-42A3-9474-1A3956D46DE8}") = "ClientSamples", "ClientSamples", "{1ABCD66C-D3ED-44E9-9D5C-BDB4CB852D33}"
	ProjectSection(SolutionItems) = preProject
		src\IOHub\ClientSamples\CppClient.cpp = src\IOHub\ClientSamples\CppClient.cpp
		src\IOHub\ClientSamples\FSharpClient.fsx = src\IOHub\ClientSamples\FSharpClient.fsx
		src\IOHub\ClientSamples\Makefile = src\IOHub\ClientSamples\Makefile
	EndProjectSection
EndProject
Project("{9A19103F-16F7-4668-BE54-9A1E7A4F7556}") = "IO.WebServer", "src\IOHub\IO.WebServer\IO.WebServer.csproj", "{35D7BB38-105C-49E8-A929-B36588684CDD}"
EndProject
Project("{9A19103F-16F7-4668-BE54-9A1E7A4F7556}") = "ThirdParty.AddressInfo.Provider", "src\IOHub\ThirdParty.AddressInfo.Provider\ThirdParty.AddressInfo.Provider.csproj", "{A94A94F5-E2F2-409C-9E4B-0D833BC6E9B4}"
EndProject
Project("{9A19103F-16F7-4668-BE54-9A1E7A4F7556}") = "IO.Spec", "src\IOHub\IO.Spec\IO.Spec.csproj", "{41771F9C-EC51-4807-863C-F701775D0C9F}"
EndProject
Project("{6EC3EE1D-3C4E-46DD-8F32-0CC8E7565705}") = "UnitTest.IOHub", "src\UnitTest\UnitTest.IOHub\UnitTest.IOHub.fsproj", "{70BA77DF-02A3-4E43-8794-13F5A9CE334F}"
EndProject
Project("{6EC3EE1D-3C4E-46DD-8F32-0CC8E7565705}") = "Engine.Custom", "src\Engine\Engine.Custom\Engine.Custom.fsproj", "{514AE1E0-512F-49A7-83DA-3E047FF21890}"
EndProject
Project("{9A19103F-16F7-4668-BE54-9A1E7A4F7556}") = "Engine.Custom.Sample", "src\UnitTest\Engine.Custom.Sample\Engine.Custom.Sample.csproj", "{A34C6E20-8C66-4565-9C58-66C69BC08679}"
EndProject
Project("{2150E333-8FDC-42A3-9474-1A3956D46DE8}") = "FSharpSamples", "FSharpSamples", "{B0B354B6-C314-4463-87C6-344FEBA7D85B}"
EndProject
Project("{6EC3EE1D-3C4E-46DD-8F32-0CC8E7565705}") = "client", "src\IOHub\ClientSamples\ClientSample.FSharp\client\client.fsproj", "{9DFF7DBF-B047-4959-BFEC-754134541D80}"
EndProject
Project("{6EC3EE1D-3C4E-46DD-8F32-0CC8E7565705}") = "server", "src\IOHub\ClientSamples\ClientSample.FSharp\server\server.fsproj", "{AB60382B-0A94-4B50-A346-8D60AFC7D6AA}"
EndProject
Project("{2150E333-8FDC-42A3-9474-1A3956D46DE8}") = "Web", "Web", "{2210F989-D9A9-461E-8D56-07886D37108B}"
EndProject
Project("{9A19103F-16F7-4668-BE54-9A1E7A4F7556}") = "DsWebApp.Client", "src\Web\DsWebApp.Client\DsWebApp.Client.csproj", "{436D30A4-46AD-42BD-A7A4-D8BC3EDF28B1}"
EndProject
Project("{9A19103F-16F7-4668-BE54-9A1E7A4F7556}") = "DsWebApp.Server", "src\Web\DsWebApp.Server\DsWebApp.Server.csproj", "{192DC80C-3F32-4DC7-8BA9-E24683138570}"
EndProject
Project("{9A19103F-16F7-4668-BE54-9A1E7A4F7556}") = "DsWebApp.Shared", "src\Web\DsWebApp.Shared\DsWebApp.Shared.csproj", "{3BCC55DB-668A-4BB8-B04B-76D0781E13BD}"
EndProject
Project("{6EC3EE1D-3C4E-46DD-8F32-0CC8E7565705}") = "Engine.Runtime", "src\Engine\Engine.Runtime\Engine.Runtime.fsproj", "{A11A128D-2368-4935-974E-68C999D61BCB}"
	ProjectSection(ProjectDependencies) = postProject
		{40D8F531-BF68-4FAB-A5DC-57277C3DE2C8} = {40D8F531-BF68-4FAB-A5DC-57277C3DE2C8}
		{CDB56C55-5A93-4CDE-A8D4-E2E5454DAB86} = {CDB56C55-5A93-4CDE-A8D4-E2E5454DAB86}
		{D74C1913-0B2C-4910-AA4A-A4C316CE5C42} = {D74C1913-0B2C-4910-AA4A-A4C316CE5C42}
		{F51C980F-5A93-437F-8D94-C7E20C6C900D} = {F51C980F-5A93-437F-8D94-C7E20C6C900D}
	EndProjectSection
EndProject
Project("{6EC3EE1D-3C4E-46DD-8F32-0CC8E7565705}") = "Engine.Info", "src\Engine\Engine.Info\Engine.Info.fsproj", "{D74C1913-0B2C-4910-AA4A-A4C316CE5C42}"
EndProject
Project("{6EC3EE1D-3C4E-46DD-8F32-0CC8E7565705}") = "UnitTest.PowerPointAddIn", "src\UnitTest\UnitTest.PowerPointAddIn\UnitTest.PowerPointAddIn.fsproj", "{089CE4EE-6E45-4151-9244-3897B6477889}"
EndProject
Project("{54435603-DBB4-11D2-8724-00A0C9A8B90C}") = "PowerPointAddIn For Dualsoft Setup", "Apps\OfficeAddIn\PowerPointAddIn For Dualsoft Setup\PowerPointAddInSetup.vdproj", "{2FD15DA8-B6DD-4E01-BA0A-568F08F1945F}"
EndProject
Project("{FAE04EC0-301F-11D3-BF4B-00C04F79EFBC}") = "PowerPointAddInForDualsoft", "Apps\OfficeAddIn\PowerPointAddInForDualsoft\PowerPointAddInForDualsoft.csproj", "{F64CA27D-5085-4C78-B580-9FA32A32CC31}"
EndProject
Project("{9A19103F-16F7-4668-BE54-9A1E7A4F7556}") = "PowerPointAddInHelper", "Apps\OfficeAddIn\PowerPointAddInHelper\PowerPointAddInHelper.csproj", "{E27B02A8-57F3-4C23-A59F-E1F838C1F821}"
EndProject
Project("{6EC3EE1D-3C4E-46DD-8F32-0CC8E7565705}") = "PowerPointAddInShared", "Apps\OfficeAddIn\PowerPointAddInShared\PowerPointAddInShared.fsproj", "{CBDC87D3-C9CB-4C63-997C-EB8D91AB0BB0}"
EndProject
Project("{FAE04EC0-301F-11D3-BF4B-00C04F79EFBC}") = "PowerPointAddInSetupUtil", "Apps\OfficeAddIn\PowerPointAddIn For Dualsoft Setup\PowerPointAddInSetupUtil\PowerPointAddInSetupUtil.csproj", "{AB1B66BC-924C-4DAC-B903-35CA798D51D7}"
EndProject
Project("{6EC3EE1D-3C4E-46DD-8F32-0CC8E7565705}") = "UnitTest.HMI", "src\UnitTest\UnitTest.HMI\UnitTest.HMI.fsproj", "{8BC62A5E-49F6-4136-A06A-E032A8238B2E}"
EndProject
Project("{6EC3EE1D-3C4E-46DD-8F32-0CC8E7565705}") = "UnitTest.Core", "src\UnitTest\UnitTest.Core\UnitTest.Core.fsproj", "{BD7E7A86-E70C-4D80-A721-D0873A418F4F}"
EndProject
Project("{6EC3EE1D-3C4E-46DD-8F32-0CC8E7565705}") = "UnitTest.Runtime", "src\UnitTest\UnitTest.Runtime\UnitTest.Runtime.fsproj", "{479DA175-4675-49A7-B13E-BF8445BAC503}"
EndProject
Project("{9A19103F-16F7-4668-BE54-9A1E7A4F7556}") = "Engine.TestSimulator", "src\UnitTest\Engine.TestSimulator\Engine.TestSimulator.csproj", "{7F025987-B3B7-4FAA-A74D-1B2991FC1155}"
EndProject
Project("{2150E333-8FDC-42A3-9474-1A3956D46DE8}") = "Modeler", "Modeler", "{41943432-DEAF-4D4C-80A2-D9716416A24D}"
EndProject
Project("{6EC3EE1D-3C4E-46DD-8F32-0CC8E7565705}") = "IO.Dualsoft", "src\IOHub\IO.Dualsoft\IO.Dualsoft.fsproj", "{3ECDC739-0481-4AB8-A877-2C915E9F4371}"
EndProject
Project("{2150E333-8FDC-42A3-9474-1A3956D46DE8}") = "ThirdParty", "ThirdParty", "{A7B3821A-9AAB-4299-BA93-603CF5F79A0A}"
EndProject
Project("{2150E333-8FDC-42A3-9474-1A3956D46DE8}") = "LS", "LS", "{5382D5A4-E21B-4588-8EAF-791D9698F952}"
EndProject
Project("{2150E333-8FDC-42A3-9474-1A3956D46DE8}") = "PAIX", "PAIX", "{1E5AB00F-03D7-4F8A-986B-1740DB061741}"
EndProject
Project("{9A19103F-16F7-4668-BE54-9A1E7A4F7556}") = "XGTComm", "src\IOHub\ThirdParty\LS\XgComm\XGTComm.csproj", "{042AD69C-4E56-4097-A474-E149157CCC21}"
EndProject
Project("{6EC3EE1D-3C4E-46DD-8F32-0CC8E7565705}") = "IOClient.Xgi", "src\IOHub\ThirdParty\LS\IOClient.Xgi\IOClient.Xgi.fsproj", "{F44F8910-3EEB-415A-99F3-528D9C8B466C}"
EndProject
Project("{6EC3EE1D-3C4E-46DD-8F32-0CC8E7565705}") = "IOMapForModeler.Obsolete", "src\IOMap.Obsolete\IOMapForModeler\IOMapForModeler.Obsolete.fsproj", "{3A0FB890-6C14-47CE-BEF6-072356C98622}"
EndProject
Project("{2150E333-8FDC-42A3-9474-1A3956D46DE8}") = "RedisDS", "RedisDS", "{F9634660-09E7-4F84-B63C-FA0D735389C7}"
EndProject
Project("{9A19103F-16F7-4668-BE54-9A1E7A4F7556}") = "RedisDSServer", "Apps\RedisDS\RedisDSPLCServer\RedisDSServer.csproj", "{60A80FC5-B0A9-4883-AE65-FE0AF957A3B1}"
EndProject
Project("{9A19103F-16F7-4668-BE54-9A1E7A4F7556}") = "RedisDSUtil", "Apps\RedisDS\RedisDSUtil\RedisDSUtil.csproj", "{0E1C80BA-3F6A-4A53-945A-89D9A496104B}"
EndProject
Global
	GlobalSection(SolutionConfigurationPlatforms) = preSolution
		Debug|Any CPU = Debug|Any CPU
		Debug|x86 = Debug|x86
		Release|Any CPU = Release|Any CPU
		Release|x86 = Release|x86
	EndGlobalSection
	GlobalSection(ProjectConfigurationPlatforms) = postSolution
		{40D8F531-BF68-4FAB-A5DC-57277C3DE2C8}.Debug|Any CPU.ActiveCfg = Debug|Any CPU
		{40D8F531-BF68-4FAB-A5DC-57277C3DE2C8}.Debug|Any CPU.Build.0 = Debug|Any CPU
		{40D8F531-BF68-4FAB-A5DC-57277C3DE2C8}.Debug|x86.ActiveCfg = Debug|Any CPU
		{40D8F531-BF68-4FAB-A5DC-57277C3DE2C8}.Debug|x86.Build.0 = Debug|Any CPU
		{40D8F531-BF68-4FAB-A5DC-57277C3DE2C8}.Release|Any CPU.ActiveCfg = Release|Any CPU
		{40D8F531-BF68-4FAB-A5DC-57277C3DE2C8}.Release|Any CPU.Build.0 = Release|Any CPU
		{40D8F531-BF68-4FAB-A5DC-57277C3DE2C8}.Release|x86.ActiveCfg = Release|Any CPU
		{40D8F531-BF68-4FAB-A5DC-57277C3DE2C8}.Release|x86.Build.0 = Release|Any CPU
		{D405C9DC-6818-40A6-9397-CD1574F60044}.Debug|Any CPU.ActiveCfg = Debug|Any CPU
		{D405C9DC-6818-40A6-9397-CD1574F60044}.Debug|Any CPU.Build.0 = Debug|Any CPU
		{D405C9DC-6818-40A6-9397-CD1574F60044}.Debug|x86.ActiveCfg = Debug|Any CPU
		{D405C9DC-6818-40A6-9397-CD1574F60044}.Debug|x86.Build.0 = Debug|Any CPU
		{D405C9DC-6818-40A6-9397-CD1574F60044}.Release|Any CPU.ActiveCfg = Release|Any CPU
		{D405C9DC-6818-40A6-9397-CD1574F60044}.Release|Any CPU.Build.0 = Release|Any CPU
		{D405C9DC-6818-40A6-9397-CD1574F60044}.Release|x86.ActiveCfg = Release|Any CPU
		{D405C9DC-6818-40A6-9397-CD1574F60044}.Release|x86.Build.0 = Release|Any CPU
		{85E7EDC6-4744-49F1-9A8B-974E0AC537C4}.Debug|Any CPU.ActiveCfg = Debug|Any CPU
		{85E7EDC6-4744-49F1-9A8B-974E0AC537C4}.Debug|Any CPU.Build.0 = Debug|Any CPU
		{85E7EDC6-4744-49F1-9A8B-974E0AC537C4}.Debug|x86.ActiveCfg = Debug|Any CPU
		{85E7EDC6-4744-49F1-9A8B-974E0AC537C4}.Debug|x86.Build.0 = Debug|Any CPU
		{85E7EDC6-4744-49F1-9A8B-974E0AC537C4}.Release|Any CPU.ActiveCfg = Release|Any CPU
		{85E7EDC6-4744-49F1-9A8B-974E0AC537C4}.Release|Any CPU.Build.0 = Release|Any CPU
		{85E7EDC6-4744-49F1-9A8B-974E0AC537C4}.Release|x86.ActiveCfg = Release|Any CPU
		{85E7EDC6-4744-49F1-9A8B-974E0AC537C4}.Release|x86.Build.0 = Release|Any CPU
		{23ADF96D-182D-49A8-B3E2-1FD211BF9745}.Debug|Any CPU.ActiveCfg = Debug|Any CPU
		{23ADF96D-182D-49A8-B3E2-1FD211BF9745}.Debug|Any CPU.Build.0 = Debug|Any CPU
		{23ADF96D-182D-49A8-B3E2-1FD211BF9745}.Debug|x86.ActiveCfg = Debug|Any CPU
		{23ADF96D-182D-49A8-B3E2-1FD211BF9745}.Debug|x86.Build.0 = Debug|Any CPU
		{23ADF96D-182D-49A8-B3E2-1FD211BF9745}.Release|Any CPU.ActiveCfg = Release|Any CPU
		{23ADF96D-182D-49A8-B3E2-1FD211BF9745}.Release|Any CPU.Build.0 = Release|Any CPU
		{23ADF96D-182D-49A8-B3E2-1FD211BF9745}.Release|x86.ActiveCfg = Release|Any CPU
		{23ADF96D-182D-49A8-B3E2-1FD211BF9745}.Release|x86.Build.0 = Release|Any CPU
		{600345EE-37DE-405A-8EF0-EB0F92310F6A}.Debug|Any CPU.ActiveCfg = Debug|Any CPU
		{600345EE-37DE-405A-8EF0-EB0F92310F6A}.Debug|Any CPU.Build.0 = Debug|Any CPU
		{600345EE-37DE-405A-8EF0-EB0F92310F6A}.Debug|x86.ActiveCfg = Debug|Any CPU
		{600345EE-37DE-405A-8EF0-EB0F92310F6A}.Debug|x86.Build.0 = Debug|Any CPU
		{600345EE-37DE-405A-8EF0-EB0F92310F6A}.Release|Any CPU.ActiveCfg = Release|Any CPU
		{600345EE-37DE-405A-8EF0-EB0F92310F6A}.Release|Any CPU.Build.0 = Release|Any CPU
		{600345EE-37DE-405A-8EF0-EB0F92310F6A}.Release|x86.ActiveCfg = Release|Any CPU
		{600345EE-37DE-405A-8EF0-EB0F92310F6A}.Release|x86.Build.0 = Release|Any CPU
		{8CF6C4F7-5A55-43BD-AAD6-788E75FCA0B8}.Debug|Any CPU.ActiveCfg = Debug|Any CPU
		{8CF6C4F7-5A55-43BD-AAD6-788E75FCA0B8}.Debug|Any CPU.Build.0 = Debug|Any CPU
		{8CF6C4F7-5A55-43BD-AAD6-788E75FCA0B8}.Debug|x86.ActiveCfg = Debug|Any CPU
		{8CF6C4F7-5A55-43BD-AAD6-788E75FCA0B8}.Debug|x86.Build.0 = Debug|Any CPU
		{8CF6C4F7-5A55-43BD-AAD6-788E75FCA0B8}.Release|Any CPU.ActiveCfg = Release|Any CPU
		{8CF6C4F7-5A55-43BD-AAD6-788E75FCA0B8}.Release|Any CPU.Build.0 = Release|Any CPU
		{8CF6C4F7-5A55-43BD-AAD6-788E75FCA0B8}.Release|x86.ActiveCfg = Release|Any CPU
		{8CF6C4F7-5A55-43BD-AAD6-788E75FCA0B8}.Release|x86.Build.0 = Release|Any CPU
		{CDB56C55-5A93-4CDE-A8D4-E2E5454DAB86}.Debug|Any CPU.ActiveCfg = Debug|Any CPU
		{CDB56C55-5A93-4CDE-A8D4-E2E5454DAB86}.Debug|Any CPU.Build.0 = Debug|Any CPU
		{CDB56C55-5A93-4CDE-A8D4-E2E5454DAB86}.Debug|x86.ActiveCfg = Debug|Any CPU
		{CDB56C55-5A93-4CDE-A8D4-E2E5454DAB86}.Debug|x86.Build.0 = Debug|Any CPU
		{CDB56C55-5A93-4CDE-A8D4-E2E5454DAB86}.Release|Any CPU.ActiveCfg = Release|Any CPU
		{CDB56C55-5A93-4CDE-A8D4-E2E5454DAB86}.Release|Any CPU.Build.0 = Release|Any CPU
		{CDB56C55-5A93-4CDE-A8D4-E2E5454DAB86}.Release|x86.ActiveCfg = Release|Any CPU
		{CDB56C55-5A93-4CDE-A8D4-E2E5454DAB86}.Release|x86.Build.0 = Release|Any CPU
		{C4A7F50F-D23E-4239-B1C4-1C68C0BBBADA}.Debug|Any CPU.ActiveCfg = Debug|Any CPU
		{C4A7F50F-D23E-4239-B1C4-1C68C0BBBADA}.Debug|Any CPU.Build.0 = Debug|Any CPU
		{C4A7F50F-D23E-4239-B1C4-1C68C0BBBADA}.Debug|x86.ActiveCfg = Debug|Any CPU
		{C4A7F50F-D23E-4239-B1C4-1C68C0BBBADA}.Debug|x86.Build.0 = Debug|Any CPU
		{C4A7F50F-D23E-4239-B1C4-1C68C0BBBADA}.Release|Any CPU.ActiveCfg = Release|Any CPU
		{C4A7F50F-D23E-4239-B1C4-1C68C0BBBADA}.Release|Any CPU.Build.0 = Release|Any CPU
		{C4A7F50F-D23E-4239-B1C4-1C68C0BBBADA}.Release|x86.ActiveCfg = Release|Any CPU
		{C4A7F50F-D23E-4239-B1C4-1C68C0BBBADA}.Release|x86.Build.0 = Release|Any CPU
		{EB20DA07-E41E-4B98-A482-515B57FDC2ED}.Debug|Any CPU.ActiveCfg = Debug|Any CPU
		{EB20DA07-E41E-4B98-A482-515B57FDC2ED}.Debug|Any CPU.Build.0 = Debug|Any CPU
		{EB20DA07-E41E-4B98-A482-515B57FDC2ED}.Debug|x86.ActiveCfg = Debug|Any CPU
		{EB20DA07-E41E-4B98-A482-515B57FDC2ED}.Debug|x86.Build.0 = Debug|Any CPU
		{EB20DA07-E41E-4B98-A482-515B57FDC2ED}.Release|Any CPU.ActiveCfg = Release|Any CPU
		{EB20DA07-E41E-4B98-A482-515B57FDC2ED}.Release|Any CPU.Build.0 = Release|Any CPU
		{EB20DA07-E41E-4B98-A482-515B57FDC2ED}.Release|x86.ActiveCfg = Release|Any CPU
		{EB20DA07-E41E-4B98-A482-515B57FDC2ED}.Release|x86.Build.0 = Release|Any CPU
		{8731EC01-57F7-4D93-B6C2-077B7C046E40}.Debug|Any CPU.ActiveCfg = Debug|Any CPU
		{8731EC01-57F7-4D93-B6C2-077B7C046E40}.Debug|Any CPU.Build.0 = Debug|Any CPU
		{8731EC01-57F7-4D93-B6C2-077B7C046E40}.Debug|x86.ActiveCfg = Debug|Any CPU
		{8731EC01-57F7-4D93-B6C2-077B7C046E40}.Debug|x86.Build.0 = Debug|Any CPU
		{8731EC01-57F7-4D93-B6C2-077B7C046E40}.Release|Any CPU.ActiveCfg = Release|Any CPU
		{8731EC01-57F7-4D93-B6C2-077B7C046E40}.Release|Any CPU.Build.0 = Release|Any CPU
		{8731EC01-57F7-4D93-B6C2-077B7C046E40}.Release|x86.ActiveCfg = Release|Any CPU
		{8731EC01-57F7-4D93-B6C2-077B7C046E40}.Release|x86.Build.0 = Release|Any CPU
		{4EE98793-1437-4327-BF3D-ECCE93DD7FB6}.Debug|Any CPU.ActiveCfg = Debug|Any CPU
		{4EE98793-1437-4327-BF3D-ECCE93DD7FB6}.Debug|Any CPU.Build.0 = Debug|Any CPU
		{4EE98793-1437-4327-BF3D-ECCE93DD7FB6}.Debug|x86.ActiveCfg = Debug|Any CPU
		{4EE98793-1437-4327-BF3D-ECCE93DD7FB6}.Debug|x86.Build.0 = Debug|Any CPU
		{4EE98793-1437-4327-BF3D-ECCE93DD7FB6}.Release|Any CPU.ActiveCfg = Release|Any CPU
		{4EE98793-1437-4327-BF3D-ECCE93DD7FB6}.Release|Any CPU.Build.0 = Release|Any CPU
		{4EE98793-1437-4327-BF3D-ECCE93DD7FB6}.Release|x86.ActiveCfg = Release|Any CPU
		{4EE98793-1437-4327-BF3D-ECCE93DD7FB6}.Release|x86.Build.0 = Release|Any CPU
		{AF8CEE2A-5EBB-4B0F-931C-68E2D4B38DF9}.Debug|Any CPU.ActiveCfg = Debug|Any CPU
		{AF8CEE2A-5EBB-4B0F-931C-68E2D4B38DF9}.Debug|Any CPU.Build.0 = Debug|Any CPU
		{AF8CEE2A-5EBB-4B0F-931C-68E2D4B38DF9}.Debug|x86.ActiveCfg = Debug|Any CPU
		{AF8CEE2A-5EBB-4B0F-931C-68E2D4B38DF9}.Debug|x86.Build.0 = Debug|Any CPU
		{AF8CEE2A-5EBB-4B0F-931C-68E2D4B38DF9}.Release|Any CPU.ActiveCfg = Release|Any CPU
		{AF8CEE2A-5EBB-4B0F-931C-68E2D4B38DF9}.Release|Any CPU.Build.0 = Release|Any CPU
		{AF8CEE2A-5EBB-4B0F-931C-68E2D4B38DF9}.Release|x86.ActiveCfg = Release|Any CPU
		{AF8CEE2A-5EBB-4B0F-931C-68E2D4B38DF9}.Release|x86.Build.0 = Release|Any CPU
		{E2B0F4A5-3270-457E-9BDE-C0131370CF77}.Debug|Any CPU.ActiveCfg = Debug|Any CPU
		{E2B0F4A5-3270-457E-9BDE-C0131370CF77}.Debug|Any CPU.Build.0 = Debug|Any CPU
		{E2B0F4A5-3270-457E-9BDE-C0131370CF77}.Debug|x86.ActiveCfg = Debug|Any CPU
		{E2B0F4A5-3270-457E-9BDE-C0131370CF77}.Debug|x86.Build.0 = Debug|Any CPU
		{E2B0F4A5-3270-457E-9BDE-C0131370CF77}.Release|Any CPU.ActiveCfg = Release|Any CPU
		{E2B0F4A5-3270-457E-9BDE-C0131370CF77}.Release|Any CPU.Build.0 = Release|Any CPU
		{E2B0F4A5-3270-457E-9BDE-C0131370CF77}.Release|x86.ActiveCfg = Release|Any CPU
		{E2B0F4A5-3270-457E-9BDE-C0131370CF77}.Release|x86.Build.0 = Release|Any CPU
		{63A67C9F-16AE-423F-B35D-4DE26C9CC50B}.Debug|Any CPU.ActiveCfg = Debug|Any CPU
		{63A67C9F-16AE-423F-B35D-4DE26C9CC50B}.Debug|Any CPU.Build.0 = Debug|Any CPU
		{63A67C9F-16AE-423F-B35D-4DE26C9CC50B}.Debug|x86.ActiveCfg = Debug|Any CPU
		{63A67C9F-16AE-423F-B35D-4DE26C9CC50B}.Debug|x86.Build.0 = Debug|Any CPU
		{63A67C9F-16AE-423F-B35D-4DE26C9CC50B}.Release|Any CPU.ActiveCfg = Release|Any CPU
		{63A67C9F-16AE-423F-B35D-4DE26C9CC50B}.Release|Any CPU.Build.0 = Release|Any CPU
		{63A67C9F-16AE-423F-B35D-4DE26C9CC50B}.Release|x86.ActiveCfg = Release|Any CPU
		{63A67C9F-16AE-423F-B35D-4DE26C9CC50B}.Release|x86.Build.0 = Release|Any CPU
		{F51C980F-5A93-437F-8D94-C7E20C6C900D}.Debug|Any CPU.ActiveCfg = Debug|Any CPU
		{F51C980F-5A93-437F-8D94-C7E20C6C900D}.Debug|Any CPU.Build.0 = Debug|Any CPU
		{F51C980F-5A93-437F-8D94-C7E20C6C900D}.Debug|x86.ActiveCfg = Debug|Any CPU
		{F51C980F-5A93-437F-8D94-C7E20C6C900D}.Debug|x86.Build.0 = Debug|Any CPU
		{F51C980F-5A93-437F-8D94-C7E20C6C900D}.Release|Any CPU.ActiveCfg = Release|Any CPU
		{F51C980F-5A93-437F-8D94-C7E20C6C900D}.Release|Any CPU.Build.0 = Release|Any CPU
		{F51C980F-5A93-437F-8D94-C7E20C6C900D}.Release|x86.ActiveCfg = Release|Any CPU
		{F51C980F-5A93-437F-8D94-C7E20C6C900D}.Release|x86.Build.0 = Release|Any CPU
		{662DAE98-BD0D-41A1-99E3-2A12CA5701AA}.Debug|Any CPU.ActiveCfg = Debug|Any CPU
		{662DAE98-BD0D-41A1-99E3-2A12CA5701AA}.Debug|Any CPU.Build.0 = Debug|Any CPU
		{662DAE98-BD0D-41A1-99E3-2A12CA5701AA}.Debug|x86.ActiveCfg = Debug|Any CPU
		{662DAE98-BD0D-41A1-99E3-2A12CA5701AA}.Debug|x86.Build.0 = Debug|Any CPU
		{662DAE98-BD0D-41A1-99E3-2A12CA5701AA}.Release|Any CPU.ActiveCfg = Release|Any CPU
		{662DAE98-BD0D-41A1-99E3-2A12CA5701AA}.Release|Any CPU.Build.0 = Release|Any CPU
		{662DAE98-BD0D-41A1-99E3-2A12CA5701AA}.Release|x86.ActiveCfg = Release|Any CPU
		{662DAE98-BD0D-41A1-99E3-2A12CA5701AA}.Release|x86.Build.0 = Release|Any CPU
		{F0DF21CF-601E-4BFE-A310-3D8ED1AC326A}.Debug|Any CPU.ActiveCfg = Debug|Any CPU
		{F0DF21CF-601E-4BFE-A310-3D8ED1AC326A}.Debug|Any CPU.Build.0 = Debug|Any CPU
		{F0DF21CF-601E-4BFE-A310-3D8ED1AC326A}.Debug|x86.ActiveCfg = Debug|Any CPU
		{F0DF21CF-601E-4BFE-A310-3D8ED1AC326A}.Debug|x86.Build.0 = Debug|Any CPU
		{F0DF21CF-601E-4BFE-A310-3D8ED1AC326A}.Release|Any CPU.ActiveCfg = Release|Any CPU
		{F0DF21CF-601E-4BFE-A310-3D8ED1AC326A}.Release|Any CPU.Build.0 = Release|Any CPU
		{F0DF21CF-601E-4BFE-A310-3D8ED1AC326A}.Release|x86.ActiveCfg = Release|Any CPU
		{F0DF21CF-601E-4BFE-A310-3D8ED1AC326A}.Release|x86.Build.0 = Release|Any CPU
		{A730A9E1-38FC-4199-A698-1F35CB693858}.Debug|Any CPU.ActiveCfg = Debug|Any CPU
		{A730A9E1-38FC-4199-A698-1F35CB693858}.Debug|Any CPU.Build.0 = Debug|Any CPU
		{A730A9E1-38FC-4199-A698-1F35CB693858}.Debug|x86.ActiveCfg = Debug|Any CPU
		{A730A9E1-38FC-4199-A698-1F35CB693858}.Debug|x86.Build.0 = Debug|Any CPU
		{A730A9E1-38FC-4199-A698-1F35CB693858}.Release|Any CPU.ActiveCfg = Release|Any CPU
		{A730A9E1-38FC-4199-A698-1F35CB693858}.Release|Any CPU.Build.0 = Release|Any CPU
		{A730A9E1-38FC-4199-A698-1F35CB693858}.Release|x86.ActiveCfg = Release|Any CPU
		{A730A9E1-38FC-4199-A698-1F35CB693858}.Release|x86.Build.0 = Release|Any CPU
		{D704ABA3-0599-4C83-8835-5056D273C9F7}.Debug|Any CPU.ActiveCfg = Debug|Any CPU
		{D704ABA3-0599-4C83-8835-5056D273C9F7}.Debug|Any CPU.Build.0 = Debug|Any CPU
		{D704ABA3-0599-4C83-8835-5056D273C9F7}.Debug|x86.ActiveCfg = Debug|Any CPU
		{D704ABA3-0599-4C83-8835-5056D273C9F7}.Debug|x86.Build.0 = Debug|Any CPU
		{D704ABA3-0599-4C83-8835-5056D273C9F7}.Release|Any CPU.ActiveCfg = Release|Any CPU
		{D704ABA3-0599-4C83-8835-5056D273C9F7}.Release|Any CPU.Build.0 = Release|Any CPU
		{D704ABA3-0599-4C83-8835-5056D273C9F7}.Release|x86.ActiveCfg = Release|Any CPU
		{D704ABA3-0599-4C83-8835-5056D273C9F7}.Release|x86.Build.0 = Release|Any CPU
		{35D7BB38-105C-49E8-A929-B36588684CDD}.Debug|Any CPU.ActiveCfg = Debug|Any CPU
		{35D7BB38-105C-49E8-A929-B36588684CDD}.Debug|x86.ActiveCfg = Debug|Any CPU
		{35D7BB38-105C-49E8-A929-B36588684CDD}.Debug|x86.Build.0 = Debug|Any CPU
		{35D7BB38-105C-49E8-A929-B36588684CDD}.Release|Any CPU.ActiveCfg = Release|Any CPU
		{35D7BB38-105C-49E8-A929-B36588684CDD}.Release|Any CPU.Build.0 = Release|Any CPU
		{35D7BB38-105C-49E8-A929-B36588684CDD}.Release|x86.ActiveCfg = Release|Any CPU
		{35D7BB38-105C-49E8-A929-B36588684CDD}.Release|x86.Build.0 = Release|Any CPU
		{A94A94F5-E2F2-409C-9E4B-0D833BC6E9B4}.Debug|Any CPU.ActiveCfg = Debug|Any CPU
		{A94A94F5-E2F2-409C-9E4B-0D833BC6E9B4}.Debug|Any CPU.Build.0 = Debug|Any CPU
		{A94A94F5-E2F2-409C-9E4B-0D833BC6E9B4}.Debug|x86.ActiveCfg = Debug|Any CPU
		{A94A94F5-E2F2-409C-9E4B-0D833BC6E9B4}.Debug|x86.Build.0 = Debug|Any CPU
		{A94A94F5-E2F2-409C-9E4B-0D833BC6E9B4}.Release|Any CPU.ActiveCfg = Release|Any CPU
		{A94A94F5-E2F2-409C-9E4B-0D833BC6E9B4}.Release|Any CPU.Build.0 = Release|Any CPU
		{A94A94F5-E2F2-409C-9E4B-0D833BC6E9B4}.Release|x86.ActiveCfg = Release|Any CPU
		{A94A94F5-E2F2-409C-9E4B-0D833BC6E9B4}.Release|x86.Build.0 = Release|Any CPU
		{41771F9C-EC51-4807-863C-F701775D0C9F}.Debug|Any CPU.ActiveCfg = Debug|Any CPU
		{41771F9C-EC51-4807-863C-F701775D0C9F}.Debug|Any CPU.Build.0 = Debug|Any CPU
		{41771F9C-EC51-4807-863C-F701775D0C9F}.Debug|x86.ActiveCfg = Debug|Any CPU
		{41771F9C-EC51-4807-863C-F701775D0C9F}.Debug|x86.Build.0 = Debug|Any CPU
		{41771F9C-EC51-4807-863C-F701775D0C9F}.Release|Any CPU.ActiveCfg = Release|Any CPU
		{41771F9C-EC51-4807-863C-F701775D0C9F}.Release|Any CPU.Build.0 = Release|Any CPU
		{41771F9C-EC51-4807-863C-F701775D0C9F}.Release|x86.ActiveCfg = Release|Any CPU
		{41771F9C-EC51-4807-863C-F701775D0C9F}.Release|x86.Build.0 = Release|Any CPU
		{70BA77DF-02A3-4E43-8794-13F5A9CE334F}.Debug|Any CPU.ActiveCfg = Debug|Any CPU
		{70BA77DF-02A3-4E43-8794-13F5A9CE334F}.Debug|Any CPU.Build.0 = Debug|Any CPU
		{70BA77DF-02A3-4E43-8794-13F5A9CE334F}.Debug|x86.ActiveCfg = Debug|Any CPU
		{70BA77DF-02A3-4E43-8794-13F5A9CE334F}.Debug|x86.Build.0 = Debug|Any CPU
		{70BA77DF-02A3-4E43-8794-13F5A9CE334F}.Release|Any CPU.ActiveCfg = Release|Any CPU
		{70BA77DF-02A3-4E43-8794-13F5A9CE334F}.Release|Any CPU.Build.0 = Release|Any CPU
		{70BA77DF-02A3-4E43-8794-13F5A9CE334F}.Release|x86.ActiveCfg = Release|Any CPU
		{70BA77DF-02A3-4E43-8794-13F5A9CE334F}.Release|x86.Build.0 = Release|Any CPU
		{514AE1E0-512F-49A7-83DA-3E047FF21890}.Debug|Any CPU.ActiveCfg = Debug|Any CPU
		{514AE1E0-512F-49A7-83DA-3E047FF21890}.Debug|Any CPU.Build.0 = Debug|Any CPU
		{514AE1E0-512F-49A7-83DA-3E047FF21890}.Debug|x86.ActiveCfg = Debug|Any CPU
		{514AE1E0-512F-49A7-83DA-3E047FF21890}.Debug|x86.Build.0 = Debug|Any CPU
		{514AE1E0-512F-49A7-83DA-3E047FF21890}.Release|Any CPU.ActiveCfg = Release|Any CPU
		{514AE1E0-512F-49A7-83DA-3E047FF21890}.Release|Any CPU.Build.0 = Release|Any CPU
		{514AE1E0-512F-49A7-83DA-3E047FF21890}.Release|x86.ActiveCfg = Release|Any CPU
		{514AE1E0-512F-49A7-83DA-3E047FF21890}.Release|x86.Build.0 = Release|Any CPU
		{A34C6E20-8C66-4565-9C58-66C69BC08679}.Debug|Any CPU.ActiveCfg = Debug|Any CPU
		{A34C6E20-8C66-4565-9C58-66C69BC08679}.Debug|Any CPU.Build.0 = Debug|Any CPU
		{A34C6E20-8C66-4565-9C58-66C69BC08679}.Debug|x86.ActiveCfg = Debug|Any CPU
		{A34C6E20-8C66-4565-9C58-66C69BC08679}.Debug|x86.Build.0 = Debug|Any CPU
		{A34C6E20-8C66-4565-9C58-66C69BC08679}.Release|Any CPU.ActiveCfg = Release|Any CPU
		{A34C6E20-8C66-4565-9C58-66C69BC08679}.Release|Any CPU.Build.0 = Release|Any CPU
		{A34C6E20-8C66-4565-9C58-66C69BC08679}.Release|x86.ActiveCfg = Release|Any CPU
		{A34C6E20-8C66-4565-9C58-66C69BC08679}.Release|x86.Build.0 = Release|Any CPU
		{9DFF7DBF-B047-4959-BFEC-754134541D80}.Debug|Any CPU.ActiveCfg = Debug|Any CPU
		{9DFF7DBF-B047-4959-BFEC-754134541D80}.Debug|Any CPU.Build.0 = Debug|Any CPU
		{9DFF7DBF-B047-4959-BFEC-754134541D80}.Debug|x86.ActiveCfg = Debug|Any CPU
		{9DFF7DBF-B047-4959-BFEC-754134541D80}.Debug|x86.Build.0 = Debug|Any CPU
		{9DFF7DBF-B047-4959-BFEC-754134541D80}.Release|Any CPU.ActiveCfg = Release|Any CPU
		{9DFF7DBF-B047-4959-BFEC-754134541D80}.Release|Any CPU.Build.0 = Release|Any CPU
		{9DFF7DBF-B047-4959-BFEC-754134541D80}.Release|x86.ActiveCfg = Release|Any CPU
		{9DFF7DBF-B047-4959-BFEC-754134541D80}.Release|x86.Build.0 = Release|Any CPU
		{AB60382B-0A94-4B50-A346-8D60AFC7D6AA}.Debug|Any CPU.ActiveCfg = Debug|Any CPU
		{AB60382B-0A94-4B50-A346-8D60AFC7D6AA}.Debug|Any CPU.Build.0 = Debug|Any CPU
		{AB60382B-0A94-4B50-A346-8D60AFC7D6AA}.Debug|x86.ActiveCfg = Debug|Any CPU
		{AB60382B-0A94-4B50-A346-8D60AFC7D6AA}.Debug|x86.Build.0 = Debug|Any CPU
		{AB60382B-0A94-4B50-A346-8D60AFC7D6AA}.Release|Any CPU.ActiveCfg = Release|Any CPU
		{AB60382B-0A94-4B50-A346-8D60AFC7D6AA}.Release|Any CPU.Build.0 = Release|Any CPU
		{AB60382B-0A94-4B50-A346-8D60AFC7D6AA}.Release|x86.ActiveCfg = Release|Any CPU
		{AB60382B-0A94-4B50-A346-8D60AFC7D6AA}.Release|x86.Build.0 = Release|Any CPU
		{436D30A4-46AD-42BD-A7A4-D8BC3EDF28B1}.Debug|Any CPU.ActiveCfg = Debug|Any CPU
		{436D30A4-46AD-42BD-A7A4-D8BC3EDF28B1}.Debug|Any CPU.Build.0 = Debug|Any CPU
		{436D30A4-46AD-42BD-A7A4-D8BC3EDF28B1}.Debug|x86.ActiveCfg = Debug|Any CPU
		{436D30A4-46AD-42BD-A7A4-D8BC3EDF28B1}.Debug|x86.Build.0 = Debug|Any CPU
		{436D30A4-46AD-42BD-A7A4-D8BC3EDF28B1}.Release|Any CPU.ActiveCfg = Release|Any CPU
		{436D30A4-46AD-42BD-A7A4-D8BC3EDF28B1}.Release|Any CPU.Build.0 = Release|Any CPU
		{436D30A4-46AD-42BD-A7A4-D8BC3EDF28B1}.Release|x86.ActiveCfg = Release|Any CPU
		{436D30A4-46AD-42BD-A7A4-D8BC3EDF28B1}.Release|x86.Build.0 = Release|Any CPU
		{192DC80C-3F32-4DC7-8BA9-E24683138570}.Debug|Any CPU.ActiveCfg = Debug|Any CPU
		{192DC80C-3F32-4DC7-8BA9-E24683138570}.Debug|Any CPU.Build.0 = Debug|Any CPU
		{192DC80C-3F32-4DC7-8BA9-E24683138570}.Debug|x86.ActiveCfg = Debug|Any CPU
		{192DC80C-3F32-4DC7-8BA9-E24683138570}.Debug|x86.Build.0 = Debug|Any CPU
		{192DC80C-3F32-4DC7-8BA9-E24683138570}.Release|Any CPU.ActiveCfg = Release|Any CPU
		{192DC80C-3F32-4DC7-8BA9-E24683138570}.Release|Any CPU.Build.0 = Release|Any CPU
		{192DC80C-3F32-4DC7-8BA9-E24683138570}.Release|x86.ActiveCfg = Release|Any CPU
		{192DC80C-3F32-4DC7-8BA9-E24683138570}.Release|x86.Build.0 = Release|Any CPU
		{3BCC55DB-668A-4BB8-B04B-76D0781E13BD}.Debug|Any CPU.ActiveCfg = Debug|Any CPU
		{3BCC55DB-668A-4BB8-B04B-76D0781E13BD}.Debug|Any CPU.Build.0 = Debug|Any CPU
		{3BCC55DB-668A-4BB8-B04B-76D0781E13BD}.Debug|x86.ActiveCfg = Debug|Any CPU
		{3BCC55DB-668A-4BB8-B04B-76D0781E13BD}.Debug|x86.Build.0 = Debug|Any CPU
		{3BCC55DB-668A-4BB8-B04B-76D0781E13BD}.Release|Any CPU.ActiveCfg = Release|Any CPU
		{3BCC55DB-668A-4BB8-B04B-76D0781E13BD}.Release|Any CPU.Build.0 = Release|Any CPU
		{3BCC55DB-668A-4BB8-B04B-76D0781E13BD}.Release|x86.ActiveCfg = Release|Any CPU
		{3BCC55DB-668A-4BB8-B04B-76D0781E13BD}.Release|x86.Build.0 = Release|Any CPU
		{A11A128D-2368-4935-974E-68C999D61BCB}.Debug|Any CPU.ActiveCfg = Debug|Any CPU
		{A11A128D-2368-4935-974E-68C999D61BCB}.Debug|Any CPU.Build.0 = Debug|Any CPU
		{A11A128D-2368-4935-974E-68C999D61BCB}.Debug|x86.ActiveCfg = Debug|Any CPU
		{A11A128D-2368-4935-974E-68C999D61BCB}.Debug|x86.Build.0 = Debug|Any CPU
		{A11A128D-2368-4935-974E-68C999D61BCB}.Release|Any CPU.ActiveCfg = Release|Any CPU
		{A11A128D-2368-4935-974E-68C999D61BCB}.Release|Any CPU.Build.0 = Release|Any CPU
		{A11A128D-2368-4935-974E-68C999D61BCB}.Release|x86.ActiveCfg = Release|Any CPU
		{A11A128D-2368-4935-974E-68C999D61BCB}.Release|x86.Build.0 = Release|Any CPU
		{D74C1913-0B2C-4910-AA4A-A4C316CE5C42}.Debug|Any CPU.ActiveCfg = Debug|Any CPU
		{D74C1913-0B2C-4910-AA4A-A4C316CE5C42}.Debug|Any CPU.Build.0 = Debug|Any CPU
		{D74C1913-0B2C-4910-AA4A-A4C316CE5C42}.Debug|x86.ActiveCfg = Debug|Any CPU
		{D74C1913-0B2C-4910-AA4A-A4C316CE5C42}.Debug|x86.Build.0 = Debug|Any CPU
		{D74C1913-0B2C-4910-AA4A-A4C316CE5C42}.Release|Any CPU.ActiveCfg = Release|Any CPU
		{D74C1913-0B2C-4910-AA4A-A4C316CE5C42}.Release|Any CPU.Build.0 = Release|Any CPU
		{D74C1913-0B2C-4910-AA4A-A4C316CE5C42}.Release|x86.ActiveCfg = Release|Any CPU
		{D74C1913-0B2C-4910-AA4A-A4C316CE5C42}.Release|x86.Build.0 = Release|Any CPU
		{089CE4EE-6E45-4151-9244-3897B6477889}.Debug|Any CPU.ActiveCfg = Debug|Any CPU
		{089CE4EE-6E45-4151-9244-3897B6477889}.Debug|Any CPU.Build.0 = Debug|Any CPU
		{089CE4EE-6E45-4151-9244-3897B6477889}.Debug|x86.ActiveCfg = Debug|Any CPU
		{089CE4EE-6E45-4151-9244-3897B6477889}.Debug|x86.Build.0 = Debug|Any CPU
		{089CE4EE-6E45-4151-9244-3897B6477889}.Release|Any CPU.ActiveCfg = Release|Any CPU
		{089CE4EE-6E45-4151-9244-3897B6477889}.Release|Any CPU.Build.0 = Release|Any CPU
		{089CE4EE-6E45-4151-9244-3897B6477889}.Release|x86.ActiveCfg = Release|Any CPU
		{089CE4EE-6E45-4151-9244-3897B6477889}.Release|x86.Build.0 = Release|Any CPU
		{2FD15DA8-B6DD-4E01-BA0A-568F08F1945F}.Debug|Any CPU.ActiveCfg = Debug
		{2FD15DA8-B6DD-4E01-BA0A-568F08F1945F}.Debug|x86.ActiveCfg = Debug
		{2FD15DA8-B6DD-4E01-BA0A-568F08F1945F}.Debug|x86.Build.0 = Debug
		{2FD15DA8-B6DD-4E01-BA0A-568F08F1945F}.Release|Any CPU.ActiveCfg = Release
		{2FD15DA8-B6DD-4E01-BA0A-568F08F1945F}.Release|x86.ActiveCfg = Release
		{2FD15DA8-B6DD-4E01-BA0A-568F08F1945F}.Release|x86.Build.0 = Release
		{F64CA27D-5085-4C78-B580-9FA32A32CC31}.Debug|Any CPU.ActiveCfg = Debug|Any CPU
		{F64CA27D-5085-4C78-B580-9FA32A32CC31}.Debug|Any CPU.Build.0 = Debug|Any CPU
		{F64CA27D-5085-4C78-B580-9FA32A32CC31}.Debug|x86.ActiveCfg = Debug|Any CPU
		{F64CA27D-5085-4C78-B580-9FA32A32CC31}.Debug|x86.Build.0 = Debug|Any CPU
		{F64CA27D-5085-4C78-B580-9FA32A32CC31}.Release|Any CPU.ActiveCfg = Release|Any CPU
		{F64CA27D-5085-4C78-B580-9FA32A32CC31}.Release|Any CPU.Build.0 = Release|Any CPU
		{F64CA27D-5085-4C78-B580-9FA32A32CC31}.Release|x86.ActiveCfg = Release|Any CPU
		{F64CA27D-5085-4C78-B580-9FA32A32CC31}.Release|x86.Build.0 = Release|Any CPU
		{E27B02A8-57F3-4C23-A59F-E1F838C1F821}.Debug|Any CPU.ActiveCfg = Debug|Any CPU
		{E27B02A8-57F3-4C23-A59F-E1F838C1F821}.Debug|Any CPU.Build.0 = Debug|Any CPU
		{E27B02A8-57F3-4C23-A59F-E1F838C1F821}.Debug|x86.ActiveCfg = Debug|Any CPU
		{E27B02A8-57F3-4C23-A59F-E1F838C1F821}.Debug|x86.Build.0 = Debug|Any CPU
		{E27B02A8-57F3-4C23-A59F-E1F838C1F821}.Release|Any CPU.ActiveCfg = Release|Any CPU
		{E27B02A8-57F3-4C23-A59F-E1F838C1F821}.Release|Any CPU.Build.0 = Release|Any CPU
		{E27B02A8-57F3-4C23-A59F-E1F838C1F821}.Release|x86.ActiveCfg = Release|Any CPU
		{E27B02A8-57F3-4C23-A59F-E1F838C1F821}.Release|x86.Build.0 = Release|Any CPU
		{CBDC87D3-C9CB-4C63-997C-EB8D91AB0BB0}.Debug|Any CPU.ActiveCfg = Debug|Any CPU
		{CBDC87D3-C9CB-4C63-997C-EB8D91AB0BB0}.Debug|Any CPU.Build.0 = Debug|Any CPU
		{CBDC87D3-C9CB-4C63-997C-EB8D91AB0BB0}.Debug|x86.ActiveCfg = Debug|Any CPU
		{CBDC87D3-C9CB-4C63-997C-EB8D91AB0BB0}.Debug|x86.Build.0 = Debug|Any CPU
		{CBDC87D3-C9CB-4C63-997C-EB8D91AB0BB0}.Release|Any CPU.ActiveCfg = Release|Any CPU
		{CBDC87D3-C9CB-4C63-997C-EB8D91AB0BB0}.Release|Any CPU.Build.0 = Release|Any CPU
		{CBDC87D3-C9CB-4C63-997C-EB8D91AB0BB0}.Release|x86.ActiveCfg = Release|Any CPU
		{CBDC87D3-C9CB-4C63-997C-EB8D91AB0BB0}.Release|x86.Build.0 = Release|Any CPU
		{AB1B66BC-924C-4DAC-B903-35CA798D51D7}.Debug|Any CPU.ActiveCfg = Debug|Any CPU
		{AB1B66BC-924C-4DAC-B903-35CA798D51D7}.Debug|Any CPU.Build.0 = Debug|Any CPU
		{AB1B66BC-924C-4DAC-B903-35CA798D51D7}.Debug|x86.ActiveCfg = Debug|Any CPU
		{AB1B66BC-924C-4DAC-B903-35CA798D51D7}.Debug|x86.Build.0 = Debug|Any CPU
		{AB1B66BC-924C-4DAC-B903-35CA798D51D7}.Release|Any CPU.ActiveCfg = Release|Any CPU
		{AB1B66BC-924C-4DAC-B903-35CA798D51D7}.Release|Any CPU.Build.0 = Release|Any CPU
		{AB1B66BC-924C-4DAC-B903-35CA798D51D7}.Release|x86.ActiveCfg = Release|Any CPU
		{AB1B66BC-924C-4DAC-B903-35CA798D51D7}.Release|x86.Build.0 = Release|Any CPU
		{8BC62A5E-49F6-4136-A06A-E032A8238B2E}.Debug|Any CPU.ActiveCfg = Debug|Any CPU
		{8BC62A5E-49F6-4136-A06A-E032A8238B2E}.Debug|Any CPU.Build.0 = Debug|Any CPU
		{8BC62A5E-49F6-4136-A06A-E032A8238B2E}.Debug|x86.ActiveCfg = Debug|Any CPU
		{8BC62A5E-49F6-4136-A06A-E032A8238B2E}.Debug|x86.Build.0 = Debug|Any CPU
		{8BC62A5E-49F6-4136-A06A-E032A8238B2E}.Release|Any CPU.ActiveCfg = Release|Any CPU
		{8BC62A5E-49F6-4136-A06A-E032A8238B2E}.Release|Any CPU.Build.0 = Release|Any CPU
		{8BC62A5E-49F6-4136-A06A-E032A8238B2E}.Release|x86.ActiveCfg = Release|Any CPU
		{8BC62A5E-49F6-4136-A06A-E032A8238B2E}.Release|x86.Build.0 = Release|Any CPU
		{BD7E7A86-E70C-4D80-A721-D0873A418F4F}.Debug|Any CPU.ActiveCfg = Debug|Any CPU
		{BD7E7A86-E70C-4D80-A721-D0873A418F4F}.Debug|Any CPU.Build.0 = Debug|Any CPU
		{BD7E7A86-E70C-4D80-A721-D0873A418F4F}.Debug|x86.ActiveCfg = Debug|Any CPU
		{BD7E7A86-E70C-4D80-A721-D0873A418F4F}.Debug|x86.Build.0 = Debug|Any CPU
		{BD7E7A86-E70C-4D80-A721-D0873A418F4F}.Release|Any CPU.ActiveCfg = Release|Any CPU
		{BD7E7A86-E70C-4D80-A721-D0873A418F4F}.Release|Any CPU.Build.0 = Release|Any CPU
		{BD7E7A86-E70C-4D80-A721-D0873A418F4F}.Release|x86.ActiveCfg = Release|Any CPU
		{BD7E7A86-E70C-4D80-A721-D0873A418F4F}.Release|x86.Build.0 = Release|Any CPU
		{479DA175-4675-49A7-B13E-BF8445BAC503}.Debug|Any CPU.ActiveCfg = Debug|Any CPU
		{479DA175-4675-49A7-B13E-BF8445BAC503}.Debug|Any CPU.Build.0 = Debug|Any CPU
		{479DA175-4675-49A7-B13E-BF8445BAC503}.Debug|x86.ActiveCfg = Debug|Any CPU
		{479DA175-4675-49A7-B13E-BF8445BAC503}.Debug|x86.Build.0 = Debug|Any CPU
		{479DA175-4675-49A7-B13E-BF8445BAC503}.Release|Any CPU.ActiveCfg = Release|Any CPU
		{479DA175-4675-49A7-B13E-BF8445BAC503}.Release|Any CPU.Build.0 = Release|Any CPU
		{479DA175-4675-49A7-B13E-BF8445BAC503}.Release|x86.ActiveCfg = Release|Any CPU
		{479DA175-4675-49A7-B13E-BF8445BAC503}.Release|x86.Build.0 = Release|Any CPU
		{7F025987-B3B7-4FAA-A74D-1B2991FC1155}.Debug|Any CPU.ActiveCfg = Debug|Any CPU
		{7F025987-B3B7-4FAA-A74D-1B2991FC1155}.Debug|Any CPU.Build.0 = Debug|Any CPU
		{7F025987-B3B7-4FAA-A74D-1B2991FC1155}.Debug|x86.ActiveCfg = Debug|Any CPU
		{7F025987-B3B7-4FAA-A74D-1B2991FC1155}.Debug|x86.Build.0 = Debug|Any CPU
		{7F025987-B3B7-4FAA-A74D-1B2991FC1155}.Release|Any CPU.ActiveCfg = Release|Any CPU
		{7F025987-B3B7-4FAA-A74D-1B2991FC1155}.Release|Any CPU.Build.0 = Release|Any CPU
		{7F025987-B3B7-4FAA-A74D-1B2991FC1155}.Release|x86.ActiveCfg = Release|Any CPU
		{7F025987-B3B7-4FAA-A74D-1B2991FC1155}.Release|x86.Build.0 = Release|Any CPU
		{3ECDC739-0481-4AB8-A877-2C915E9F4371}.Debug|Any CPU.ActiveCfg = Debug|Any CPU
		{3ECDC739-0481-4AB8-A877-2C915E9F4371}.Debug|Any CPU.Build.0 = Debug|Any CPU
		{3ECDC739-0481-4AB8-A877-2C915E9F4371}.Debug|x86.ActiveCfg = Debug|Any CPU
		{3ECDC739-0481-4AB8-A877-2C915E9F4371}.Debug|x86.Build.0 = Debug|Any CPU
		{3ECDC739-0481-4AB8-A877-2C915E9F4371}.Release|Any CPU.ActiveCfg = Release|Any CPU
		{3ECDC739-0481-4AB8-A877-2C915E9F4371}.Release|Any CPU.Build.0 = Release|Any CPU
		{3ECDC739-0481-4AB8-A877-2C915E9F4371}.Release|x86.ActiveCfg = Release|Any CPU
		{3ECDC739-0481-4AB8-A877-2C915E9F4371}.Release|x86.Build.0 = Release|Any CPU
		{042AD69C-4E56-4097-A474-E149157CCC21}.Debug|Any CPU.ActiveCfg = Debug|Any CPU
		{042AD69C-4E56-4097-A474-E149157CCC21}.Debug|Any CPU.Build.0 = Debug|Any CPU
		{042AD69C-4E56-4097-A474-E149157CCC21}.Debug|x86.ActiveCfg = Debug|Any CPU
		{042AD69C-4E56-4097-A474-E149157CCC21}.Debug|x86.Build.0 = Debug|Any CPU
		{042AD69C-4E56-4097-A474-E149157CCC21}.Release|Any CPU.ActiveCfg = Release|Any CPU
		{042AD69C-4E56-4097-A474-E149157CCC21}.Release|Any CPU.Build.0 = Release|Any CPU
		{042AD69C-4E56-4097-A474-E149157CCC21}.Release|x86.ActiveCfg = Release|Any CPU
		{042AD69C-4E56-4097-A474-E149157CCC21}.Release|x86.Build.0 = Release|Any CPU
		{F44F8910-3EEB-415A-99F3-528D9C8B466C}.Debug|Any CPU.ActiveCfg = Debug|Any CPU
		{F44F8910-3EEB-415A-99F3-528D9C8B466C}.Debug|Any CPU.Build.0 = Debug|Any CPU
		{F44F8910-3EEB-415A-99F3-528D9C8B466C}.Debug|x86.ActiveCfg = Debug|Any CPU
		{F44F8910-3EEB-415A-99F3-528D9C8B466C}.Debug|x86.Build.0 = Debug|Any CPU
		{F44F8910-3EEB-415A-99F3-528D9C8B466C}.Release|Any CPU.ActiveCfg = Release|Any CPU
		{F44F8910-3EEB-415A-99F3-528D9C8B466C}.Release|Any CPU.Build.0 = Release|Any CPU
		{F44F8910-3EEB-415A-99F3-528D9C8B466C}.Release|x86.ActiveCfg = Release|Any CPU
		{F44F8910-3EEB-415A-99F3-528D9C8B466C}.Release|x86.Build.0 = Release|Any CPU
		{3A0FB890-6C14-47CE-BEF6-072356C98622}.Debug|Any CPU.ActiveCfg = Debug|Any CPU
		{3A0FB890-6C14-47CE-BEF6-072356C98622}.Debug|Any CPU.Build.0 = Debug|Any CPU
		{3A0FB890-6C14-47CE-BEF6-072356C98622}.Debug|x86.ActiveCfg = Debug|Any CPU
		{3A0FB890-6C14-47CE-BEF6-072356C98622}.Debug|x86.Build.0 = Debug|Any CPU
		{3A0FB890-6C14-47CE-BEF6-072356C98622}.Release|Any CPU.ActiveCfg = Release|Any CPU
		{3A0FB890-6C14-47CE-BEF6-072356C98622}.Release|Any CPU.Build.0 = Release|Any CPU
		{3A0FB890-6C14-47CE-BEF6-072356C98622}.Release|x86.ActiveCfg = Release|Any CPU
		{3A0FB890-6C14-47CE-BEF6-072356C98622}.Release|x86.Build.0 = Release|Any CPU
		{60A80FC5-B0A9-4883-AE65-FE0AF957A3B1}.Debug|Any CPU.ActiveCfg = Debug|Any CPU
		{60A80FC5-B0A9-4883-AE65-FE0AF957A3B1}.Debug|Any CPU.Build.0 = Debug|Any CPU
		{60A80FC5-B0A9-4883-AE65-FE0AF957A3B1}.Debug|x86.ActiveCfg = Debug|Any CPU
		{60A80FC5-B0A9-4883-AE65-FE0AF957A3B1}.Debug|x86.Build.0 = Debug|Any CPU
		{60A80FC5-B0A9-4883-AE65-FE0AF957A3B1}.Release|Any CPU.ActiveCfg = Release|Any CPU
		{60A80FC5-B0A9-4883-AE65-FE0AF957A3B1}.Release|Any CPU.Build.0 = Release|Any CPU
		{60A80FC5-B0A9-4883-AE65-FE0AF957A3B1}.Release|x86.ActiveCfg = Release|Any CPU
		{60A80FC5-B0A9-4883-AE65-FE0AF957A3B1}.Release|x86.Build.0 = Release|Any CPU
		{0E1C80BA-3F6A-4A53-945A-89D9A496104B}.Debug|Any CPU.ActiveCfg = Debug|Any CPU
		{0E1C80BA-3F6A-4A53-945A-89D9A496104B}.Debug|Any CPU.Build.0 = Debug|Any CPU
		{0E1C80BA-3F6A-4A53-945A-89D9A496104B}.Debug|x86.ActiveCfg = Debug|Any CPU
		{0E1C80BA-3F6A-4A53-945A-89D9A496104B}.Debug|x86.Build.0 = Debug|Any CPU
		{0E1C80BA-3F6A-4A53-945A-89D9A496104B}.Release|Any CPU.ActiveCfg = Release|Any CPU
		{0E1C80BA-3F6A-4A53-945A-89D9A496104B}.Release|Any CPU.Build.0 = Release|Any CPU
		{0E1C80BA-3F6A-4A53-945A-89D9A496104B}.Release|x86.ActiveCfg = Release|Any CPU
		{0E1C80BA-3F6A-4A53-945A-89D9A496104B}.Release|x86.Build.0 = Release|Any CPU
	EndGlobalSection
	GlobalSection(SolutionProperties) = preSolution
		HideSolutionNode = FALSE
	EndGlobalSection
	GlobalSection(NestedProjects) = preSolution
		{078A9C52-DDC1-46F4-9235-9E6C89C87AFD} = {3A857CD2-8DF3-4BF3-B7C8-1266B43BA603}
		{40D8F531-BF68-4FAB-A5DC-57277C3DE2C8} = {BF60BC93-E09B-4E5F-9D85-95A519479D54}
		{D405C9DC-6818-40A6-9397-CD1574F60044} = {BF60BC93-E09B-4E5F-9D85-95A519479D54}
		{85E7EDC6-4744-49F1-9A8B-974E0AC537C4} = {BCF8AC63-491C-4D8E-81EC-88032ED4CF05}
		{23ADF96D-182D-49A8-B3E2-1FD211BF9745} = {BCF8AC63-491C-4D8E-81EC-88032ED4CF05}
		{600345EE-37DE-405A-8EF0-EB0F92310F6A} = {BF60BC93-E09B-4E5F-9D85-95A519479D54}
		{8CF6C4F7-5A55-43BD-AAD6-788E75FCA0B8} = {BF60BC93-E09B-4E5F-9D85-95A519479D54}
		{CDB56C55-5A93-4CDE-A8D4-E2E5454DAB86} = {BF60BC93-E09B-4E5F-9D85-95A519479D54}
		{C4A7F50F-D23E-4239-B1C4-1C68C0BBBADA} = {BF60BC93-E09B-4E5F-9D85-95A519479D54}
		{77586D4A-C976-4543-803E-1D4AB0E684DB} = {BF60BC93-E09B-4E5F-9D85-95A519479D54}
		{EB20DA07-E41E-4B98-A482-515B57FDC2ED} = {77586D4A-C976-4543-803E-1D4AB0E684DB}
		{8731EC01-57F7-4D93-B6C2-077B7C046E40} = {77586D4A-C976-4543-803E-1D4AB0E684DB}
		{4EE98793-1437-4327-BF3D-ECCE93DD7FB6} = {BCF8AC63-491C-4D8E-81EC-88032ED4CF05}
		{AF8CEE2A-5EBB-4B0F-931C-68E2D4B38DF9} = {BCF8AC63-491C-4D8E-81EC-88032ED4CF05}
		{E2B0F4A5-3270-457E-9BDE-C0131370CF77} = {BCF8AC63-491C-4D8E-81EC-88032ED4CF05}
		{56DE9AF3-F21C-4709-8328-7CE174EBA969} = {77586D4A-C976-4543-803E-1D4AB0E684DB}
		{63A67C9F-16AE-423F-B35D-4DE26C9CC50B} = {BCF8AC63-491C-4D8E-81EC-88032ED4CF05}
		{F51C980F-5A93-437F-8D94-C7E20C6C900D} = {BF60BC93-E09B-4E5F-9D85-95A519479D54}
		{B1EBDDCB-4F33-49E3-A890-CD5497B1BE7E} = {BF60BC93-E09B-4E5F-9D85-95A519479D54}
		{08D4417E-7482-4FDB-88F0-73A36732375C} = {A0DABA06-FC1F-4129-B89E-1EAA3E01A6A9}
		{662DAE98-BD0D-41A1-99E3-2A12CA5701AA} = {41943432-DEAF-4D4C-80A2-D9716416A24D}
		{F0DF21CF-601E-4BFE-A310-3D8ED1AC326A} = {BF60BC93-E09B-4E5F-9D85-95A519479D54}
		{A730A9E1-38FC-4199-A698-1F35CB693858} = {B1EBDDCB-4F33-49E3-A890-CD5497B1BE7E}
		{47F783C7-DCB1-4773-872D-38E041A182D9} = {BF60BC93-E09B-4E5F-9D85-95A519479D54}
		{D704ABA3-0599-4C83-8835-5056D273C9F7} = {47F783C7-DCB1-4773-872D-38E041A182D9}
		{1ABCD66C-D3ED-44E9-9D5C-BDB4CB852D33} = {47F783C7-DCB1-4773-872D-38E041A182D9}
		{35D7BB38-105C-49E8-A929-B36588684CDD} = {47F783C7-DCB1-4773-872D-38E041A182D9}
		{A94A94F5-E2F2-409C-9E4B-0D833BC6E9B4} = {A7B3821A-9AAB-4299-BA93-603CF5F79A0A}
		{41771F9C-EC51-4807-863C-F701775D0C9F} = {47F783C7-DCB1-4773-872D-38E041A182D9}
		{70BA77DF-02A3-4E43-8794-13F5A9CE334F} = {BCF8AC63-491C-4D8E-81EC-88032ED4CF05}
		{514AE1E0-512F-49A7-83DA-3E047FF21890} = {BF60BC93-E09B-4E5F-9D85-95A519479D54}
		{A34C6E20-8C66-4565-9C58-66C69BC08679} = {BCF8AC63-491C-4D8E-81EC-88032ED4CF05}
		{B0B354B6-C314-4463-87C6-344FEBA7D85B} = {1ABCD66C-D3ED-44E9-9D5C-BDB4CB852D33}
		{9DFF7DBF-B047-4959-BFEC-754134541D80} = {B0B354B6-C314-4463-87C6-344FEBA7D85B}
		{AB60382B-0A94-4B50-A346-8D60AFC7D6AA} = {B0B354B6-C314-4463-87C6-344FEBA7D85B}
		{2210F989-D9A9-461E-8D56-07886D37108B} = {A0DABA06-FC1F-4129-B89E-1EAA3E01A6A9}
		{436D30A4-46AD-42BD-A7A4-D8BC3EDF28B1} = {2210F989-D9A9-461E-8D56-07886D37108B}
		{192DC80C-3F32-4DC7-8BA9-E24683138570} = {2210F989-D9A9-461E-8D56-07886D37108B}
		{3BCC55DB-668A-4BB8-B04B-76D0781E13BD} = {2210F989-D9A9-461E-8D56-07886D37108B}
		{A11A128D-2368-4935-974E-68C999D61BCB} = {BF60BC93-E09B-4E5F-9D85-95A519479D54}
		{D74C1913-0B2C-4910-AA4A-A4C316CE5C42} = {BF60BC93-E09B-4E5F-9D85-95A519479D54}
		{089CE4EE-6E45-4151-9244-3897B6477889} = {BCF8AC63-491C-4D8E-81EC-88032ED4CF05}
		{2FD15DA8-B6DD-4E01-BA0A-568F08F1945F} = {08D4417E-7482-4FDB-88F0-73A36732375C}
		{F64CA27D-5085-4C78-B580-9FA32A32CC31} = {08D4417E-7482-4FDB-88F0-73A36732375C}
		{E27B02A8-57F3-4C23-A59F-E1F838C1F821} = {08D4417E-7482-4FDB-88F0-73A36732375C}
		{CBDC87D3-C9CB-4C63-997C-EB8D91AB0BB0} = {08D4417E-7482-4FDB-88F0-73A36732375C}
		{AB1B66BC-924C-4DAC-B903-35CA798D51D7} = {08D4417E-7482-4FDB-88F0-73A36732375C}
		{8BC62A5E-49F6-4136-A06A-E032A8238B2E} = {BCF8AC63-491C-4D8E-81EC-88032ED4CF05}
		{BD7E7A86-E70C-4D80-A721-D0873A418F4F} = {BCF8AC63-491C-4D8E-81EC-88032ED4CF05}
		{479DA175-4675-49A7-B13E-BF8445BAC503} = {BCF8AC63-491C-4D8E-81EC-88032ED4CF05}
		{7F025987-B3B7-4FAA-A74D-1B2991FC1155} = {BCF8AC63-491C-4D8E-81EC-88032ED4CF05}
		{41943432-DEAF-4D4C-80A2-D9716416A24D} = {A0DABA06-FC1F-4129-B89E-1EAA3E01A6A9}
		{3ECDC739-0481-4AB8-A877-2C915E9F4371} = {47F783C7-DCB1-4773-872D-38E041A182D9}
		{A7B3821A-9AAB-4299-BA93-603CF5F79A0A} = {47F783C7-DCB1-4773-872D-38E041A182D9}
		{5382D5A4-E21B-4588-8EAF-791D9698F952} = {A7B3821A-9AAB-4299-BA93-603CF5F79A0A}
		{1E5AB00F-03D7-4F8A-986B-1740DB061741} = {A7B3821A-9AAB-4299-BA93-603CF5F79A0A}
		{042AD69C-4E56-4097-A474-E149157CCC21} = {5382D5A4-E21B-4588-8EAF-791D9698F952}
		{F44F8910-3EEB-415A-99F3-528D9C8B466C} = {5382D5A4-E21B-4588-8EAF-791D9698F952}
		{3A0FB890-6C14-47CE-BEF6-072356C98622} = {41943432-DEAF-4D4C-80A2-D9716416A24D}
		{F9634660-09E7-4F84-B63C-FA0D735389C7} = {A0DABA06-FC1F-4129-B89E-1EAA3E01A6A9}
		{60A80FC5-B0A9-4883-AE65-FE0AF957A3B1} = {F9634660-09E7-4F84-B63C-FA0D735389C7}
		{0E1C80BA-3F6A-4A53-945A-89D9A496104B} = {F9634660-09E7-4F84-B63C-FA0D735389C7}
	EndGlobalSection
	GlobalSection(ExtensibilityGlobals) = postSolution
		SolutionGuid = {8B36D7B1-CD69-44C5-8E57-DE46AC18C1F7}
	EndGlobalSection
EndGlobal
