Microsoft Visual Studio Solution File, Format Version 12.00
# Visual Studio Version 16
VisualStudioVersion = 16.0.31624.102
MinimumVisualStudioVersion = 10.0.40219.1
Project("{2150E333-8FDC-42A3-9474-1A3956D46DE8}") = ".paket", ".paket", "{63297B98-5CED-492C-A5B7-A5B4F73CF142}"
	ProjectSection(SolutionItems) = preProject
		paket.dependencies = paket.dependencies
		paket.lock = paket.lock
		paket.references = paket.references
	EndProjectSection
EndProject
Project("{2150E333-8FDC-42A3-9474-1A3956D46DE8}") = "project", "project", "{BF60BC93-E09B-4E5F-9D85-95A519479D54}"
	ProjectSection(SolutionItems) = preProject
		README.md = README.md
		RELEASE_NOTES.md = RELEASE_NOTES.md
	EndProjectSection
EndProject
Project("{2150E333-8FDC-42A3-9474-1A3956D46DE8}") = "git", "git", "{078A9C52-DDC1-46F4-9235-9E6C89C87AFD}"
	ProjectSection(SolutionItems) = preProject
		.gitattributes = .gitattributes
		.gitignore = .gitignore
	EndProjectSection
EndProject
Project("{2150E333-8FDC-42A3-9474-1A3956D46DE8}") = ".build", ".build", "{7C6D08E7-3EAC-4335-8F4B-252C193C27C9}"
	ProjectSection(SolutionItems) = preProject
		.travis.yml = .travis.yml
		appveyor.yml = appveyor.yml
		build.cmd = build.cmd
		build.fsx = build.fsx
		build.proj = build.proj
		build.sh = build.sh
	EndProjectSection
EndProject
Project("{9A19103F-16F7-4668-BE54-9A1E7A4F7556}") = "DsParser", "..\Grammar\CsParser\DsParser.csproj", "{2D3C9B7C-9CCE-4B10-A0A3-7ED1CB7DF077}"
EndProject
Project("{9A19103F-16F7-4668-BE54-9A1E7A4F7556}") = "Engine", "src\Engine\Engine.csproj", "{56B03815-608A-4EEA-98B2-5D3E1D26C6DF}"
EndProject
Project("{9A19103F-16F7-4668-BE54-9A1E7A4F7556}") = "Dual.Common.Core", "src\Dual.Common.Core\Dual.Common.Core.csproj", "{7539B456-88C3-47F8-98D1-50003A6DE25B}"
EndProject
Project("{9A19103F-16F7-4668-BE54-9A1E7A4F7556}") = "Engine.Core", "src\Engine.Core\Engine.Core.csproj", "{EE1C858D-5749-4AC6-B00F-16B8A650E3CC}"
EndProject
Project("{6EC3EE1D-3C4E-46DD-8F32-0CC8E7565705}") = "Engine.Graph", "src\Engine.Graph\Engine.Graph.fsproj", "{42828943-9DAC-4F1E-9BBD-E14DCFFCA76A}"
EndProject
Project("{6EC3EE1D-3C4E-46DD-8F32-0CC8E7565705}") = "Dual.Common.FS", "src\Dual.Common.FS\Dual.Common.FS.fsproj", "{2620BAD8-7696-4D1D-B2C6-EE4A093E9DFF}"
EndProject
Project("{9A19103F-16F7-4668-BE54-9A1E7A4F7556}") = "Engine.OPC", "src\Engine.OPC\Engine.OPC.csproj", "{D7BDA151-FBE4-46FF-8A97-CFDB99C8C843}"
EndProject
Project("{6EC3EE1D-3C4E-46DD-8F32-0CC8E7565705}") = "UnitTest.Engine", "src\UnitTest.Engine\UnitTest.Engine.fsproj", "{15CC1B30-C380-43D3-AC41-22980FC48DA9}"
EndProject
Project("{2150E333-8FDC-42A3-9474-1A3956D46DE8}") = "Docs", "Docs", "{3A857CD2-8DF3-4BF3-B7C8-1266B43BA603}"
	ProjectSection(SolutionItems) = preProject
		Docs\ToDo.txt = Docs\ToDo.txt
	EndProjectSection
EndProject
Global
	GlobalSection(SolutionConfigurationPlatforms) = preSolution
		Debug|Any CPU = Debug|Any CPU
		Release|Any CPU = Release|Any CPU
	EndGlobalSection
	GlobalSection(ProjectConfigurationPlatforms) = postSolution
		{2D3C9B7C-9CCE-4B10-A0A3-7ED1CB7DF077}.Debug|Any CPU.ActiveCfg = Debug|Any CPU
		{2D3C9B7C-9CCE-4B10-A0A3-7ED1CB7DF077}.Debug|Any CPU.Build.0 = Debug|Any CPU
		{2D3C9B7C-9CCE-4B10-A0A3-7ED1CB7DF077}.Release|Any CPU.ActiveCfg = Release|Any CPU
		{2D3C9B7C-9CCE-4B10-A0A3-7ED1CB7DF077}.Release|Any CPU.Build.0 = Release|Any CPU
		{56B03815-608A-4EEA-98B2-5D3E1D26C6DF}.Debug|Any CPU.ActiveCfg = Debug|Any CPU
		{56B03815-608A-4EEA-98B2-5D3E1D26C6DF}.Debug|Any CPU.Build.0 = Debug|Any CPU
		{56B03815-608A-4EEA-98B2-5D3E1D26C6DF}.Release|Any CPU.ActiveCfg = Release|Any CPU
		{56B03815-608A-4EEA-98B2-5D3E1D26C6DF}.Release|Any CPU.Build.0 = Release|Any CPU
		{7539B456-88C3-47F8-98D1-50003A6DE25B}.Debug|Any CPU.ActiveCfg = Debug|Any CPU
		{7539B456-88C3-47F8-98D1-50003A6DE25B}.Debug|Any CPU.Build.0 = Debug|Any CPU
		{7539B456-88C3-47F8-98D1-50003A6DE25B}.Release|Any CPU.ActiveCfg = Release|Any CPU
		{7539B456-88C3-47F8-98D1-50003A6DE25B}.Release|Any CPU.Build.0 = Release|Any CPU
		{EE1C858D-5749-4AC6-B00F-16B8A650E3CC}.Debug|Any CPU.ActiveCfg = Debug|Any CPU
		{EE1C858D-5749-4AC6-B00F-16B8A650E3CC}.Debug|Any CPU.Build.0 = Debug|Any CPU
		{EE1C858D-5749-4AC6-B00F-16B8A650E3CC}.Release|Any CPU.ActiveCfg = Release|Any CPU
		{EE1C858D-5749-4AC6-B00F-16B8A650E3CC}.Release|Any CPU.Build.0 = Release|Any CPU
		{42828943-9DAC-4F1E-9BBD-E14DCFFCA76A}.Debug|Any CPU.ActiveCfg = Debug|Any CPU
		{42828943-9DAC-4F1E-9BBD-E14DCFFCA76A}.Debug|Any CPU.Build.0 = Debug|Any CPU
		{42828943-9DAC-4F1E-9BBD-E14DCFFCA76A}.Release|Any CPU.ActiveCfg = Release|Any CPU
		{42828943-9DAC-4F1E-9BBD-E14DCFFCA76A}.Release|Any CPU.Build.0 = Release|Any CPU
		{2620BAD8-7696-4D1D-B2C6-EE4A093E9DFF}.Debug|Any CPU.ActiveCfg = Debug|Any CPU
		{2620BAD8-7696-4D1D-B2C6-EE4A093E9DFF}.Debug|Any CPU.Build.0 = Debug|Any CPU
		{2620BAD8-7696-4D1D-B2C6-EE4A093E9DFF}.Release|Any CPU.ActiveCfg = Release|Any CPU
		{2620BAD8-7696-4D1D-B2C6-EE4A093E9DFF}.Release|Any CPU.Build.0 = Release|Any CPU
		{D7BDA151-FBE4-46FF-8A97-CFDB99C8C843}.Debug|Any CPU.ActiveCfg = Debug|Any CPU
		{D7BDA151-FBE4-46FF-8A97-CFDB99C8C843}.Debug|Any CPU.Build.0 = Debug|Any CPU
		{D7BDA151-FBE4-46FF-8A97-CFDB99C8C843}.Release|Any CPU.ActiveCfg = Release|Any CPU
		{D7BDA151-FBE4-46FF-8A97-CFDB99C8C843}.Release|Any CPU.Build.0 = Release|Any CPU
		{15CC1B30-C380-43D3-AC41-22980FC48DA9}.Debug|Any CPU.ActiveCfg = Debug|Any CPU
		{15CC1B30-C380-43D3-AC41-22980FC48DA9}.Debug|Any CPU.Build.0 = Debug|Any CPU
		{15CC1B30-C380-43D3-AC41-22980FC48DA9}.Release|Any CPU.ActiveCfg = Release|Any CPU
		{15CC1B30-C380-43D3-AC41-22980FC48DA9}.Release|Any CPU.Build.0 = Release|Any CPU
	EndGlobalSection
	GlobalSection(SolutionProperties) = preSolution
		HideSolutionNode = FALSE
	EndGlobalSection
	GlobalSection(NestedProjects) = preSolution
		{2D3C9B7C-9CCE-4B10-A0A3-7ED1CB7DF077} = {BF60BC93-E09B-4E5F-9D85-95A519479D54}
		{56B03815-608A-4EEA-98B2-5D3E1D26C6DF} = {BF60BC93-E09B-4E5F-9D85-95A519479D54}
		{7539B456-88C3-47F8-98D1-50003A6DE25B} = {BF60BC93-E09B-4E5F-9D85-95A519479D54}
		{EE1C858D-5749-4AC6-B00F-16B8A650E3CC} = {BF60BC93-E09B-4E5F-9D85-95A519479D54}
		{42828943-9DAC-4F1E-9BBD-E14DCFFCA76A} = {BF60BC93-E09B-4E5F-9D85-95A519479D54}
		{2620BAD8-7696-4D1D-B2C6-EE4A093E9DFF} = {BF60BC93-E09B-4E5F-9D85-95A519479D54}
		{D7BDA151-FBE4-46FF-8A97-CFDB99C8C843} = {BF60BC93-E09B-4E5F-9D85-95A519479D54}
		{15CC1B30-C380-43D3-AC41-22980FC48DA9} = {BF60BC93-E09B-4E5F-9D85-95A519479D54}
	EndGlobalSection
	GlobalSection(ExtensibilityGlobals) = postSolution
		SolutionGuid = {8B36D7B1-CD69-44C5-8E57-DE46AC18C1F7}
	EndGlobalSection
EndGlobal
