Microsoft Visual Studio Solution File, Format Version 12.00
# Visual Studio Version 17
VisualStudioVersion = 17.3.32825.248
MinimumVisualStudioVersion = 10.0.40219.1
Project("{2150E333-8FDC-42A3-9474-1A3956D46DE8}") = "project", "project", "{BF60BC93-E09B-4E5F-9D85-95A519479D54}"
EndProject
Project("{2150E333-8FDC-42A3-9474-1A3956D46DE8}") = "git", "git", "{078A9C52-DDC1-46F4-9235-9E6C89C87AFD}"
	ProjectSection(SolutionItems) = preProject
		.gitattributes = .gitattributes
		.gitignore = .gitignore
	EndProjectSection
EndProject
Project("{2150E333-8FDC-42A3-9474-1A3956D46DE8}") = "Docs", "Docs", "{3A857CD2-8DF3-4BF3-B7C8-1266B43BA603}"
	ProjectSection(SolutionItems) = preProject
		src\Doc\Hierachies.pptx = src\Doc\Hierachies.pptx
		README.md = README.md
		RELEASE_NOTES.md = RELEASE_NOTES.md
		src\Doc\TagName.txt = src\Doc\TagName.txt
		src\Doc\ToDo.txt = src\Doc\ToDo.txt
	EndProjectSection
EndProject
Project("{6EC3EE1D-3C4E-46DD-8F32-0CC8E7565705}") = "Engine.Core", "src\Engine\Engine.Core\Engine.Core.fsproj", "{40D8F531-BF68-4FAB-A5DC-57277C3DE2C8}"
EndProject
Project("{9A19103F-16F7-4668-BE54-9A1E7A4F7556}") = "Engine.Parser", "src\Engine\Engine.Parser\Engine.Parser.csproj", "{D405C9DC-6818-40A6-9397-CD1574F60044}"
EndProject
Project("{6EC3EE1D-3C4E-46DD-8F32-0CC8E7565705}") = "Engine.Parser.FS", "src\Engine\Engine.Parser.FS\Engine.Parser.FS.fsproj", "{600345EE-37DE-405A-8EF0-EB0F92310F6A}"
EndProject
Project("{2150E333-8FDC-42A3-9474-1A3956D46DE8}") = "PLC", "PLC", "{77586D4A-C976-4543-803E-1D4AB0E684DB}"
EndProject
Project("{2150E333-8FDC-42A3-9474-1A3956D46DE8}") = "Documents", "Documents", "{56DE9AF3-F21C-4709-8328-7CE174EBA969}"
	ProjectSection(SolutionItems) = preProject
		Readme.txt = Readme.txt
	EndProjectSection
EndProject
Project("{2150E333-8FDC-42A3-9474-1A3956D46DE8}") = "App", "App", "{A0DABA06-FC1F-4129-B89E-1EAA3E01A6A9}"
EndProject
Project("{2150E333-8FDC-42A3-9474-1A3956D46DE8}") = "Nuget", "Nuget", "{E6C42E55-8BA2-46A1-BAFA-A345A019C387}"
	ProjectSection(SolutionItems) = preProject
		src\Nuget.Candidates\Readm.txt = src\Nuget.Candidates\Readm.txt
	EndProjectSection
EndProject
Project("{9A19103F-16F7-4668-BE54-9A1E7A4F7556}") = "Engine.Nuget.Common", "src\Nuget.Candidates\Engine.Nuget.Common\Engine.Nuget.Common.csproj", "{9F9E4240-D8A8-4356-97ED-0EC8FA8BEEA7}"
EndProject
Project("{6EC3EE1D-3C4E-46DD-8F32-0CC8E7565705}") = "Engine.Nuget.Common.FS", "src\Nuget.Candidates\Engine.Nuget.Common.FS\Engine.Nuget.Common.FS.fsproj", "{C88754F9-CD43-4835-8D1E-E531D210F362}"
EndProject
Project("{2150E333-8FDC-42A3-9474-1A3956D46DE8}") = "Nuget", "Nuget", "{E627C09B-72C0-4EBF-9988-5620023D595E}"
EndProject
Project("{9A19103F-16F7-4668-BE54-9A1E7A4F7556}") = "Dual.Common.Base.CS", "..\Submodules\nuget\Common\Dual.Common.Base.CS\Dual.Common.Base.CS.csproj", "{8BABBF8C-273A-44CB-8BC3-3B3BAA80166A}"
EndProject
Project("{6EC3EE1D-3C4E-46DD-8F32-0CC8E7565705}") = "Dual.Common.Base.FS", "..\Submodules\nuget\Common\Dual.Common.Base.FS\Dual.Common.Base.FS.fsproj", "{20ABE5FA-C497-4905-AFF8-CBB1D5A33EF5}"
EndProject
Project("{9A19103F-16F7-4668-BE54-9A1E7A4F7556}") = "Dual.Common.Core", "..\Submodules\nuget\Common\Dual.Common.Core\Dual.Common.Core.csproj", "{83284A3A-C6DD-40AB-A8DF-E562D8BE68C2}"
EndProject
Project("{6EC3EE1D-3C4E-46DD-8F32-0CC8E7565705}") = "Dual.Common.Core.FS", "..\Submodules\nuget\Common\Dual.Common.Core.FS\Dual.Common.Core.FS.fsproj", "{5E96D4EB-03BF-49C0-B8CB-945DF082DD02}"
EndProject
Project("{9A19103F-16F7-4668-BE54-9A1E7A4F7556}") = "Dual.Common.Db", "..\Submodules\nuget\Common\Dual.Common.Db\Dual.Common.Db.csproj", "{1311AB02-0449-4819-BB8D-5DCA51587B4A}"
EndProject
Project("{6EC3EE1D-3C4E-46DD-8F32-0CC8E7565705}") = "Dual.PLC.TagParser.FS", "..\Submodules\nuget\PLC\Dual.PLC.TagParser.FS\Dual.PLC.TagParser.FS.fsproj", "{D4F3389C-9EE1-4098-88B0-088CA6FB6AED}"
EndProject
Project("{9A19103F-16F7-4668-BE54-9A1E7A4F7556}") = "Dual.Common.Winform", "..\Submodules\nuget\Windows\Dual.Common.Winform\Dual.Common.Winform.csproj", "{D0457E88-A3B9-4FC8-861E-ED149D288F24}"
EndProject
Project("{9A19103F-16F7-4668-BE54-9A1E7A4F7556}") = "Dual.Common.Utils", "..\Submodules\nuget\Common\Dual.Common.Utils\Dual.Common.Utils.csproj", "{4B2186C1-975D-4F9B-B73B-AD8E0B031084}"
EndProject
Project("{6EC3EE1D-3C4E-46DD-8F32-0CC8E7565705}") = "Dual.Common.UnitTest.FS", "..\Submodules\nuget\Common\Dual.Common.UnitTest.FS\Dual.Common.UnitTest.FS.fsproj", "{B45D5749-F5C6-4D05-BD48-74611A6875A4}"
EndProject
Project("{2150E333-8FDC-42A3-9474-1A3956D46DE8}") = "NugetProjects", "NugetProjects", "{26C13474-CCE3-4F11-9FAD-437BFD7FC25F}"
EndProject
Project("{9A19103F-16F7-4668-BE54-9A1E7A4F7556}") = "Dual.PLC.Common", "..\Submodules\nuget\PLC\Dual.PLC.Common\Dual.PLC.Common.csproj", "{78ABDC9F-64A4-45B8-B18C-BD967E8A22A5}"
EndProject
Project("{6EC3EE1D-3C4E-46DD-8F32-0CC8E7565705}") = "Dual.PLC.LS.FS", "..\Submodules\nuget\PLC\Dual.PLC.LS.FS\Dual.PLC.LS.FS.fsproj", "{B5BF2DE2-2D49-443D-95E8-3226FD47033D}"
EndProject
Project("{6EC3EE1D-3C4E-46DD-8F32-0CC8E7565705}") = "Dual.PLC.LS.XgCOM.FS", "..\Submodules\nuget\PLC\Dual.PLC.LS.XgCOM.FS\Dual.PLC.LS.XgCOM.FS.fsproj", "{7DB517D2-9D29-4E2F-A5F3-0AA7709A7040}"
EndProject
Project("{2150E333-8FDC-42A3-9474-1A3956D46DE8}") = "PptAddIn", "PptAddIn", "{38805256-453C-419E-8D46-446F61631212}"
EndProject
Project("{2150E333-8FDC-42A3-9474-1A3956D46DE8}") = "NoPackagings", "NoPackagings", "{B7C268B0-2960-4510-9BF5-9801CEF60945}"
	ProjectSection(SolutionItems) = preProject
		..\Submodules\nuget\Windows\Readme.txt = ..\Submodules\nuget\Windows\Readme.txt
	EndProjectSection
EndProject
Project("{6EC3EE1D-3C4E-46DD-8F32-0CC8E7565705}") = "Engine.Common", "src\Engine\Engine.Common\Engine.Common.fsproj", "{A0247A09-6CF9-489E-901C-9761FD9E30B5}"
EndProject
Project("{9A19103F-16F7-4668-BE54-9A1E7A4F7556}") = "Dual.Common.Windows", "..\Submodules\nuget\Windows\Dual.Common.Windows\Dual.Common.Windows.csproj", "{6A24022B-EDCF-4D24-95CF-9242E90090D3}"
EndProject
Project("{FAE04EC0-301F-11D3-BF4B-00C04F79EFBC}") = "PptAddIn", "Apps\PptAddIn\PptAddIn\PptAddIn.csproj", "{D052D25E-D669-4FA3-8273-91043FFB035E}"
EndProject
Project("{FAE04EC0-301F-11D3-BF4B-00C04F79EFBC}") = "PptAddIn.DevXUI.23.1.5", "Apps\PptAddIn\PptAddIn.DevXUI\PptAddIn.DevXUI.23.1.5.csproj", "{53B9E4B4-83E6-4FA5-BAC6-D5A7740E0F47}"
EndProject
Project("{6EC3EE1D-3C4E-46DD-8F32-0CC8E7565705}") = "PptToDs.FS", "Apps\PptAddIn\PptToDs.FS\PptToDs.FS.fsproj", "{E1A39EF5-9699-4BD2-A413-48F7381870A2}"
EndProject
Project("{6EC3EE1D-3C4E-46DD-8F32-0CC8E7565705}") = "PLC.HW", "src\PLC\PLC.HW\PLC.HW.fsproj", "{46253BB3-F65C-484F-A05C-E75A2D6A9C20}"
EndProject
Project("{9A19103F-16F7-4668-BE54-9A1E7A4F7556}") = "Dual.Common.AppSettings", "..\Submodules\nuget\Common\Dual.Common.AppSettings\Dual.Common.AppSettings.csproj", "{F255661B-359E-4721-B8CE-554F92A378FE}"
EndProject
Project("{FAE04EC0-301F-11D3-BF4B-00C04F79EFBC}") = "GlobalEventDetector", "Apps\PptAddIn\GlobalEventDetector\GlobalEventDetector.csproj", "{FD66CF6D-E9E5-47F1-B5AD-B1AEEC2CEEA7}"
	ProjectSection(ProjectDependencies) = postProject
		{E1A39EF5-9699-4BD2-A413-48F7381870A2} = {E1A39EF5-9699-4BD2-A413-48F7381870A2}
	EndProjectSection
EndProject
Project("{6EC3EE1D-3C4E-46DD-8F32-0CC8E7565705}") = "PLC.CodeGen.Common", "src\PLC\PLC.CodeGen.Common\PLC.CodeGen.Common.fsproj", "{70F36D8A-0722-4F5C-8382-2E469FC92440}"
EndProject
Project("{6EC3EE1D-3C4E-46DD-8F32-0CC8E7565705}") = "DsToXyz.FS", "Apps\PptAddIn\DsToXyz.FS\DsToXyz.FS.fsproj", "{75B41C0E-3105-4478-8FA5-1C12D732912E}"
EndProject
Project("{6EC3EE1D-3C4E-46DD-8F32-0CC8E7565705}") = "Engine.CodeGenPLC", "src\Engine\Engine.CodeGenPLC\Engine.CodeGenPLC.fsproj", "{C512B745-AE54-480F-8157-B680E09FAF70}"
EndProject
Project("{6EC3EE1D-3C4E-46DD-8F32-0CC8E7565705}") = "PLC.CodeGen.LS", "src\PLC\PLC.CodeGen.LS\PLC.CodeGen.LS.fsproj", "{2846E56D-01B8-448F-8E51-E0C2D8B5CE5C}"
EndProject
Project("{6EC3EE1D-3C4E-46DD-8F32-0CC8E7565705}") = "Engine.CodeGenCPU", "src\Engine\Engine.CodeGenCPU\Engine.CodeGenCPU.fsproj", "{68C980A5-2268-4208-9548-C550243E26BE}"
EndProject
Project("{FAE04EC0-301F-11D3-BF4B-00C04F79EFBC}") = "Dual.Common.Winform.DevX.23.1.5", "..\Submodules\nuget\Windows\Dual.Common.Winform.DevX\Dual.Common.Winform.DevX.23.1.5.csproj", "{9844813A-CCAC-43CF-928F-0EF95935837D}"
EndProject
Global
	GlobalSection(SolutionConfigurationPlatforms) = preSolution
		Debug|Any CPU = Debug|Any CPU
		Debug|x86 = Debug|x86
		Release|Any CPU = Release|Any CPU
		Release|x86 = Release|x86
	EndGlobalSection
	GlobalSection(ProjectConfigurationPlatforms) = postSolution
		{40D8F531-BF68-4FAB-A5DC-57277C3DE2C8}.Debug|Any CPU.ActiveCfg = Debug|Any CPU
		{40D8F531-BF68-4FAB-A5DC-57277C3DE2C8}.Debug|Any CPU.Build.0 = Debug|Any CPU
		{40D8F531-BF68-4FAB-A5DC-57277C3DE2C8}.Debug|x86.ActiveCfg = Debug|Any CPU
		{40D8F531-BF68-4FAB-A5DC-57277C3DE2C8}.Debug|x86.Build.0 = Debug|Any CPU
		{40D8F531-BF68-4FAB-A5DC-57277C3DE2C8}.Release|Any CPU.ActiveCfg = Release|Any CPU
		{40D8F531-BF68-4FAB-A5DC-57277C3DE2C8}.Release|Any CPU.Build.0 = Release|Any CPU
		{40D8F531-BF68-4FAB-A5DC-57277C3DE2C8}.Release|x86.ActiveCfg = Release|Any CPU
		{40D8F531-BF68-4FAB-A5DC-57277C3DE2C8}.Release|x86.Build.0 = Release|Any CPU
		{D405C9DC-6818-40A6-9397-CD1574F60044}.Debug|Any CPU.ActiveCfg = Debug|Any CPU
		{D405C9DC-6818-40A6-9397-CD1574F60044}.Debug|Any CPU.Build.0 = Debug|Any CPU
		{D405C9DC-6818-40A6-9397-CD1574F60044}.Debug|x86.ActiveCfg = Debug|Any CPU
		{D405C9DC-6818-40A6-9397-CD1574F60044}.Debug|x86.Build.0 = Debug|Any CPU
		{D405C9DC-6818-40A6-9397-CD1574F60044}.Release|Any CPU.ActiveCfg = Release|Any CPU
		{D405C9DC-6818-40A6-9397-CD1574F60044}.Release|Any CPU.Build.0 = Release|Any CPU
		{D405C9DC-6818-40A6-9397-CD1574F60044}.Release|x86.ActiveCfg = Release|Any CPU
		{D405C9DC-6818-40A6-9397-CD1574F60044}.Release|x86.Build.0 = Release|Any CPU
		{600345EE-37DE-405A-8EF0-EB0F92310F6A}.Debug|Any CPU.ActiveCfg = Debug|Any CPU
		{600345EE-37DE-405A-8EF0-EB0F92310F6A}.Debug|Any CPU.Build.0 = Debug|Any CPU
		{600345EE-37DE-405A-8EF0-EB0F92310F6A}.Debug|x86.ActiveCfg = Debug|Any CPU
		{600345EE-37DE-405A-8EF0-EB0F92310F6A}.Debug|x86.Build.0 = Debug|Any CPU
		{600345EE-37DE-405A-8EF0-EB0F92310F6A}.Release|Any CPU.ActiveCfg = Release|Any CPU
		{600345EE-37DE-405A-8EF0-EB0F92310F6A}.Release|Any CPU.Build.0 = Release|Any CPU
		{600345EE-37DE-405A-8EF0-EB0F92310F6A}.Release|x86.ActiveCfg = Release|Any CPU
		{600345EE-37DE-405A-8EF0-EB0F92310F6A}.Release|x86.Build.0 = Release|Any CPU
		{9F9E4240-D8A8-4356-97ED-0EC8FA8BEEA7}.Debug|Any CPU.ActiveCfg = Debug|Any CPU
		{9F9E4240-D8A8-4356-97ED-0EC8FA8BEEA7}.Debug|Any CPU.Build.0 = Debug|Any CPU
		{9F9E4240-D8A8-4356-97ED-0EC8FA8BEEA7}.Debug|x86.ActiveCfg = Debug|Any CPU
		{9F9E4240-D8A8-4356-97ED-0EC8FA8BEEA7}.Debug|x86.Build.0 = Debug|Any CPU
		{9F9E4240-D8A8-4356-97ED-0EC8FA8BEEA7}.Release|Any CPU.ActiveCfg = Release|Any CPU
		{9F9E4240-D8A8-4356-97ED-0EC8FA8BEEA7}.Release|Any CPU.Build.0 = Release|Any CPU
		{9F9E4240-D8A8-4356-97ED-0EC8FA8BEEA7}.Release|x86.ActiveCfg = Release|Any CPU
		{9F9E4240-D8A8-4356-97ED-0EC8FA8BEEA7}.Release|x86.Build.0 = Release|Any CPU
		{C88754F9-CD43-4835-8D1E-E531D210F362}.Debug|Any CPU.ActiveCfg = Debug|Any CPU
		{C88754F9-CD43-4835-8D1E-E531D210F362}.Debug|Any CPU.Build.0 = Debug|Any CPU
		{C88754F9-CD43-4835-8D1E-E531D210F362}.Debug|x86.ActiveCfg = Debug|Any CPU
		{C88754F9-CD43-4835-8D1E-E531D210F362}.Debug|x86.Build.0 = Debug|Any CPU
		{C88754F9-CD43-4835-8D1E-E531D210F362}.Release|Any CPU.ActiveCfg = Release|Any CPU
		{C88754F9-CD43-4835-8D1E-E531D210F362}.Release|Any CPU.Build.0 = Release|Any CPU
		{C88754F9-CD43-4835-8D1E-E531D210F362}.Release|x86.ActiveCfg = Release|Any CPU
		{C88754F9-CD43-4835-8D1E-E531D210F362}.Release|x86.Build.0 = Release|Any CPU
		{8BABBF8C-273A-44CB-8BC3-3B3BAA80166A}.Debug|Any CPU.ActiveCfg = Debug|Any CPU
		{8BABBF8C-273A-44CB-8BC3-3B3BAA80166A}.Debug|Any CPU.Build.0 = Debug|Any CPU
		{8BABBF8C-273A-44CB-8BC3-3B3BAA80166A}.Debug|x86.ActiveCfg = Debug|Any CPU
		{8BABBF8C-273A-44CB-8BC3-3B3BAA80166A}.Debug|x86.Build.0 = Debug|Any CPU
		{8BABBF8C-273A-44CB-8BC3-3B3BAA80166A}.Release|Any CPU.ActiveCfg = Release|Any CPU
		{8BABBF8C-273A-44CB-8BC3-3B3BAA80166A}.Release|Any CPU.Build.0 = Release|Any CPU
		{8BABBF8C-273A-44CB-8BC3-3B3BAA80166A}.Release|x86.ActiveCfg = Release|Any CPU
		{8BABBF8C-273A-44CB-8BC3-3B3BAA80166A}.Release|x86.Build.0 = Release|Any CPU
		{20ABE5FA-C497-4905-AFF8-CBB1D5A33EF5}.Debug|Any CPU.ActiveCfg = Debug|Any CPU
		{20ABE5FA-C497-4905-AFF8-CBB1D5A33EF5}.Debug|Any CPU.Build.0 = Debug|Any CPU
		{20ABE5FA-C497-4905-AFF8-CBB1D5A33EF5}.Debug|x86.ActiveCfg = Debug|Any CPU
		{20ABE5FA-C497-4905-AFF8-CBB1D5A33EF5}.Debug|x86.Build.0 = Debug|Any CPU
		{20ABE5FA-C497-4905-AFF8-CBB1D5A33EF5}.Release|Any CPU.ActiveCfg = Release|Any CPU
		{20ABE5FA-C497-4905-AFF8-CBB1D5A33EF5}.Release|Any CPU.Build.0 = Release|Any CPU
		{20ABE5FA-C497-4905-AFF8-CBB1D5A33EF5}.Release|x86.ActiveCfg = Release|Any CPU
		{20ABE5FA-C497-4905-AFF8-CBB1D5A33EF5}.Release|x86.Build.0 = Release|Any CPU
		{83284A3A-C6DD-40AB-A8DF-E562D8BE68C2}.Debug|Any CPU.ActiveCfg = Debug|Any CPU
		{83284A3A-C6DD-40AB-A8DF-E562D8BE68C2}.Debug|Any CPU.Build.0 = Debug|Any CPU
		{83284A3A-C6DD-40AB-A8DF-E562D8BE68C2}.Debug|x86.ActiveCfg = Debug|Any CPU
		{83284A3A-C6DD-40AB-A8DF-E562D8BE68C2}.Debug|x86.Build.0 = Debug|Any CPU
		{83284A3A-C6DD-40AB-A8DF-E562D8BE68C2}.Release|Any CPU.ActiveCfg = Release|Any CPU
		{83284A3A-C6DD-40AB-A8DF-E562D8BE68C2}.Release|Any CPU.Build.0 = Release|Any CPU
		{83284A3A-C6DD-40AB-A8DF-E562D8BE68C2}.Release|x86.ActiveCfg = Release|Any CPU
		{83284A3A-C6DD-40AB-A8DF-E562D8BE68C2}.Release|x86.Build.0 = Release|Any CPU
		{5E96D4EB-03BF-49C0-B8CB-945DF082DD02}.Debug|Any CPU.ActiveCfg = Debug|Any CPU
		{5E96D4EB-03BF-49C0-B8CB-945DF082DD02}.Debug|Any CPU.Build.0 = Debug|Any CPU
		{5E96D4EB-03BF-49C0-B8CB-945DF082DD02}.Debug|x86.ActiveCfg = Debug|Any CPU
		{5E96D4EB-03BF-49C0-B8CB-945DF082DD02}.Debug|x86.Build.0 = Debug|Any CPU
		{5E96D4EB-03BF-49C0-B8CB-945DF082DD02}.Release|Any CPU.ActiveCfg = Release|Any CPU
		{5E96D4EB-03BF-49C0-B8CB-945DF082DD02}.Release|Any CPU.Build.0 = Release|Any CPU
		{5E96D4EB-03BF-49C0-B8CB-945DF082DD02}.Release|x86.ActiveCfg = Release|Any CPU
		{5E96D4EB-03BF-49C0-B8CB-945DF082DD02}.Release|x86.Build.0 = Release|Any CPU
		{1311AB02-0449-4819-BB8D-5DCA51587B4A}.Debug|Any CPU.ActiveCfg = Debug|Any CPU
		{1311AB02-0449-4819-BB8D-5DCA51587B4A}.Debug|Any CPU.Build.0 = Debug|Any CPU
		{1311AB02-0449-4819-BB8D-5DCA51587B4A}.Debug|x86.ActiveCfg = Debug|x86
		{1311AB02-0449-4819-BB8D-5DCA51587B4A}.Debug|x86.Build.0 = Debug|x86
		{1311AB02-0449-4819-BB8D-5DCA51587B4A}.Release|Any CPU.ActiveCfg = Release|Any CPU
		{1311AB02-0449-4819-BB8D-5DCA51587B4A}.Release|Any CPU.Build.0 = Release|Any CPU
		{1311AB02-0449-4819-BB8D-5DCA51587B4A}.Release|x86.ActiveCfg = Release|x86
		{1311AB02-0449-4819-BB8D-5DCA51587B4A}.Release|x86.Build.0 = Release|x86
		{D4F3389C-9EE1-4098-88B0-088CA6FB6AED}.Debug|Any CPU.ActiveCfg = Debug|Any CPU
		{D4F3389C-9EE1-4098-88B0-088CA6FB6AED}.Debug|Any CPU.Build.0 = Debug|Any CPU
		{D4F3389C-9EE1-4098-88B0-088CA6FB6AED}.Debug|x86.ActiveCfg = Debug|Any CPU
		{D4F3389C-9EE1-4098-88B0-088CA6FB6AED}.Debug|x86.Build.0 = Debug|Any CPU
		{D4F3389C-9EE1-4098-88B0-088CA6FB6AED}.Release|Any CPU.ActiveCfg = Release|Any CPU
		{D4F3389C-9EE1-4098-88B0-088CA6FB6AED}.Release|Any CPU.Build.0 = Release|Any CPU
		{D4F3389C-9EE1-4098-88B0-088CA6FB6AED}.Release|x86.ActiveCfg = Release|Any CPU
		{D4F3389C-9EE1-4098-88B0-088CA6FB6AED}.Release|x86.Build.0 = Release|Any CPU
		{D0457E88-A3B9-4FC8-861E-ED149D288F24}.Debug|Any CPU.ActiveCfg = Debug|Any CPU
		{D0457E88-A3B9-4FC8-861E-ED149D288F24}.Debug|Any CPU.Build.0 = Debug|Any CPU
		{D0457E88-A3B9-4FC8-861E-ED149D288F24}.Debug|x86.ActiveCfg = Debug|Any CPU
		{D0457E88-A3B9-4FC8-861E-ED149D288F24}.Debug|x86.Build.0 = Debug|Any CPU
		{D0457E88-A3B9-4FC8-861E-ED149D288F24}.Release|Any CPU.ActiveCfg = Release|Any CPU
		{D0457E88-A3B9-4FC8-861E-ED149D288F24}.Release|Any CPU.Build.0 = Release|Any CPU
		{D0457E88-A3B9-4FC8-861E-ED149D288F24}.Release|x86.ActiveCfg = Release|Any CPU
		{D0457E88-A3B9-4FC8-861E-ED149D288F24}.Release|x86.Build.0 = Release|Any CPU
		{4B2186C1-975D-4F9B-B73B-AD8E0B031084}.Debug|Any CPU.ActiveCfg = Debug|Any CPU
		{4B2186C1-975D-4F9B-B73B-AD8E0B031084}.Debug|Any CPU.Build.0 = Debug|Any CPU
		{4B2186C1-975D-4F9B-B73B-AD8E0B031084}.Debug|x86.ActiveCfg = Debug|Any CPU
		{4B2186C1-975D-4F9B-B73B-AD8E0B031084}.Debug|x86.Build.0 = Debug|Any CPU
		{4B2186C1-975D-4F9B-B73B-AD8E0B031084}.Release|Any CPU.ActiveCfg = Release|Any CPU
		{4B2186C1-975D-4F9B-B73B-AD8E0B031084}.Release|Any CPU.Build.0 = Release|Any CPU
		{4B2186C1-975D-4F9B-B73B-AD8E0B031084}.Release|x86.ActiveCfg = Release|Any CPU
		{4B2186C1-975D-4F9B-B73B-AD8E0B031084}.Release|x86.Build.0 = Release|Any CPU
		{B45D5749-F5C6-4D05-BD48-74611A6875A4}.Debug|Any CPU.ActiveCfg = Debug|Any CPU
		{B45D5749-F5C6-4D05-BD48-74611A6875A4}.Debug|Any CPU.Build.0 = Debug|Any CPU
		{B45D5749-F5C6-4D05-BD48-74611A6875A4}.Debug|x86.ActiveCfg = Debug|Any CPU
		{B45D5749-F5C6-4D05-BD48-74611A6875A4}.Debug|x86.Build.0 = Debug|Any CPU
		{B45D5749-F5C6-4D05-BD48-74611A6875A4}.Release|Any CPU.ActiveCfg = Release|Any CPU
		{B45D5749-F5C6-4D05-BD48-74611A6875A4}.Release|Any CPU.Build.0 = Release|Any CPU
		{B45D5749-F5C6-4D05-BD48-74611A6875A4}.Release|x86.ActiveCfg = Release|Any CPU
		{B45D5749-F5C6-4D05-BD48-74611A6875A4}.Release|x86.Build.0 = Release|Any CPU
		{78ABDC9F-64A4-45B8-B18C-BD967E8A22A5}.Debug|Any CPU.ActiveCfg = Debug|Any CPU
		{78ABDC9F-64A4-45B8-B18C-BD967E8A22A5}.Debug|Any CPU.Build.0 = Debug|Any CPU
		{78ABDC9F-64A4-45B8-B18C-BD967E8A22A5}.Debug|x86.ActiveCfg = Debug|Any CPU
		{78ABDC9F-64A4-45B8-B18C-BD967E8A22A5}.Debug|x86.Build.0 = Debug|Any CPU
		{78ABDC9F-64A4-45B8-B18C-BD967E8A22A5}.Release|Any CPU.ActiveCfg = Release|Any CPU
		{78ABDC9F-64A4-45B8-B18C-BD967E8A22A5}.Release|Any CPU.Build.0 = Release|Any CPU
		{78ABDC9F-64A4-45B8-B18C-BD967E8A22A5}.Release|x86.ActiveCfg = Release|Any CPU
		{78ABDC9F-64A4-45B8-B18C-BD967E8A22A5}.Release|x86.Build.0 = Release|Any CPU
		{B5BF2DE2-2D49-443D-95E8-3226FD47033D}.Debug|Any CPU.ActiveCfg = Debug|Any CPU
		{B5BF2DE2-2D49-443D-95E8-3226FD47033D}.Debug|Any CPU.Build.0 = Debug|Any CPU
		{B5BF2DE2-2D49-443D-95E8-3226FD47033D}.Debug|x86.ActiveCfg = Debug|Any CPU
		{B5BF2DE2-2D49-443D-95E8-3226FD47033D}.Debug|x86.Build.0 = Debug|Any CPU
		{B5BF2DE2-2D49-443D-95E8-3226FD47033D}.Release|Any CPU.ActiveCfg = Release|Any CPU
		{B5BF2DE2-2D49-443D-95E8-3226FD47033D}.Release|Any CPU.Build.0 = Release|Any CPU
		{B5BF2DE2-2D49-443D-95E8-3226FD47033D}.Release|x86.ActiveCfg = Release|Any CPU
		{B5BF2DE2-2D49-443D-95E8-3226FD47033D}.Release|x86.Build.0 = Release|Any CPU
		{7DB517D2-9D29-4E2F-A5F3-0AA7709A7040}.Debug|Any CPU.ActiveCfg = Debug|Any CPU
		{7DB517D2-9D29-4E2F-A5F3-0AA7709A7040}.Debug|Any CPU.Build.0 = Debug|Any CPU
		{7DB517D2-9D29-4E2F-A5F3-0AA7709A7040}.Debug|x86.ActiveCfg = Debug|Any CPU
		{7DB517D2-9D29-4E2F-A5F3-0AA7709A7040}.Debug|x86.Build.0 = Debug|Any CPU
		{7DB517D2-9D29-4E2F-A5F3-0AA7709A7040}.Release|Any CPU.ActiveCfg = Release|Any CPU
		{7DB517D2-9D29-4E2F-A5F3-0AA7709A7040}.Release|Any CPU.Build.0 = Release|Any CPU
		{7DB517D2-9D29-4E2F-A5F3-0AA7709A7040}.Release|x86.ActiveCfg = Release|Any CPU
		{7DB517D2-9D29-4E2F-A5F3-0AA7709A7040}.Release|x86.Build.0 = Release|Any CPU
		{A0247A09-6CF9-489E-901C-9761FD9E30B5}.Debug|Any CPU.ActiveCfg = Debug|Any CPU
		{A0247A09-6CF9-489E-901C-9761FD9E30B5}.Debug|Any CPU.Build.0 = Debug|Any CPU
		{A0247A09-6CF9-489E-901C-9761FD9E30B5}.Debug|x86.ActiveCfg = Debug|Any CPU
		{A0247A09-6CF9-489E-901C-9761FD9E30B5}.Debug|x86.Build.0 = Debug|Any CPU
		{A0247A09-6CF9-489E-901C-9761FD9E30B5}.Release|Any CPU.ActiveCfg = Release|Any CPU
		{A0247A09-6CF9-489E-901C-9761FD9E30B5}.Release|Any CPU.Build.0 = Release|Any CPU
		{A0247A09-6CF9-489E-901C-9761FD9E30B5}.Release|x86.ActiveCfg = Release|Any CPU
		{A0247A09-6CF9-489E-901C-9761FD9E30B5}.Release|x86.Build.0 = Release|Any CPU
		{6A24022B-EDCF-4D24-95CF-9242E90090D3}.Debug|Any CPU.ActiveCfg = Debug|Any CPU
		{6A24022B-EDCF-4D24-95CF-9242E90090D3}.Debug|Any CPU.Build.0 = Debug|Any CPU
		{6A24022B-EDCF-4D24-95CF-9242E90090D3}.Debug|x86.ActiveCfg = Debug|Any CPU
		{6A24022B-EDCF-4D24-95CF-9242E90090D3}.Debug|x86.Build.0 = Debug|Any CPU
		{6A24022B-EDCF-4D24-95CF-9242E90090D3}.Release|Any CPU.ActiveCfg = Release|Any CPU
		{6A24022B-EDCF-4D24-95CF-9242E90090D3}.Release|Any CPU.Build.0 = Release|Any CPU
		{6A24022B-EDCF-4D24-95CF-9242E90090D3}.Release|x86.ActiveCfg = Release|Any CPU
		{6A24022B-EDCF-4D24-95CF-9242E90090D3}.Release|x86.Build.0 = Release|Any CPU
		{D052D25E-D669-4FA3-8273-91043FFB035E}.Debug|Any CPU.ActiveCfg = Debug|Any CPU
		{D052D25E-D669-4FA3-8273-91043FFB035E}.Debug|Any CPU.Build.0 = Debug|Any CPU
		{D052D25E-D669-4FA3-8273-91043FFB035E}.Debug|x86.ActiveCfg = Debug|Any CPU
		{D052D25E-D669-4FA3-8273-91043FFB035E}.Debug|x86.Build.0 = Debug|Any CPU
		{D052D25E-D669-4FA3-8273-91043FFB035E}.Release|Any CPU.ActiveCfg = Release|Any CPU
		{D052D25E-D669-4FA3-8273-91043FFB035E}.Release|Any CPU.Build.0 = Release|Any CPU
		{D052D25E-D669-4FA3-8273-91043FFB035E}.Release|x86.ActiveCfg = Release|Any CPU
		{D052D25E-D669-4FA3-8273-91043FFB035E}.Release|x86.Build.0 = Release|Any CPU
		{53B9E4B4-83E6-4FA5-BAC6-D5A7740E0F47}.Debug|Any CPU.ActiveCfg = Debug|Any CPU
		{53B9E4B4-83E6-4FA5-BAC6-D5A7740E0F47}.Debug|Any CPU.Build.0 = Debug|Any CPU
		{53B9E4B4-83E6-4FA5-BAC6-D5A7740E0F47}.Debug|x86.ActiveCfg = Debug|Any CPU
		{53B9E4B4-83E6-4FA5-BAC6-D5A7740E0F47}.Debug|x86.Build.0 = Debug|Any CPU
		{53B9E4B4-83E6-4FA5-BAC6-D5A7740E0F47}.Release|Any CPU.ActiveCfg = Release|Any CPU
		{53B9E4B4-83E6-4FA5-BAC6-D5A7740E0F47}.Release|Any CPU.Build.0 = Release|Any CPU
		{53B9E4B4-83E6-4FA5-BAC6-D5A7740E0F47}.Release|x86.ActiveCfg = Release|Any CPU
		{53B9E4B4-83E6-4FA5-BAC6-D5A7740E0F47}.Release|x86.Build.0 = Release|Any CPU
		{E1A39EF5-9699-4BD2-A413-48F7381870A2}.Debug|Any CPU.ActiveCfg = Debug|Any CPU
		{E1A39EF5-9699-4BD2-A413-48F7381870A2}.Debug|Any CPU.Build.0 = Debug|Any CPU
		{E1A39EF5-9699-4BD2-A413-48F7381870A2}.Debug|x86.ActiveCfg = Debug|Any CPU
		{E1A39EF5-9699-4BD2-A413-48F7381870A2}.Debug|x86.Build.0 = Debug|Any CPU
		{E1A39EF5-9699-4BD2-A413-48F7381870A2}.Release|Any CPU.ActiveCfg = Release|Any CPU
		{E1A39EF5-9699-4BD2-A413-48F7381870A2}.Release|Any CPU.Build.0 = Release|Any CPU
		{E1A39EF5-9699-4BD2-A413-48F7381870A2}.Release|x86.ActiveCfg = Release|Any CPU
		{E1A39EF5-9699-4BD2-A413-48F7381870A2}.Release|x86.Build.0 = Release|Any CPU
		{46253BB3-F65C-484F-A05C-E75A2D6A9C20}.Debug|Any CPU.ActiveCfg = Debug|Any CPU
		{46253BB3-F65C-484F-A05C-E75A2D6A9C20}.Debug|Any CPU.Build.0 = Debug|Any CPU
		{46253BB3-F65C-484F-A05C-E75A2D6A9C20}.Debug|x86.ActiveCfg = Debug|Any CPU
		{46253BB3-F65C-484F-A05C-E75A2D6A9C20}.Debug|x86.Build.0 = Debug|Any CPU
		{46253BB3-F65C-484F-A05C-E75A2D6A9C20}.Release|Any CPU.ActiveCfg = Release|Any CPU
		{46253BB3-F65C-484F-A05C-E75A2D6A9C20}.Release|Any CPU.Build.0 = Release|Any CPU
		{46253BB3-F65C-484F-A05C-E75A2D6A9C20}.Release|x86.ActiveCfg = Release|Any CPU
		{46253BB3-F65C-484F-A05C-E75A2D6A9C20}.Release|x86.Build.0 = Release|Any CPU
		{F255661B-359E-4721-B8CE-554F92A378FE}.Debug|Any CPU.ActiveCfg = Debug|Any CPU
		{F255661B-359E-4721-B8CE-554F92A378FE}.Debug|Any CPU.Build.0 = Debug|Any CPU
		{F255661B-359E-4721-B8CE-554F92A378FE}.Debug|x86.ActiveCfg = Debug|Any CPU
		{F255661B-359E-4721-B8CE-554F92A378FE}.Debug|x86.Build.0 = Debug|Any CPU
		{F255661B-359E-4721-B8CE-554F92A378FE}.Release|Any CPU.ActiveCfg = Release|Any CPU
		{F255661B-359E-4721-B8CE-554F92A378FE}.Release|Any CPU.Build.0 = Release|Any CPU
		{F255661B-359E-4721-B8CE-554F92A378FE}.Release|x86.ActiveCfg = Release|Any CPU
		{F255661B-359E-4721-B8CE-554F92A378FE}.Release|x86.Build.0 = Release|Any CPU
		{FD66CF6D-E9E5-47F1-B5AD-B1AEEC2CEEA7}.Debug|Any CPU.ActiveCfg = Debug|Any CPU
		{FD66CF6D-E9E5-47F1-B5AD-B1AEEC2CEEA7}.Debug|Any CPU.Build.0 = Debug|Any CPU
		{FD66CF6D-E9E5-47F1-B5AD-B1AEEC2CEEA7}.Debug|x86.ActiveCfg = Debug|Any CPU
		{FD66CF6D-E9E5-47F1-B5AD-B1AEEC2CEEA7}.Debug|x86.Build.0 = Debug|Any CPU
		{FD66CF6D-E9E5-47F1-B5AD-B1AEEC2CEEA7}.Release|Any CPU.ActiveCfg = Release|Any CPU
		{FD66CF6D-E9E5-47F1-B5AD-B1AEEC2CEEA7}.Release|Any CPU.Build.0 = Release|Any CPU
		{FD66CF6D-E9E5-47F1-B5AD-B1AEEC2CEEA7}.Release|x86.ActiveCfg = Release|Any CPU
		{FD66CF6D-E9E5-47F1-B5AD-B1AEEC2CEEA7}.Release|x86.Build.0 = Release|Any CPU
		{70F36D8A-0722-4F5C-8382-2E469FC92440}.Debug|Any CPU.ActiveCfg = Debug|Any CPU
		{70F36D8A-0722-4F5C-8382-2E469FC92440}.Debug|Any CPU.Build.0 = Debug|Any CPU
		{70F36D8A-0722-4F5C-8382-2E469FC92440}.Debug|x86.ActiveCfg = Debug|Any CPU
		{70F36D8A-0722-4F5C-8382-2E469FC92440}.Debug|x86.Build.0 = Debug|Any CPU
		{70F36D8A-0722-4F5C-8382-2E469FC92440}.Release|Any CPU.ActiveCfg = Release|Any CPU
		{70F36D8A-0722-4F5C-8382-2E469FC92440}.Release|Any CPU.Build.0 = Release|Any CPU
		{70F36D8A-0722-4F5C-8382-2E469FC92440}.Release|x86.ActiveCfg = Release|Any CPU
		{70F36D8A-0722-4F5C-8382-2E469FC92440}.Release|x86.Build.0 = Release|Any CPU
		{75B41C0E-3105-4478-8FA5-1C12D732912E}.Debug|Any CPU.ActiveCfg = Debug|Any CPU
		{75B41C0E-3105-4478-8FA5-1C12D732912E}.Debug|Any CPU.Build.0 = Debug|Any CPU
		{75B41C0E-3105-4478-8FA5-1C12D732912E}.Debug|x86.ActiveCfg = Debug|Any CPU
		{75B41C0E-3105-4478-8FA5-1C12D732912E}.Debug|x86.Build.0 = Debug|Any CPU
		{75B41C0E-3105-4478-8FA5-1C12D732912E}.Release|Any CPU.ActiveCfg = Release|Any CPU
		{75B41C0E-3105-4478-8FA5-1C12D732912E}.Release|Any CPU.Build.0 = Release|Any CPU
		{75B41C0E-3105-4478-8FA5-1C12D732912E}.Release|x86.ActiveCfg = Release|Any CPU
		{75B41C0E-3105-4478-8FA5-1C12D732912E}.Release|x86.Build.0 = Release|Any CPU
		{C512B745-AE54-480F-8157-B680E09FAF70}.Debug|Any CPU.ActiveCfg = Debug|Any CPU
		{C512B745-AE54-480F-8157-B680E09FAF70}.Debug|Any CPU.Build.0 = Debug|Any CPU
		{C512B745-AE54-480F-8157-B680E09FAF70}.Debug|x86.ActiveCfg = Debug|Any CPU
		{C512B745-AE54-480F-8157-B680E09FAF70}.Debug|x86.Build.0 = Debug|Any CPU
		{C512B745-AE54-480F-8157-B680E09FAF70}.Release|Any CPU.ActiveCfg = Release|Any CPU
		{C512B745-AE54-480F-8157-B680E09FAF70}.Release|Any CPU.Build.0 = Release|Any CPU
		{C512B745-AE54-480F-8157-B680E09FAF70}.Release|x86.ActiveCfg = Release|Any CPU
		{C512B745-AE54-480F-8157-B680E09FAF70}.Release|x86.Build.0 = Release|Any CPU
		{2846E56D-01B8-448F-8E51-E0C2D8B5CE5C}.Debug|Any CPU.ActiveCfg = Debug|Any CPU
		{2846E56D-01B8-448F-8E51-E0C2D8B5CE5C}.Debug|Any CPU.Build.0 = Debug|Any CPU
		{2846E56D-01B8-448F-8E51-E0C2D8B5CE5C}.Debug|x86.ActiveCfg = Debug|Any CPU
		{2846E56D-01B8-448F-8E51-E0C2D8B5CE5C}.Debug|x86.Build.0 = Debug|Any CPU
		{2846E56D-01B8-448F-8E51-E0C2D8B5CE5C}.Release|Any CPU.ActiveCfg = Release|Any CPU
		{2846E56D-01B8-448F-8E51-E0C2D8B5CE5C}.Release|Any CPU.Build.0 = Release|Any CPU
		{2846E56D-01B8-448F-8E51-E0C2D8B5CE5C}.Release|x86.ActiveCfg = Release|Any CPU
		{2846E56D-01B8-448F-8E51-E0C2D8B5CE5C}.Release|x86.Build.0 = Release|Any CPU
		{68C980A5-2268-4208-9548-C550243E26BE}.Debug|Any CPU.ActiveCfg = Debug|Any CPU
		{68C980A5-2268-4208-9548-C550243E26BE}.Debug|Any CPU.Build.0 = Debug|Any CPU
		{68C980A5-2268-4208-9548-C550243E26BE}.Debug|x86.ActiveCfg = Debug|Any CPU
		{68C980A5-2268-4208-9548-C550243E26BE}.Debug|x86.Build.0 = Debug|Any CPU
		{68C980A5-2268-4208-9548-C550243E26BE}.Release|Any CPU.ActiveCfg = Release|Any CPU
		{68C980A5-2268-4208-9548-C550243E26BE}.Release|Any CPU.Build.0 = Release|Any CPU
		{68C980A5-2268-4208-9548-C550243E26BE}.Release|x86.ActiveCfg = Release|Any CPU
		{68C980A5-2268-4208-9548-C550243E26BE}.Release|x86.Build.0 = Release|Any CPU
		{9844813A-CCAC-43CF-928F-0EF95935837D}.Debug|Any CPU.ActiveCfg = Debug|Any CPU
		{9844813A-CCAC-43CF-928F-0EF95935837D}.Debug|Any CPU.Build.0 = Debug|Any CPU
		{9844813A-CCAC-43CF-928F-0EF95935837D}.Debug|x86.ActiveCfg = Debug|Any CPU
		{9844813A-CCAC-43CF-928F-0EF95935837D}.Debug|x86.Build.0 = Debug|Any CPU
		{9844813A-CCAC-43CF-928F-0EF95935837D}.Release|Any CPU.ActiveCfg = Release|Any CPU
		{9844813A-CCAC-43CF-928F-0EF95935837D}.Release|Any CPU.Build.0 = Release|Any CPU
		{9844813A-CCAC-43CF-928F-0EF95935837D}.Release|x86.ActiveCfg = Release|Any CPU
		{9844813A-CCAC-43CF-928F-0EF95935837D}.Release|x86.Build.0 = Release|Any CPU
	EndGlobalSection
	GlobalSection(SolutionProperties) = preSolution
		HideSolutionNode = FALSE
	EndGlobalSection
	GlobalSection(NestedProjects) = preSolution
		{078A9C52-DDC1-46F4-9235-9E6C89C87AFD} = {3A857CD2-8DF3-4BF3-B7C8-1266B43BA603}
		{40D8F531-BF68-4FAB-A5DC-57277C3DE2C8} = {BF60BC93-E09B-4E5F-9D85-95A519479D54}
		{D405C9DC-6818-40A6-9397-CD1574F60044} = {BF60BC93-E09B-4E5F-9D85-95A519479D54}
		{600345EE-37DE-405A-8EF0-EB0F92310F6A} = {BF60BC93-E09B-4E5F-9D85-95A519479D54}
		{77586D4A-C976-4543-803E-1D4AB0E684DB} = {BF60BC93-E09B-4E5F-9D85-95A519479D54}
		{56DE9AF3-F21C-4709-8328-7CE174EBA969} = {77586D4A-C976-4543-803E-1D4AB0E684DB}
		{E6C42E55-8BA2-46A1-BAFA-A345A019C387} = {BF60BC93-E09B-4E5F-9D85-95A519479D54}
		{9F9E4240-D8A8-4356-97ED-0EC8FA8BEEA7} = {E6C42E55-8BA2-46A1-BAFA-A345A019C387}
		{C88754F9-CD43-4835-8D1E-E531D210F362} = {E6C42E55-8BA2-46A1-BAFA-A345A019C387}
		{8BABBF8C-273A-44CB-8BC3-3B3BAA80166A} = {26C13474-CCE3-4F11-9FAD-437BFD7FC25F}
		{20ABE5FA-C497-4905-AFF8-CBB1D5A33EF5} = {26C13474-CCE3-4F11-9FAD-437BFD7FC25F}
		{83284A3A-C6DD-40AB-A8DF-E562D8BE68C2} = {26C13474-CCE3-4F11-9FAD-437BFD7FC25F}
		{5E96D4EB-03BF-49C0-B8CB-945DF082DD02} = {26C13474-CCE3-4F11-9FAD-437BFD7FC25F}
		{1311AB02-0449-4819-BB8D-5DCA51587B4A} = {26C13474-CCE3-4F11-9FAD-437BFD7FC25F}
		{D4F3389C-9EE1-4098-88B0-088CA6FB6AED} = {26C13474-CCE3-4F11-9FAD-437BFD7FC25F}
		{D0457E88-A3B9-4FC8-861E-ED149D288F24} = {26C13474-CCE3-4F11-9FAD-437BFD7FC25F}
		{4B2186C1-975D-4F9B-B73B-AD8E0B031084} = {26C13474-CCE3-4F11-9FAD-437BFD7FC25F}
		{B45D5749-F5C6-4D05-BD48-74611A6875A4} = {26C13474-CCE3-4F11-9FAD-437BFD7FC25F}
		{26C13474-CCE3-4F11-9FAD-437BFD7FC25F} = {E627C09B-72C0-4EBF-9988-5620023D595E}
		{78ABDC9F-64A4-45B8-B18C-BD967E8A22A5} = {26C13474-CCE3-4F11-9FAD-437BFD7FC25F}
		{B5BF2DE2-2D49-443D-95E8-3226FD47033D} = {26C13474-CCE3-4F11-9FAD-437BFD7FC25F}
		{7DB517D2-9D29-4E2F-A5F3-0AA7709A7040} = {26C13474-CCE3-4F11-9FAD-437BFD7FC25F}
		{38805256-453C-419E-8D46-446F61631212} = {A0DABA06-FC1F-4129-B89E-1EAA3E01A6A9}
		{B7C268B0-2960-4510-9BF5-9801CEF60945} = {E627C09B-72C0-4EBF-9988-5620023D595E}
		{A0247A09-6CF9-489E-901C-9761FD9E30B5} = {BF60BC93-E09B-4E5F-9D85-95A519479D54}
		{6A24022B-EDCF-4D24-95CF-9242E90090D3} = {B7C268B0-2960-4510-9BF5-9801CEF60945}
		{D052D25E-D669-4FA3-8273-91043FFB035E} = {38805256-453C-419E-8D46-446F61631212}
		{53B9E4B4-83E6-4FA5-BAC6-D5A7740E0F47} = {38805256-453C-419E-8D46-446F61631212}
		{E1A39EF5-9699-4BD2-A413-48F7381870A2} = {38805256-453C-419E-8D46-446F61631212}
		{46253BB3-F65C-484F-A05C-E75A2D6A9C20} = {77586D4A-C976-4543-803E-1D4AB0E684DB}
		{F255661B-359E-4721-B8CE-554F92A378FE} = {26C13474-CCE3-4F11-9FAD-437BFD7FC25F}
		{FD66CF6D-E9E5-47F1-B5AD-B1AEEC2CEEA7} = {38805256-453C-419E-8D46-446F61631212}
		{70F36D8A-0722-4F5C-8382-2E469FC92440} = {77586D4A-C976-4543-803E-1D4AB0E684DB}
		{75B41C0E-3105-4478-8FA5-1C12D732912E} = {38805256-453C-419E-8D46-446F61631212}
		{C512B745-AE54-480F-8157-B680E09FAF70} = {BF60BC93-E09B-4E5F-9D85-95A519479D54}
		{2846E56D-01B8-448F-8E51-E0C2D8B5CE5C} = {77586D4A-C976-4543-803E-1D4AB0E684DB}
		{68C980A5-2268-4208-9548-C550243E26BE} = {BF60BC93-E09B-4E5F-9D85-95A519479D54}
		{9844813A-CCAC-43CF-928F-0EF95935837D} = {B7C268B0-2960-4510-9BF5-9801CEF60945}
	EndGlobalSection
	GlobalSection(ExtensibilityGlobals) = postSolution
		SolutionGuid = {8B36D7B1-CD69-44C5-8E57-DE46AC18C1F7}
	EndGlobalSection
EndGlobal
