
Microsoft Visual Studio Solution File, Format Version 12.00
# Visual Studio Version 17
VisualStudioVersion = 17.0.31903.59
MinimumVisualStudioVersion = 10.0.40219.1
Project("{9A19103F-16F7-4668-BE54-9A1E7A4F7556}") = "ZmqServer", "ZmqServer\ZmqServer.csproj", "{51C11C89-1CB9-491A-B3CE-32B6DB434354}"
EndProject
Project("{9A19103F-16F7-4668-BE54-9A1E7A4F7556}") = "ZmqClient", "ZmqClient\ZmqClient.csproj", "{EE02502C-9172-431D-BBF4-5274EF84A7C8}"
EndProject
Global
	GlobalSection(SolutionConfigurationPlatforms) = preSolution
		Debug|Any CPU = Debug|Any CPU
		Release|Any CPU = Release|Any CPU
	EndGlobalSection
	GlobalSection(ProjectConfigurationPlatforms) = postSolution
		{51C11C89-1CB9-491A-B3CE-32B6DB434354}.Debug|Any CPU.ActiveCfg = Debug|Any CPU
		{51C11C89-1CB9-491A-B3CE-32B6DB434354}.Debug|Any CPU.Build.0 = Debug|Any CPU
		{51C11C89-1CB9-491A-B3CE-32B6DB434354}.Release|Any CPU.ActiveCfg = Release|Any CPU
		{51C11C89-1CB9-491A-B3CE-32B6DB434354}.Release|Any CPU.Build.0 = Release|Any CPU
		{EE02502C-9172-431D-BBF4-5274EF84A7C8}.Debug|Any CPU.ActiveCfg = Debug|Any CPU
		{EE02502C-9172-431D-BBF4-5274EF84A7C8}.Debug|Any CPU.Build.0 = Debug|Any CPU
		{EE02502C-9172-431D-BBF4-5274EF84A7C8}.Release|Any CPU.ActiveCfg = Release|Any CPU
		{EE02502C-9172-431D-BBF4-5274EF84A7C8}.Release|Any CPU.Build.0 = Release|Any CPU
	EndGlobalSection
	GlobalSection(SolutionProperties) = preSolution
		HideSolutionNode = FALSE
	EndGlobalSection
EndGlobal
