
Microsoft Visual Studio Solution File, Format Version 12.00
# Visual Studio Version 17
VisualStudioVersion = 17.0.31903.59
MinimumVisualStudioVersion = 10.0.40219.1
Project("{9A19103F-16F7-4668-BE54-9A1E7A4F7556}") = "Dual.Common.Core", "Common\Dual.Common.Core\Dual.Common.Core.csproj", "{158828DF-DA3C-4C97-A05B-AF9584F83E05}"
EndProject
Project("{9A19103F-16F7-4668-BE54-9A1E7A4F7556}") = "Dual.Common.Drawing", "Common\Dual.Common.Drawing\Dual.Common.Drawing.csproj", "{DC1388FB-8BCF-4B85-B35D-0D4129A3825B}"
EndProject
Project("{9A19103F-16F7-4668-BE54-9A1E7A4F7556}") = "Dual.Common.IonicZip", "Common\Dual.Common.IonicZip\Dual.Common.IonicZip.csproj", "{462373FE-7F7C-45A1-8158-CB85AB0CF19A}"
EndProject
Project("{9A19103F-16F7-4668-BE54-9A1E7A4F7556}") = "Dual.Common.Winform", "Windows\Dual.Common.Winform\Dual.Common.Winform.csproj", "{614E8A7E-182B-4137-A080-1699ADEB04DF}"
EndProject
Project("{9A19103F-16F7-4668-BE54-9A1E7A4F7556}") = "Dual.Common.Resources", "Windows\Dual.Common.Resources\Dual.Common.Resources.csproj", "{BBE0CA83-3425-4032-8E78-4293FDA18808}"
EndProject
Project("{9A19103F-16F7-4668-BE54-9A1E7A4F7556}") = "Dual.Common.Akka", "Common\Dual.Common.Akka\Dual.Common.Akka.csproj", "{6C362E08-56D4-4393-BD08-05684FA60D46}"
EndProject
Project("{6EC3EE1D-3C4E-46DD-8F32-0CC8E7565705}") = "Dual.Common.Core.FS", "Common\Dual.Common.Core.FS\Dual.Common.Core.FS.fsproj", "{B0CA31C9-AB5F-42CB-931F-14FB00A9CB01}"
EndProject
Project("{9A19103F-16F7-4668-BE54-9A1E7A4F7556}") = "Dual.Common.Utils", "Common\Dual.Common.Utils\Dual.Common.Utils.csproj", "{6FF1D4AD-41E4-4703-AD38-80F3D0A93C50}"
EndProject
Project("{2150E333-8FDC-42A3-9474-1A3956D46DE8}") = "Web", "Web", "{18D77AB2-CAB0-4BBA-A40E-6588C1EE7FAD}"
EndProject
Project("{9A19103F-16F7-4668-BE54-9A1E7A4F7556}") = "Dual.Web.Blazor.Client", "Web\Dual.Web.Blazor.Client\Dual.Web.Blazor.Client.csproj", "{3F97D195-A723-4B3E-9D95-8F7C0AA6B50F}"
EndProject
Project("{9A19103F-16F7-4668-BE54-9A1E7A4F7556}") = "Dual.Web.Blazor", "Web\Dual.Web.Blazor\Dual.Web.Blazor.csproj", "{3515F90E-572A-4616-B1C6-30437E3C9966}"
EndProject
Project("{9A19103F-16F7-4668-BE54-9A1E7A4F7556}") = "Dual.Web.Blazor.Client.Canvas2d", "Web\Dual.Web.Blazor.Client.Canvas2d\Dual.Web.Blazor.Client.Canvas2d.csproj", "{CC64C83D-FB59-484E-A2FA-3339FFCCF9DB}"
EndProject
Project("{9A19103F-16F7-4668-BE54-9A1E7A4F7556}") = "Dual.Common.Db", "Common\Dual.Common.Db\Dual.Common.Db.csproj", "{731D8976-6154-45B1-AC6C-C687AF7F7797}"
EndProject
Project("{9A19103F-16F7-4668-BE54-9A1E7A4F7556}") = "Dual.Common.AppSettings", "Common\Dual.Common.AppSettings\Dual.Common.AppSettings.csproj", "{B96F74DE-81B0-4D1E-A0F1-EF71DDDB705C}"
EndProject
Project("{9A19103F-16F7-4668-BE54-9A1E7A4F7556}") = "Dual.Web.Server", "Web\Dual.Web.Server\Dual.Web.Server.csproj", "{23703AD2-8072-4BC9-BDE4-15B42FA451E5}"
EndProject
Project("{9A19103F-16F7-4668-BE54-9A1E7A4F7556}") = "All.Nuget.Loader", "All.Nuget.Loader\All.Nuget.Loader.csproj", "{4C03D631-696D-436A-A99F-DB8071F83B6A}"
EndProject
Project("{6EC3EE1D-3C4E-46DD-8F32-0CC8E7565705}") = "Dual.Common.Base.FS", "Common\Dual.Common.Base.FS\Dual.Common.Base.FS.fsproj", "{D556C314-50BD-44B9-8317-BE256DACBF45}"
EndProject
Project("{9A19103F-16F7-4668-BE54-9A1E7A4F7556}") = "Dual.Common.Base.CS", "Common\Dual.Common.Base.CS\Dual.Common.Base.CS.csproj", "{9A09F754-97E3-4E55-9EF4-3137D3B9D3BC}"
EndProject
Project("{2150E333-8FDC-42A3-9474-1A3956D46DE8}") = "UnitTest", "UnitTest", "{A4BFCE0E-C74B-4647-B2EA-45F7D971A7E6}"
EndProject
Project("{2150E333-8FDC-42A3-9474-1A3956D46DE8}") = "PLC", "PLC", "{AF72F0AA-6826-4395-830F-47A5FC30E5FE}"
EndProject
Project("{6EC3EE1D-3C4E-46DD-8F32-0CC8E7565705}") = "Dual.PLC.TagParser.FS", "PLC\Dual.PLC.TagParser.FS\Dual.PLC.TagParser.FS.fsproj", "{19336214-D9FA-4411-8C65-70DB75978645}"
EndProject
Project("{6EC3EE1D-3C4E-46DD-8F32-0CC8E7565705}") = "UnitTest.Nuget.Common", "UnitTest\UnitTest.Nuget.Common\UnitTest.Nuget.Common.fsproj", "{231FD3E0-5622-4A88-A179-0BBDAB9A6E01}"
EndProject
Project("{9A19103F-16F7-4668-BE54-9A1E7A4F7556}") = "Dual.PLC.Common", "PLC\Dual.PLC.Common\Dual.PLC.Common.csproj", "{69268779-DB0F-45DE-834B-F9655B8BD8F0}"
EndProject
Project("{6EC3EE1D-3C4E-46DD-8F32-0CC8E7565705}") = "Dual.PLC.LS.FS", "PLC\Dual.PLC.LS.FS\Dual.PLC.LS.FS.fsproj", "{D26B8502-A679-4670-AB86-9F293779C39B}"
EndProject
Project("{6EC3EE1D-3C4E-46DD-8F32-0CC8E7565705}") = "Dual.Common.UnitTest.FS", "Common\Dual.Common.UnitTest.FS\Dual.Common.UnitTest.FS.fsproj", "{419673BD-B4AE-49E2-8037-0DDD8236E71E}"
EndProject
Project("{9A19103F-16F7-4668-BE54-9A1E7A4F7556}") = "UnitTest.Nuget.Common.CS", "UnitTest\UnitTest.Nuget.Common.CS\UnitTest.Nuget.Common.CS.csproj", "{7DCA781B-ED01-43E4-9647-8A311BBF57BA}"
EndProject
Project("{FAE04EC0-301F-11D3-BF4B-00C04F79EFBC}") = "Dual.Common.Windows", "Windows\Dual.Common.Windows\Dual.Common.Windows.csproj", "{936BE793-B312-4FA4-BD63-C62E8711078A}"
EndProject
Project("{F2A71F9B-5D33-465A-A702-920D77279786}") = "Dual.PLC.LS.XgCOM.FS", "PLC\Dual.PLC.LS.XgCOM.FS\Dual.PLC.LS.XgCOM.FS.fsproj", "{C7D816E0-6010-4FAF-A754-9B3C2FC3B28C}"
EndProject
Project("{FAE04EC0-301F-11D3-BF4B-00C04F79EFBC}") = "Dual.PLC.LS.XgCOM.CS.TEST", "PLC\Dual.PLC.LS.XgCOM.CS.TEST\Dual.PLC.LS.XgCOM.CS.TEST.csproj", "{823DE7D5-9506-41A3-8C03-B6293714D262}"
EndProject
Global
	GlobalSection(SolutionConfigurationPlatforms) = preSolution
		Debug|Any CPU = Debug|Any CPU
		Debug|x64 = Debug|x64
		Debug|x86 = Debug|x86
		Release|Any CPU = Release|Any CPU
		Release|x64 = Release|x64
		Release|x86 = Release|x86
	EndGlobalSection
	GlobalSection(ProjectConfigurationPlatforms) = postSolution
		{158828DF-DA3C-4C97-A05B-AF9584F83E05}.Debug|Any CPU.ActiveCfg = Debug|Any CPU
		{158828DF-DA3C-4C97-A05B-AF9584F83E05}.Debug|Any CPU.Build.0 = Debug|Any CPU
		{158828DF-DA3C-4C97-A05B-AF9584F83E05}.Debug|x64.ActiveCfg = Debug|Any CPU
		{158828DF-DA3C-4C97-A05B-AF9584F83E05}.Debug|x64.Build.0 = Debug|Any CPU
		{158828DF-DA3C-4C97-A05B-AF9584F83E05}.Debug|x86.ActiveCfg = Debug|Any CPU
		{158828DF-DA3C-4C97-A05B-AF9584F83E05}.Debug|x86.Build.0 = Debug|Any CPU
		{158828DF-DA3C-4C97-A05B-AF9584F83E05}.Release|Any CPU.ActiveCfg = Release|Any CPU
		{158828DF-DA3C-4C97-A05B-AF9584F83E05}.Release|Any CPU.Build.0 = Release|Any CPU
		{158828DF-DA3C-4C97-A05B-AF9584F83E05}.Release|x64.ActiveCfg = Release|Any CPU
		{158828DF-DA3C-4C97-A05B-AF9584F83E05}.Release|x64.Build.0 = Release|Any CPU
		{158828DF-DA3C-4C97-A05B-AF9584F83E05}.Release|x86.ActiveCfg = Release|Any CPU
		{158828DF-DA3C-4C97-A05B-AF9584F83E05}.Release|x86.Build.0 = Release|Any CPU
		{DC1388FB-8BCF-4B85-B35D-0D4129A3825B}.Debug|Any CPU.ActiveCfg = Debug|Any CPU
		{DC1388FB-8BCF-4B85-B35D-0D4129A3825B}.Debug|Any CPU.Build.0 = Debug|Any CPU
		{DC1388FB-8BCF-4B85-B35D-0D4129A3825B}.Debug|x64.ActiveCfg = Debug|Any CPU
		{DC1388FB-8BCF-4B85-B35D-0D4129A3825B}.Debug|x64.Build.0 = Debug|Any CPU
		{DC1388FB-8BCF-4B85-B35D-0D4129A3825B}.Debug|x86.ActiveCfg = Debug|Any CPU
		{DC1388FB-8BCF-4B85-B35D-0D4129A3825B}.Debug|x86.Build.0 = Debug|Any CPU
		{DC1388FB-8BCF-4B85-B35D-0D4129A3825B}.Release|Any CPU.ActiveCfg = Release|Any CPU
		{DC1388FB-8BCF-4B85-B35D-0D4129A3825B}.Release|Any CPU.Build.0 = Release|Any CPU
		{DC1388FB-8BCF-4B85-B35D-0D4129A3825B}.Release|x64.ActiveCfg = Release|Any CPU
		{DC1388FB-8BCF-4B85-B35D-0D4129A3825B}.Release|x64.Build.0 = Release|Any CPU
		{DC1388FB-8BCF-4B85-B35D-0D4129A3825B}.Release|x86.ActiveCfg = Release|Any CPU
		{DC1388FB-8BCF-4B85-B35D-0D4129A3825B}.Release|x86.Build.0 = Release|Any CPU
		{462373FE-7F7C-45A1-8158-CB85AB0CF19A}.Debug|Any CPU.ActiveCfg = Debug|Any CPU
		{462373FE-7F7C-45A1-8158-CB85AB0CF19A}.Debug|Any CPU.Build.0 = Debug|Any CPU
		{462373FE-7F7C-45A1-8158-CB85AB0CF19A}.Debug|x64.ActiveCfg = Debug|Any CPU
		{462373FE-7F7C-45A1-8158-CB85AB0CF19A}.Debug|x64.Build.0 = Debug|Any CPU
		{462373FE-7F7C-45A1-8158-CB85AB0CF19A}.Debug|x86.ActiveCfg = Debug|Any CPU
		{462373FE-7F7C-45A1-8158-CB85AB0CF19A}.Debug|x86.Build.0 = Debug|Any CPU
		{462373FE-7F7C-45A1-8158-CB85AB0CF19A}.Release|Any CPU.ActiveCfg = Release|Any CPU
		{462373FE-7F7C-45A1-8158-CB85AB0CF19A}.Release|Any CPU.Build.0 = Release|Any CPU
		{462373FE-7F7C-45A1-8158-CB85AB0CF19A}.Release|x64.ActiveCfg = Release|Any CPU
		{462373FE-7F7C-45A1-8158-CB85AB0CF19A}.Release|x64.Build.0 = Release|Any CPU
		{462373FE-7F7C-45A1-8158-CB85AB0CF19A}.Release|x86.ActiveCfg = Release|Any CPU
		{462373FE-7F7C-45A1-8158-CB85AB0CF19A}.Release|x86.Build.0 = Release|Any CPU
		{614E8A7E-182B-4137-A080-1699ADEB04DF}.Debug|Any CPU.ActiveCfg = Debug|Any CPU
		{614E8A7E-182B-4137-A080-1699ADEB04DF}.Debug|Any CPU.Build.0 = Debug|Any CPU
		{614E8A7E-182B-4137-A080-1699ADEB04DF}.Debug|x64.ActiveCfg = Debug|Any CPU
		{614E8A7E-182B-4137-A080-1699ADEB04DF}.Debug|x64.Build.0 = Debug|Any CPU
		{614E8A7E-182B-4137-A080-1699ADEB04DF}.Debug|x86.ActiveCfg = Debug|Any CPU
		{614E8A7E-182B-4137-A080-1699ADEB04DF}.Debug|x86.Build.0 = Debug|Any CPU
		{614E8A7E-182B-4137-A080-1699ADEB04DF}.Release|Any CPU.ActiveCfg = Release|Any CPU
		{614E8A7E-182B-4137-A080-1699ADEB04DF}.Release|Any CPU.Build.0 = Release|Any CPU
		{614E8A7E-182B-4137-A080-1699ADEB04DF}.Release|x64.ActiveCfg = Release|Any CPU
		{614E8A7E-182B-4137-A080-1699ADEB04DF}.Release|x64.Build.0 = Release|Any CPU
		{614E8A7E-182B-4137-A080-1699ADEB04DF}.Release|x86.ActiveCfg = Release|Any CPU
		{614E8A7E-182B-4137-A080-1699ADEB04DF}.Release|x86.Build.0 = Release|Any CPU
		{BBE0CA83-3425-4032-8E78-4293FDA18808}.Debug|Any CPU.ActiveCfg = Debug|Any CPU
		{BBE0CA83-3425-4032-8E78-4293FDA18808}.Debug|Any CPU.Build.0 = Debug|Any CPU
		{BBE0CA83-3425-4032-8E78-4293FDA18808}.Debug|x64.ActiveCfg = Debug|Any CPU
		{BBE0CA83-3425-4032-8E78-4293FDA18808}.Debug|x64.Build.0 = Debug|Any CPU
		{BBE0CA83-3425-4032-8E78-4293FDA18808}.Debug|x86.ActiveCfg = Debug|Any CPU
		{BBE0CA83-3425-4032-8E78-4293FDA18808}.Debug|x86.Build.0 = Debug|Any CPU
		{BBE0CA83-3425-4032-8E78-4293FDA18808}.Release|Any CPU.ActiveCfg = Release|Any CPU
		{BBE0CA83-3425-4032-8E78-4293FDA18808}.Release|Any CPU.Build.0 = Release|Any CPU
		{BBE0CA83-3425-4032-8E78-4293FDA18808}.Release|x64.ActiveCfg = Release|Any CPU
		{BBE0CA83-3425-4032-8E78-4293FDA18808}.Release|x64.Build.0 = Release|Any CPU
		{BBE0CA83-3425-4032-8E78-4293FDA18808}.Release|x86.ActiveCfg = Release|Any CPU
		{BBE0CA83-3425-4032-8E78-4293FDA18808}.Release|x86.Build.0 = Release|Any CPU
		{6C362E08-56D4-4393-BD08-05684FA60D46}.Debug|Any CPU.ActiveCfg = Debug|Any CPU
		{6C362E08-56D4-4393-BD08-05684FA60D46}.Debug|Any CPU.Build.0 = Debug|Any CPU
		{6C362E08-56D4-4393-BD08-05684FA60D46}.Debug|x64.ActiveCfg = Debug|Any CPU
		{6C362E08-56D4-4393-BD08-05684FA60D46}.Debug|x64.Build.0 = Debug|Any CPU
		{6C362E08-56D4-4393-BD08-05684FA60D46}.Debug|x86.ActiveCfg = Debug|Any CPU
		{6C362E08-56D4-4393-BD08-05684FA60D46}.Debug|x86.Build.0 = Debug|Any CPU
		{6C362E08-56D4-4393-BD08-05684FA60D46}.Release|Any CPU.ActiveCfg = Release|Any CPU
		{6C362E08-56D4-4393-BD08-05684FA60D46}.Release|Any CPU.Build.0 = Release|Any CPU
		{6C362E08-56D4-4393-BD08-05684FA60D46}.Release|x64.ActiveCfg = Release|Any CPU
		{6C362E08-56D4-4393-BD08-05684FA60D46}.Release|x64.Build.0 = Release|Any CPU
		{6C362E08-56D4-4393-BD08-05684FA60D46}.Release|x86.ActiveCfg = Release|Any CPU
		{6C362E08-56D4-4393-BD08-05684FA60D46}.Release|x86.Build.0 = Release|Any CPU
		{B0CA31C9-AB5F-42CB-931F-14FB00A9CB01}.Debug|Any CPU.ActiveCfg = Debug|Any CPU
		{B0CA31C9-AB5F-42CB-931F-14FB00A9CB01}.Debug|Any CPU.Build.0 = Debug|Any CPU
		{B0CA31C9-AB5F-42CB-931F-14FB00A9CB01}.Debug|x64.ActiveCfg = Debug|Any CPU
		{B0CA31C9-AB5F-42CB-931F-14FB00A9CB01}.Debug|x64.Build.0 = Debug|Any CPU
		{B0CA31C9-AB5F-42CB-931F-14FB00A9CB01}.Debug|x86.ActiveCfg = Debug|Any CPU
		{B0CA31C9-AB5F-42CB-931F-14FB00A9CB01}.Debug|x86.Build.0 = Debug|Any CPU
		{B0CA31C9-AB5F-42CB-931F-14FB00A9CB01}.Release|Any CPU.ActiveCfg = Release|Any CPU
		{B0CA31C9-AB5F-42CB-931F-14FB00A9CB01}.Release|Any CPU.Build.0 = Release|Any CPU
		{B0CA31C9-AB5F-42CB-931F-14FB00A9CB01}.Release|x64.ActiveCfg = Release|Any CPU
		{B0CA31C9-AB5F-42CB-931F-14FB00A9CB01}.Release|x64.Build.0 = Release|Any CPU
		{B0CA31C9-AB5F-42CB-931F-14FB00A9CB01}.Release|x86.ActiveCfg = Release|Any CPU
		{B0CA31C9-AB5F-42CB-931F-14FB00A9CB01}.Release|x86.Build.0 = Release|Any CPU
		{6FF1D4AD-41E4-4703-AD38-80F3D0A93C50}.Debug|Any CPU.ActiveCfg = Debug|Any CPU
		{6FF1D4AD-41E4-4703-AD38-80F3D0A93C50}.Debug|Any CPU.Build.0 = Debug|Any CPU
		{6FF1D4AD-41E4-4703-AD38-80F3D0A93C50}.Debug|x64.ActiveCfg = Debug|Any CPU
		{6FF1D4AD-41E4-4703-AD38-80F3D0A93C50}.Debug|x64.Build.0 = Debug|Any CPU
		{6FF1D4AD-41E4-4703-AD38-80F3D0A93C50}.Debug|x86.ActiveCfg = Debug|Any CPU
		{6FF1D4AD-41E4-4703-AD38-80F3D0A93C50}.Debug|x86.Build.0 = Debug|Any CPU
		{6FF1D4AD-41E4-4703-AD38-80F3D0A93C50}.Release|Any CPU.ActiveCfg = Release|Any CPU
		{6FF1D4AD-41E4-4703-AD38-80F3D0A93C50}.Release|Any CPU.Build.0 = Release|Any CPU
		{6FF1D4AD-41E4-4703-AD38-80F3D0A93C50}.Release|x64.ActiveCfg = Release|Any CPU
		{6FF1D4AD-41E4-4703-AD38-80F3D0A93C50}.Release|x64.Build.0 = Release|Any CPU
		{6FF1D4AD-41E4-4703-AD38-80F3D0A93C50}.Release|x86.ActiveCfg = Release|Any CPU
		{6FF1D4AD-41E4-4703-AD38-80F3D0A93C50}.Release|x86.Build.0 = Release|Any CPU
		{3F97D195-A723-4B3E-9D95-8F7C0AA6B50F}.Debug|Any CPU.ActiveCfg = Debug|Any CPU
		{3F97D195-A723-4B3E-9D95-8F7C0AA6B50F}.Debug|Any CPU.Build.0 = Debug|Any CPU
		{3F97D195-A723-4B3E-9D95-8F7C0AA6B50F}.Debug|x64.ActiveCfg = Debug|Any CPU
		{3F97D195-A723-4B3E-9D95-8F7C0AA6B50F}.Debug|x64.Build.0 = Debug|Any CPU
		{3F97D195-A723-4B3E-9D95-8F7C0AA6B50F}.Debug|x86.ActiveCfg = Debug|x86
		{3F97D195-A723-4B3E-9D95-8F7C0AA6B50F}.Debug|x86.Build.0 = Debug|x86
		{3F97D195-A723-4B3E-9D95-8F7C0AA6B50F}.Release|Any CPU.ActiveCfg = Release|Any CPU
		{3F97D195-A723-4B3E-9D95-8F7C0AA6B50F}.Release|Any CPU.Build.0 = Release|Any CPU
		{3F97D195-A723-4B3E-9D95-8F7C0AA6B50F}.Release|x64.ActiveCfg = Release|Any CPU
		{3F97D195-A723-4B3E-9D95-8F7C0AA6B50F}.Release|x64.Build.0 = Release|Any CPU
		{3F97D195-A723-4B3E-9D95-8F7C0AA6B50F}.Release|x86.ActiveCfg = Release|x86
		{3F97D195-A723-4B3E-9D95-8F7C0AA6B50F}.Release|x86.Build.0 = Release|x86
		{3515F90E-572A-4616-B1C6-30437E3C9966}.Debug|Any CPU.ActiveCfg = Debug|Any CPU
		{3515F90E-572A-4616-B1C6-30437E3C9966}.Debug|Any CPU.Build.0 = Debug|Any CPU
		{3515F90E-572A-4616-B1C6-30437E3C9966}.Debug|x64.ActiveCfg = Debug|Any CPU
		{3515F90E-572A-4616-B1C6-30437E3C9966}.Debug|x64.Build.0 = Debug|Any CPU
		{3515F90E-572A-4616-B1C6-30437E3C9966}.Debug|x86.ActiveCfg = Debug|x86
		{3515F90E-572A-4616-B1C6-30437E3C9966}.Debug|x86.Build.0 = Debug|x86
		{3515F90E-572A-4616-B1C6-30437E3C9966}.Release|Any CPU.ActiveCfg = Release|Any CPU
		{3515F90E-572A-4616-B1C6-30437E3C9966}.Release|Any CPU.Build.0 = Release|Any CPU
		{3515F90E-572A-4616-B1C6-30437E3C9966}.Release|x64.ActiveCfg = Release|Any CPU
		{3515F90E-572A-4616-B1C6-30437E3C9966}.Release|x64.Build.0 = Release|Any CPU
		{3515F90E-572A-4616-B1C6-30437E3C9966}.Release|x86.ActiveCfg = Release|x86
		{3515F90E-572A-4616-B1C6-30437E3C9966}.Release|x86.Build.0 = Release|x86
		{CC64C83D-FB59-484E-A2FA-3339FFCCF9DB}.Debug|Any CPU.ActiveCfg = Debug|Any CPU
		{CC64C83D-FB59-484E-A2FA-3339FFCCF9DB}.Debug|Any CPU.Build.0 = Debug|Any CPU
		{CC64C83D-FB59-484E-A2FA-3339FFCCF9DB}.Debug|x64.ActiveCfg = Debug|Any CPU
		{CC64C83D-FB59-484E-A2FA-3339FFCCF9DB}.Debug|x64.Build.0 = Debug|Any CPU
		{CC64C83D-FB59-484E-A2FA-3339FFCCF9DB}.Debug|x86.ActiveCfg = Debug|x86
		{CC64C83D-FB59-484E-A2FA-3339FFCCF9DB}.Debug|x86.Build.0 = Debug|x86
		{CC64C83D-FB59-484E-A2FA-3339FFCCF9DB}.Release|Any CPU.ActiveCfg = Release|Any CPU
		{CC64C83D-FB59-484E-A2FA-3339FFCCF9DB}.Release|Any CPU.Build.0 = Release|Any CPU
		{CC64C83D-FB59-484E-A2FA-3339FFCCF9DB}.Release|x64.ActiveCfg = Release|Any CPU
		{CC64C83D-FB59-484E-A2FA-3339FFCCF9DB}.Release|x64.Build.0 = Release|Any CPU
		{CC64C83D-FB59-484E-A2FA-3339FFCCF9DB}.Release|x86.ActiveCfg = Release|x86
		{CC64C83D-FB59-484E-A2FA-3339FFCCF9DB}.Release|x86.Build.0 = Release|x86
		{731D8976-6154-45B1-AC6C-C687AF7F7797}.Debug|Any CPU.ActiveCfg = Debug|Any CPU
		{731D8976-6154-45B1-AC6C-C687AF7F7797}.Debug|Any CPU.Build.0 = Debug|Any CPU
		{731D8976-6154-45B1-AC6C-C687AF7F7797}.Debug|x64.ActiveCfg = Debug|Any CPU
		{731D8976-6154-45B1-AC6C-C687AF7F7797}.Debug|x64.Build.0 = Debug|Any CPU
		{731D8976-6154-45B1-AC6C-C687AF7F7797}.Debug|x86.ActiveCfg = Debug|x86
		{731D8976-6154-45B1-AC6C-C687AF7F7797}.Debug|x86.Build.0 = Debug|x86
		{731D8976-6154-45B1-AC6C-C687AF7F7797}.Release|Any CPU.ActiveCfg = Release|Any CPU
		{731D8976-6154-45B1-AC6C-C687AF7F7797}.Release|Any CPU.Build.0 = Release|Any CPU
		{731D8976-6154-45B1-AC6C-C687AF7F7797}.Release|x64.ActiveCfg = Release|Any CPU
		{731D8976-6154-45B1-AC6C-C687AF7F7797}.Release|x64.Build.0 = Release|Any CPU
		{731D8976-6154-45B1-AC6C-C687AF7F7797}.Release|x86.ActiveCfg = Release|x86
		{731D8976-6154-45B1-AC6C-C687AF7F7797}.Release|x86.Build.0 = Release|x86
		{B96F74DE-81B0-4D1E-A0F1-EF71DDDB705C}.Debug|Any CPU.ActiveCfg = Debug|Any CPU
		{B96F74DE-81B0-4D1E-A0F1-EF71DDDB705C}.Debug|Any CPU.Build.0 = Debug|Any CPU
		{B96F74DE-81B0-4D1E-A0F1-EF71DDDB705C}.Debug|x64.ActiveCfg = Debug|Any CPU
		{B96F74DE-81B0-4D1E-A0F1-EF71DDDB705C}.Debug|x64.Build.0 = Debug|Any CPU
		{B96F74DE-81B0-4D1E-A0F1-EF71DDDB705C}.Debug|x86.ActiveCfg = Debug|Any CPU
		{B96F74DE-81B0-4D1E-A0F1-EF71DDDB705C}.Debug|x86.Build.0 = Debug|Any CPU
		{B96F74DE-81B0-4D1E-A0F1-EF71DDDB705C}.Release|Any CPU.ActiveCfg = Release|Any CPU
		{B96F74DE-81B0-4D1E-A0F1-EF71DDDB705C}.Release|Any CPU.Build.0 = Release|Any CPU
		{B96F74DE-81B0-4D1E-A0F1-EF71DDDB705C}.Release|x64.ActiveCfg = Release|Any CPU
		{B96F74DE-81B0-4D1E-A0F1-EF71DDDB705C}.Release|x64.Build.0 = Release|Any CPU
		{B96F74DE-81B0-4D1E-A0F1-EF71DDDB705C}.Release|x86.ActiveCfg = Release|Any CPU
		{B96F74DE-81B0-4D1E-A0F1-EF71DDDB705C}.Release|x86.Build.0 = Release|Any CPU
		{23703AD2-8072-4BC9-BDE4-15B42FA451E5}.Debug|Any CPU.ActiveCfg = Debug|Any CPU
		{23703AD2-8072-4BC9-BDE4-15B42FA451E5}.Debug|Any CPU.Build.0 = Debug|Any CPU
		{23703AD2-8072-4BC9-BDE4-15B42FA451E5}.Debug|x64.ActiveCfg = Debug|Any CPU
		{23703AD2-8072-4BC9-BDE4-15B42FA451E5}.Debug|x64.Build.0 = Debug|Any CPU
		{23703AD2-8072-4BC9-BDE4-15B42FA451E5}.Debug|x86.ActiveCfg = Debug|Any CPU
		{23703AD2-8072-4BC9-BDE4-15B42FA451E5}.Debug|x86.Build.0 = Debug|Any CPU
		{23703AD2-8072-4BC9-BDE4-15B42FA451E5}.Release|Any CPU.ActiveCfg = Release|Any CPU
		{23703AD2-8072-4BC9-BDE4-15B42FA451E5}.Release|Any CPU.Build.0 = Release|Any CPU
		{23703AD2-8072-4BC9-BDE4-15B42FA451E5}.Release|x64.ActiveCfg = Release|Any CPU
		{23703AD2-8072-4BC9-BDE4-15B42FA451E5}.Release|x64.Build.0 = Release|Any CPU
		{23703AD2-8072-4BC9-BDE4-15B42FA451E5}.Release|x86.ActiveCfg = Release|Any CPU
		{23703AD2-8072-4BC9-BDE4-15B42FA451E5}.Release|x86.Build.0 = Release|Any CPU
		{4C03D631-696D-436A-A99F-DB8071F83B6A}.Debug|Any CPU.ActiveCfg = Debug|Any CPU
		{4C03D631-696D-436A-A99F-DB8071F83B6A}.Debug|x64.ActiveCfg = Debug|Any CPU
		{4C03D631-696D-436A-A99F-DB8071F83B6A}.Debug|x64.Build.0 = Debug|Any CPU
		{4C03D631-696D-436A-A99F-DB8071F83B6A}.Debug|x86.ActiveCfg = Debug|Any CPU
		{4C03D631-696D-436A-A99F-DB8071F83B6A}.Debug|x86.Build.0 = Debug|Any CPU
		{4C03D631-696D-436A-A99F-DB8071F83B6A}.Release|Any CPU.ActiveCfg = Release|Any CPU
		{4C03D631-696D-436A-A99F-DB8071F83B6A}.Release|x64.ActiveCfg = Release|Any CPU
		{4C03D631-696D-436A-A99F-DB8071F83B6A}.Release|x64.Build.0 = Release|Any CPU
		{4C03D631-696D-436A-A99F-DB8071F83B6A}.Release|x86.ActiveCfg = Release|Any CPU
		{4C03D631-696D-436A-A99F-DB8071F83B6A}.Release|x86.Build.0 = Release|Any CPU
		{D556C314-50BD-44B9-8317-BE256DACBF45}.Debug|Any CPU.ActiveCfg = Debug|Any CPU
		{D556C314-50BD-44B9-8317-BE256DACBF45}.Debug|Any CPU.Build.0 = Debug|Any CPU
		{D556C314-50BD-44B9-8317-BE256DACBF45}.Debug|x64.ActiveCfg = Debug|Any CPU
		{D556C314-50BD-44B9-8317-BE256DACBF45}.Debug|x64.Build.0 = Debug|Any CPU
		{D556C314-50BD-44B9-8317-BE256DACBF45}.Debug|x86.ActiveCfg = Debug|Any CPU
		{D556C314-50BD-44B9-8317-BE256DACBF45}.Debug|x86.Build.0 = Debug|Any CPU
		{D556C314-50BD-44B9-8317-BE256DACBF45}.Release|Any CPU.ActiveCfg = Release|Any CPU
		{D556C314-50BD-44B9-8317-BE256DACBF45}.Release|Any CPU.Build.0 = Release|Any CPU
		{D556C314-50BD-44B9-8317-BE256DACBF45}.Release|x64.ActiveCfg = Release|Any CPU
		{D556C314-50BD-44B9-8317-BE256DACBF45}.Release|x64.Build.0 = Release|Any CPU
		{D556C314-50BD-44B9-8317-BE256DACBF45}.Release|x86.ActiveCfg = Release|Any CPU
		{D556C314-50BD-44B9-8317-BE256DACBF45}.Release|x86.Build.0 = Release|Any CPU
		{9A09F754-97E3-4E55-9EF4-3137D3B9D3BC}.Debug|Any CPU.ActiveCfg = Debug|Any CPU
		{9A09F754-97E3-4E55-9EF4-3137D3B9D3BC}.Debug|Any CPU.Build.0 = Debug|Any CPU
		{9A09F754-97E3-4E55-9EF4-3137D3B9D3BC}.Debug|x64.ActiveCfg = Debug|Any CPU
		{9A09F754-97E3-4E55-9EF4-3137D3B9D3BC}.Debug|x64.Build.0 = Debug|Any CPU
		{9A09F754-97E3-4E55-9EF4-3137D3B9D3BC}.Debug|x86.ActiveCfg = Debug|Any CPU
		{9A09F754-97E3-4E55-9EF4-3137D3B9D3BC}.Debug|x86.Build.0 = Debug|Any CPU
		{9A09F754-97E3-4E55-9EF4-3137D3B9D3BC}.Release|Any CPU.ActiveCfg = Release|Any CPU
		{9A09F754-97E3-4E55-9EF4-3137D3B9D3BC}.Release|Any CPU.Build.0 = Release|Any CPU
		{9A09F754-97E3-4E55-9EF4-3137D3B9D3BC}.Release|x64.ActiveCfg = Release|Any CPU
		{9A09F754-97E3-4E55-9EF4-3137D3B9D3BC}.Release|x64.Build.0 = Release|Any CPU
		{9A09F754-97E3-4E55-9EF4-3137D3B9D3BC}.Release|x86.ActiveCfg = Release|Any CPU
		{9A09F754-97E3-4E55-9EF4-3137D3B9D3BC}.Release|x86.Build.0 = Release|Any CPU
		{19336214-D9FA-4411-8C65-70DB75978645}.Debug|Any CPU.ActiveCfg = Debug|Any CPU
		{19336214-D9FA-4411-8C65-70DB75978645}.Debug|Any CPU.Build.0 = Debug|Any CPU
		{19336214-D9FA-4411-8C65-70DB75978645}.Debug|x64.ActiveCfg = Debug|Any CPU
		{19336214-D9FA-4411-8C65-70DB75978645}.Debug|x64.Build.0 = Debug|Any CPU
		{19336214-D9FA-4411-8C65-70DB75978645}.Debug|x86.ActiveCfg = Debug|Any CPU
		{19336214-D9FA-4411-8C65-70DB75978645}.Debug|x86.Build.0 = Debug|Any CPU
		{19336214-D9FA-4411-8C65-70DB75978645}.Release|Any CPU.ActiveCfg = Release|Any CPU
		{19336214-D9FA-4411-8C65-70DB75978645}.Release|Any CPU.Build.0 = Release|Any CPU
		{19336214-D9FA-4411-8C65-70DB75978645}.Release|x64.ActiveCfg = Release|Any CPU
		{19336214-D9FA-4411-8C65-70DB75978645}.Release|x64.Build.0 = Release|Any CPU
		{19336214-D9FA-4411-8C65-70DB75978645}.Release|x86.ActiveCfg = Release|Any CPU
		{19336214-D9FA-4411-8C65-70DB75978645}.Release|x86.Build.0 = Release|Any CPU
		{231FD3E0-5622-4A88-A179-0BBDAB9A6E01}.Debug|Any CPU.ActiveCfg = Debug|Any CPU
		{231FD3E0-5622-4A88-A179-0BBDAB9A6E01}.Debug|Any CPU.Build.0 = Debug|Any CPU
		{231FD3E0-5622-4A88-A179-0BBDAB9A6E01}.Debug|x64.ActiveCfg = Debug|Any CPU
		{231FD3E0-5622-4A88-A179-0BBDAB9A6E01}.Debug|x64.Build.0 = Debug|Any CPU
		{231FD3E0-5622-4A88-A179-0BBDAB9A6E01}.Debug|x86.ActiveCfg = Debug|Any CPU
		{231FD3E0-5622-4A88-A179-0BBDAB9A6E01}.Debug|x86.Build.0 = Debug|Any CPU
		{231FD3E0-5622-4A88-A179-0BBDAB9A6E01}.Release|Any CPU.ActiveCfg = Release|Any CPU
		{231FD3E0-5622-4A88-A179-0BBDAB9A6E01}.Release|Any CPU.Build.0 = Release|Any CPU
		{231FD3E0-5622-4A88-A179-0BBDAB9A6E01}.Release|x64.ActiveCfg = Release|Any CPU
		{231FD3E0-5622-4A88-A179-0BBDAB9A6E01}.Release|x64.Build.0 = Release|Any CPU
		{231FD3E0-5622-4A88-A179-0BBDAB9A6E01}.Release|x86.ActiveCfg = Release|Any CPU
		{231FD3E0-5622-4A88-A179-0BBDAB9A6E01}.Release|x86.Build.0 = Release|Any CPU
		{69268779-DB0F-45DE-834B-F9655B8BD8F0}.Debug|Any CPU.ActiveCfg = Debug|Any CPU
		{69268779-DB0F-45DE-834B-F9655B8BD8F0}.Debug|Any CPU.Build.0 = Debug|Any CPU
		{69268779-DB0F-45DE-834B-F9655B8BD8F0}.Debug|x64.ActiveCfg = Debug|Any CPU
		{69268779-DB0F-45DE-834B-F9655B8BD8F0}.Debug|x64.Build.0 = Debug|Any CPU
		{69268779-DB0F-45DE-834B-F9655B8BD8F0}.Debug|x86.ActiveCfg = Debug|Any CPU
		{69268779-DB0F-45DE-834B-F9655B8BD8F0}.Debug|x86.Build.0 = Debug|Any CPU
		{69268779-DB0F-45DE-834B-F9655B8BD8F0}.Release|Any CPU.ActiveCfg = Release|Any CPU
		{69268779-DB0F-45DE-834B-F9655B8BD8F0}.Release|Any CPU.Build.0 = Release|Any CPU
		{69268779-DB0F-45DE-834B-F9655B8BD8F0}.Release|x64.ActiveCfg = Release|Any CPU
		{69268779-DB0F-45DE-834B-F9655B8BD8F0}.Release|x64.Build.0 = Release|Any CPU
		{69268779-DB0F-45DE-834B-F9655B8BD8F0}.Release|x86.ActiveCfg = Release|Any CPU
		{69268779-DB0F-45DE-834B-F9655B8BD8F0}.Release|x86.Build.0 = Release|Any CPU
		{D26B8502-A679-4670-AB86-9F293779C39B}.Debug|Any CPU.ActiveCfg = Debug|Any CPU
		{D26B8502-A679-4670-AB86-9F293779C39B}.Debug|Any CPU.Build.0 = Debug|Any CPU
		{D26B8502-A679-4670-AB86-9F293779C39B}.Debug|x64.ActiveCfg = Debug|Any CPU
		{D26B8502-A679-4670-AB86-9F293779C39B}.Debug|x64.Build.0 = Debug|Any CPU
		{D26B8502-A679-4670-AB86-9F293779C39B}.Debug|x86.ActiveCfg = Debug|Any CPU
		{D26B8502-A679-4670-AB86-9F293779C39B}.Debug|x86.Build.0 = Debug|Any CPU
		{D26B8502-A679-4670-AB86-9F293779C39B}.Release|Any CPU.ActiveCfg = Release|Any CPU
		{D26B8502-A679-4670-AB86-9F293779C39B}.Release|Any CPU.Build.0 = Release|Any CPU
		{D26B8502-A679-4670-AB86-9F293779C39B}.Release|x64.ActiveCfg = Release|Any CPU
		{D26B8502-A679-4670-AB86-9F293779C39B}.Release|x64.Build.0 = Release|Any CPU
		{D26B8502-A679-4670-AB86-9F293779C39B}.Release|x86.ActiveCfg = Release|Any CPU
		{D26B8502-A679-4670-AB86-9F293779C39B}.Release|x86.Build.0 = Release|Any CPU
		{419673BD-B4AE-49E2-8037-0DDD8236E71E}.Debug|Any CPU.ActiveCfg = Debug|Any CPU
		{419673BD-B4AE-49E2-8037-0DDD8236E71E}.Debug|Any CPU.Build.0 = Debug|Any CPU
		{419673BD-B4AE-49E2-8037-0DDD8236E71E}.Debug|x64.ActiveCfg = Debug|Any CPU
		{419673BD-B4AE-49E2-8037-0DDD8236E71E}.Debug|x64.Build.0 = Debug|Any CPU
		{419673BD-B4AE-49E2-8037-0DDD8236E71E}.Debug|x86.ActiveCfg = Debug|Any CPU
		{419673BD-B4AE-49E2-8037-0DDD8236E71E}.Debug|x86.Build.0 = Debug|Any CPU
		{419673BD-B4AE-49E2-8037-0DDD8236E71E}.Release|Any CPU.ActiveCfg = Release|Any CPU
		{419673BD-B4AE-49E2-8037-0DDD8236E71E}.Release|Any CPU.Build.0 = Release|Any CPU
		{419673BD-B4AE-49E2-8037-0DDD8236E71E}.Release|x64.ActiveCfg = Release|Any CPU
		{419673BD-B4AE-49E2-8037-0DDD8236E71E}.Release|x64.Build.0 = Release|Any CPU
		{419673BD-B4AE-49E2-8037-0DDD8236E71E}.Release|x86.ActiveCfg = Release|Any CPU
		{419673BD-B4AE-49E2-8037-0DDD8236E71E}.Release|x86.Build.0 = Release|Any CPU
		{7DCA781B-ED01-43E4-9647-8A311BBF57BA}.Debug|Any CPU.ActiveCfg = Debug|Any CPU
		{7DCA781B-ED01-43E4-9647-8A311BBF57BA}.Debug|Any CPU.Build.0 = Debug|Any CPU
		{7DCA781B-ED01-43E4-9647-8A311BBF57BA}.Debug|x64.ActiveCfg = Debug|Any CPU
		{7DCA781B-ED01-43E4-9647-8A311BBF57BA}.Debug|x64.Build.0 = Debug|Any CPU
		{7DCA781B-ED01-43E4-9647-8A311BBF57BA}.Debug|x86.ActiveCfg = Debug|Any CPU
		{7DCA781B-ED01-43E4-9647-8A311BBF57BA}.Debug|x86.Build.0 = Debug|Any CPU
		{7DCA781B-ED01-43E4-9647-8A311BBF57BA}.Release|Any CPU.ActiveCfg = Release|Any CPU
		{7DCA781B-ED01-43E4-9647-8A311BBF57BA}.Release|Any CPU.Build.0 = Release|Any CPU
		{7DCA781B-ED01-43E4-9647-8A311BBF57BA}.Release|x64.ActiveCfg = Release|Any CPU
		{7DCA781B-ED01-43E4-9647-8A311BBF57BA}.Release|x64.Build.0 = Release|Any CPU
		{7DCA781B-ED01-43E4-9647-8A311BBF57BA}.Release|x86.ActiveCfg = Release|Any CPU
		{7DCA781B-ED01-43E4-9647-8A311BBF57BA}.Release|x86.Build.0 = Release|Any CPU
		{936BE793-B312-4FA4-BD63-C62E8711078A}.Debug|Any CPU.ActiveCfg = Debug|Any CPU
		{936BE793-B312-4FA4-BD63-C62E8711078A}.Debug|Any CPU.Build.0 = Debug|Any CPU
		{936BE793-B312-4FA4-BD63-C62E8711078A}.Debug|x64.ActiveCfg = Debug|Any CPU
		{936BE793-B312-4FA4-BD63-C62E8711078A}.Debug|x64.Build.0 = Debug|Any CPU
		{936BE793-B312-4FA4-BD63-C62E8711078A}.Debug|x86.ActiveCfg = Debug|Any CPU
		{936BE793-B312-4FA4-BD63-C62E8711078A}.Debug|x86.Build.0 = Debug|Any CPU
		{936BE793-B312-4FA4-BD63-C62E8711078A}.Release|Any CPU.ActiveCfg = Release|Any CPU
		{936BE793-B312-4FA4-BD63-C62E8711078A}.Release|Any CPU.Build.0 = Release|Any CPU
		{936BE793-B312-4FA4-BD63-C62E8711078A}.Release|x64.ActiveCfg = Release|Any CPU
		{936BE793-B312-4FA4-BD63-C62E8711078A}.Release|x64.Build.0 = Release|Any CPU
		{936BE793-B312-4FA4-BD63-C62E8711078A}.Release|x86.ActiveCfg = Release|Any CPU
		{936BE793-B312-4FA4-BD63-C62E8711078A}.Release|x86.Build.0 = Release|Any CPU
		{C7D816E0-6010-4FAF-A754-9B3C2FC3B28C}.Debug|Any CPU.ActiveCfg = Debug|Any CPU
		{C7D816E0-6010-4FAF-A754-9B3C2FC3B28C}.Debug|Any CPU.Build.0 = Debug|Any CPU
		{C7D816E0-6010-4FAF-A754-9B3C2FC3B28C}.Debug|x64.ActiveCfg = Debug|Any CPU
		{C7D816E0-6010-4FAF-A754-9B3C2FC3B28C}.Debug|x64.Build.0 = Debug|Any CPU
		{C7D816E0-6010-4FAF-A754-9B3C2FC3B28C}.Debug|x86.ActiveCfg = Debug|Any CPU
		{C7D816E0-6010-4FAF-A754-9B3C2FC3B28C}.Debug|x86.Build.0 = Debug|Any CPU
		{C7D816E0-6010-4FAF-A754-9B3C2FC3B28C}.Release|Any CPU.ActiveCfg = Release|Any CPU
		{C7D816E0-6010-4FAF-A754-9B3C2FC3B28C}.Release|Any CPU.Build.0 = Release|Any CPU
		{C7D816E0-6010-4FAF-A754-9B3C2FC3B28C}.Release|x64.ActiveCfg = Release|Any CPU
		{C7D816E0-6010-4FAF-A754-9B3C2FC3B28C}.Release|x64.Build.0 = Release|Any CPU
		{C7D816E0-6010-4FAF-A754-9B3C2FC3B28C}.Release|x86.ActiveCfg = Release|Any CPU
		{C7D816E0-6010-4FAF-A754-9B3C2FC3B28C}.Release|x86.Build.0 = Release|Any CPU
		{823DE7D5-9506-41A3-8C03-B6293714D262}.Debug|Any CPU.ActiveCfg = Debug|Any CPU
		{823DE7D5-9506-41A3-8C03-B6293714D262}.Debug|Any CPU.Build.0 = Debug|Any CPU
		{823DE7D5-9506-41A3-8C03-B6293714D262}.Debug|x64.ActiveCfg = Debug|Any CPU
		{823DE7D5-9506-41A3-8C03-B6293714D262}.Debug|x64.Build.0 = Debug|Any CPU
		{823DE7D5-9506-41A3-8C03-B6293714D262}.Debug|x86.ActiveCfg = Debug|Any CPU
		{823DE7D5-9506-41A3-8C03-B6293714D262}.Debug|x86.Build.0 = Debug|Any CPU
		{823DE7D5-9506-41A3-8C03-B6293714D262}.Release|Any CPU.ActiveCfg = Release|Any CPU
		{823DE7D5-9506-41A3-8C03-B6293714D262}.Release|Any CPU.Build.0 = Release|Any CPU
		{823DE7D5-9506-41A3-8C03-B6293714D262}.Release|x64.ActiveCfg = Release|Any CPU
		{823DE7D5-9506-41A3-8C03-B6293714D262}.Release|x64.Build.0 = Release|Any CPU
		{823DE7D5-9506-41A3-8C03-B6293714D262}.Release|x86.ActiveCfg = Release|Any CPU
		{823DE7D5-9506-41A3-8C03-B6293714D262}.Release|x86.Build.0 = Release|Any CPU
	EndGlobalSection
	GlobalSection(SolutionProperties) = preSolution
		HideSolutionNode = FALSE
	EndGlobalSection
	GlobalSection(NestedProjects) = preSolution
		{3F97D195-A723-4B3E-9D95-8F7C0AA6B50F} = {18D77AB2-CAB0-4BBA-A40E-6588C1EE7FAD}
		{3515F90E-572A-4616-B1C6-30437E3C9966} = {18D77AB2-CAB0-4BBA-A40E-6588C1EE7FAD}
		{CC64C83D-FB59-484E-A2FA-3339FFCCF9DB} = {18D77AB2-CAB0-4BBA-A40E-6588C1EE7FAD}
		{23703AD2-8072-4BC9-BDE4-15B42FA451E5} = {18D77AB2-CAB0-4BBA-A40E-6588C1EE7FAD}
		{19336214-D9FA-4411-8C65-70DB75978645} = {AF72F0AA-6826-4395-830F-47A5FC30E5FE}
		{231FD3E0-5622-4A88-A179-0BBDAB9A6E01} = {A4BFCE0E-C74B-4647-B2EA-45F7D971A7E6}
		{69268779-DB0F-45DE-834B-F9655B8BD8F0} = {AF72F0AA-6826-4395-830F-47A5FC30E5FE}
		{D26B8502-A679-4670-AB86-9F293779C39B} = {AF72F0AA-6826-4395-830F-47A5FC30E5FE}
		{7DCA781B-ED01-43E4-9647-8A311BBF57BA} = {A4BFCE0E-C74B-4647-B2EA-45F7D971A7E6}
		{C7D816E0-6010-4FAF-A754-9B3C2FC3B28C} = {AF72F0AA-6826-4395-830F-47A5FC30E5FE}
		{823DE7D5-9506-41A3-8C03-B6293714D262} = {AF72F0AA-6826-4395-830F-47A5FC30E5FE}
	EndGlobalSection
	GlobalSection(ExtensibilityGlobals) = postSolution
		SolutionGuid = {129AECC9-07CC-4283-B553-59715212DD38}
	EndGlobalSection
EndGlobal
