
Microsoft Visual Studio Solution File, Format Version 12.00
# Visual Studio Version 17
VisualStudioVersion = 17.7.34202.233
MinimumVisualStudioVersion = 10.0.40219.1
Project("{9A19103F-16F7-4668-BE54-9A1E7A4F7556}") = "DsWebApp.Server", "DsWebApp.Server\DsWebApp.Server.csproj", "{22F5214D-4938-447C-B57D-5840CC67AF96}"
EndProject
Project("{9A19103F-16F7-4668-BE54-9A1E7A4F7556}") = "DsWebApp.Client", "DsWebApp.Client\DsWebApp.Client.csproj", "{64249C27-51A4-4F78-8C32-3D6743DC91F1}"
EndProject
Project("{9A19103F-16F7-4668-BE54-9A1E7A4F7556}") = "DsWebApp.Shared", "DsWebApp.Shared\DsWebApp.Shared.csproj", "{544E5F06-B3EF-4919-9CAD-1A84AC83459B}"
EndProject
Global
	GlobalSection(SolutionConfigurationPlatforms) = preSolution
		Debug|Any CPU = Debug|Any CPU
		Release|Any CPU = Release|Any CPU
	EndGlobalSection
	GlobalSection(ProjectConfigurationPlatforms) = postSolution
		{22F5214D-4938-447C-B57D-5840CC67AF96}.Debug|Any CPU.ActiveCfg = Debug|Any CPU
		{22F5214D-4938-447C-B57D-5840CC67AF96}.Debug|Any CPU.Build.0 = Debug|Any CPU
		{22F5214D-4938-447C-B57D-5840CC67AF96}.Release|Any CPU.ActiveCfg = Release|Any CPU
		{22F5214D-4938-447C-B57D-5840CC67AF96}.Release|Any CPU.Build.0 = Release|Any CPU
		{64249C27-51A4-4F78-8C32-3D6743DC91F1}.Debug|Any CPU.ActiveCfg = Debug|Any CPU
		{64249C27-51A4-4F78-8C32-3D6743DC91F1}.Debug|Any CPU.Build.0 = Debug|Any CPU
		{64249C27-51A4-4F78-8C32-3D6743DC91F1}.Release|Any CPU.ActiveCfg = Release|Any CPU
		{64249C27-51A4-4F78-8C32-3D6743DC91F1}.Release|Any CPU.Build.0 = Release|Any CPU
		{544E5F06-B3EF-4919-9CAD-1A84AC83459B}.Debug|Any CPU.ActiveCfg = Debug|Any CPU
		{544E5F06-B3EF-4919-9CAD-1A84AC83459B}.Debug|Any CPU.Build.0 = Debug|Any CPU
		{544E5F06-B3EF-4919-9CAD-1A84AC83459B}.Release|Any CPU.ActiveCfg = Release|Any CPU
		{544E5F06-B3EF-4919-9CAD-1A84AC83459B}.Release|Any CPU.Build.0 = Release|Any CPU
	EndGlobalSection
	GlobalSection(SolutionProperties) = preSolution
		HideSolutionNode = FALSE
	EndGlobalSection
	GlobalSection(ExtensibilityGlobals) = postSolution
		SolutionGuid = {F7A78117-C64B-43DA-BAEC-AD1283E6B09E}
	EndGlobalSection
EndGlobal
